Microsoft Visual Studio Solution File, Format Version 10.00
# Visual Studio 2008
Project("{8BC9CEB8-8B4A-11D0-8D11-00A0C91BC942}") = "bootstrap", "D:/src/2008/qt/src/tools/bootstrap\bootstrap.vcproj", "{7D6049B5-5BD2-3F27-A2CE-978448B6B84A}"
EndProject
Project("{8BC9CEB8-8B4A-11D0-8D11-00A0C91BC942}") = "moc", "D:/src/2008/qt/src/tools/moc\moc.vcproj", "{D963B412-82C4-3044-9871-B03AE2F34B44}"
EndProject
Project("{8BC9CEB8-8B4A-11D0-8D11-00A0C91BC942}") = "rcc", "D:/src/2008/qt/src/tools/rcc\rcc.vcproj", "{69480185-6E28-3E51-888F-00DD481349A8}"
EndProject
Project("{8BC9CEB8-8B4A-11D0-8D11-00A0C91BC942}") = "uic", "D:/src/2008/qt/src/tools/uic\uic.vcproj", "{5194A4F1-E48D-376C-96B8-0D00E664B54E}"
EndProject
Project("{8BC9CEB8-8B4A-11D0-8D11-00A0C91BC942}") = "qtmain", "D:/src/2008/qt/src/winmain\qtmain.vcproj", "{FB7F251F-0758-33B1-B83A-CB521CE61C77}"
EndProject
Project("{8BC9CEB8-8B4A-11D0-8D11-00A0C91BC942}") = "QtCore", "D:/src/2008/qt/src/corelib\QtCore.vcproj", "{A43969B8-939C-347D-B601-370C7677428B}"
EndProject
Project("{8BC9CEB8-8B4A-11D0-8D11-00A0C91BC942}") = "QtXml", "D:/src/2008/qt/src/xml\QtXml.vcproj", "{DD50FC17-B173-34B1-B6CB-160F0AA5BA41}"
EndProject
Project("{8BC9CEB8-8B4A-11D0-8D11-00A0C91BC942}") = "QtNetwork", "D:/src/2008/qt/src/network\QtNetwork.vcproj", "{EEB8E462-C18C-3624-B734-1474329338D6}"
EndProject
Project("{8BC9CEB8-8B4A-11D0-8D11-00A0C91BC942}") = "QtSql", "D:/src/2008/qt/src/sql\QtSql.vcproj", "{1CCEDE7C-6A94-3C3E-BFBD-6F46506A3989}"
EndProject
Project("{8BC9CEB8-8B4A-11D0-8D11-00A0C91BC942}") = "QtTest", "D:/src/2008/qt/src/testlib\QtTest.vcproj", "{D1E701A7-FA9C-3C61-B41F-B81BA3F26A1A}"
EndProject
Project("{8BC9CEB8-8B4A-11D0-8D11-00A0C91BC942}") = "QtGui", "D:/src/2008/qt/src/gui\QtGui.vcproj", "{646EC1CF-B478-3CB2-B4EB-3512088F0702}"
EndProject
Project("{8BC9CEB8-8B4A-11D0-8D11-00A0C91BC942}") = "idc", "D:/src/2008/qt/src/tools/idc\idc.vcproj", "{76A79229-5437-34C9-96BD-28D3C52E1A78}"
EndProject
Project("{8BC9CEB8-8B4A-11D0-8D11-00A0C91BC942}") = "QtOpenGL", "D:/src/2008/qt/src/opengl\QtOpenGL.vcproj", "{D76C7CD4-2B80-344B-A3E6-FF8994850807}"
EndProject
Project("{8BC9CEB8-8B4A-11D0-8D11-00A0C91BC942}") = "QtXmlPatterns", "D:/src/2008/qt/src/xmlpatterns\QtXmlPatterns.vcproj", "{6A3297DD-5E04-3D1F-B180-5308B5C4C8AB}"
EndProject
Project("{8BC9CEB8-8B4A-11D0-8D11-00A0C91BC942}") = "QtMultimedia", "D:/src/2008/qt/src/multimedia\QtMultimedia.vcproj", "{31A2A5F7-7A2B-3F96-8F3B-ED3B86B9D451}"
EndProject
Project("{8BC9CEB8-8B4A-11D0-8D11-00A0C91BC942}") = "QtSvg", "D:/src/2008/qt/src/svg\QtSvg.vcproj", "{5E2C79D6-9D19-36A3-AF26-997DC2D343CB}"
EndProject
Project("{8BC9CEB8-8B4A-11D0-8D11-00A0C91BC942}") = "QtScript", "D:/src/2008/qt/src/script\QtScript.vcproj", "{096402A2-7CC0-391D-9528-F66515A97A8F}"
EndProject
Project("{8BC9CEB8-8B4A-11D0-8D11-00A0C91BC942}") = "QtDeclarative", "D:/src/2008/qt/src/declarative\QtDeclarative.vcproj", "{DD949314-C135-3AC0-8499-BA1EC536A6B3}"
EndProject
Project("{8BC9CEB8-8B4A-11D0-8D11-00A0C91BC942}") = "jscore", "D:/src/2008/qt/src/3rdparty/webkit/JavaScriptCore\jscore.vcproj", "{F9A94421-DE18-33FD-8044-33AE86E9FE01}"
EndProject
Project("{8BC9CEB8-8B4A-11D0-8D11-00A0C91BC942}") = "QtWebKit", "D:/src/2008/qt/src/3rdparty/webkit/WebCore\QtWebKit.vcproj", "{6B308D0E-3303-3EEB-9622-590B82697374}"
EndProject
Project("{8BC9CEB8-8B4A-11D0-8D11-00A0C91BC942}") = "QtScriptTools", "D:/src/2008/qt/src/scripttools\QtScriptTools.vcproj", "{904E08AB-278B-32D5-9B14-33817446FBA7}"
EndProject
Project("{8BC9CEB8-8B4A-11D0-8D11-00A0C91BC942}") = "qmlwebkitplugin", "D:/src/2008/qt/src/3rdparty/webkit/WebKit/qt/declarative\qmlwebkitplugin.vcproj", "{C0CC79D1-74AE-384E-9491-C7D473CD4D0A}"
EndProject
Project("{8BC9CEB8-8B4A-11D0-8D11-00A0C91BC942}") = "qm_phony_target", "D:/src/2008/qt/translations\qm_phony_target.vcproj", "{5B4F4C57-542F-3397-8677-48928CBD8B4A}"
EndProject
Project("{8BC9CEB8-8B4A-11D0-8D11-00A0C91BC942}") = "QAxContainer", "D:/src/2008/qt/src/activeqt/container\QAxContainer.vcproj", "{69811F5B-91AE-3950-8569-E77C4DA14A1C}"
EndProject
Project("{8BC9CEB8-8B4A-11D0-8D11-00A0C91BC942}") = "QAxServer", "D:/src/2008/qt/src/activeqt/control\QAxServer.vcproj", "{EBBB2C3F-7803-311B-8BDA-983EBAAC11AB}"
EndProject
Project("{8BC9CEB8-8B4A-11D0-8D11-00A0C91BC942}") = "qmlfolderlistmodelplugin", "D:/src/2008/qt/src/imports/folderlistmodel\qmlfolderlistmodelplugin.vcproj", "{1BD7CDEE-755F-3617-BD33-704CCBE9AB14}"
EndProject
Project("{8BC9CEB8-8B4A-11D0-8D11-00A0C91BC942}") = "qmlparticlesplugin", "D:/src/2008/qt/src/imports/particles\qmlparticlesplugin.vcproj", "{D90031DD-4E07-3251-863A-F3693B39A9AD}"
EndProject
Project("{8BC9CEB8-8B4A-11D0-8D11-00A0C91BC942}") = "qmlgesturesplugin", "D:/src/2008/qt/src/imports/gestures\qmlgesturesplugin.vcproj", "{CF2E6057-27BB-3E7D-AB01-B450D142E864}"
EndProject
Project("{8BC9CEB8-8B4A-11D0-8D11-00A0C91BC942}") = "pixeltool", "D:/src/2008/qt/tools/pixeltool\pixeltool.vcproj", "{3C1A1B65-E176-3301-8DDF-838753F84636}"
EndProject
Project("{8BC9CEB8-8B4A-11D0-8D11-00A0C91BC942}") = "qttracereplay", "D:/src/2008/qt/tools/qttracereplay\qttracereplay.vcproj", "{E5BDE086-236D-3507-B0F0-B35AEDCDB930}"
EndProject
Project("{8BC9CEB8-8B4A-11D0-8D11-00A0C91BC942}") = "qmlviewer", "D:/src/2008/qt/tools/qml\qmlviewer.vcproj", "{6012334F-208E-375E-A1DB-A64AF0AD4741}"
EndProject
Project("{8BC9CEB8-8B4A-11D0-8D11-00A0C91BC942}") = "xmlpatterns", "D:/src/2008/qt/tools/xmlpatterns\xmlpatterns.vcproj", "{F43F25FE-7625-3132-ADB9-06F15E33EDEA}"
EndProject
Project("{8BC9CEB8-8B4A-11D0-8D11-00A0C91BC942}") = "xmlpatternsvalidator", "D:/src/2008/qt/tools/xmlpatternsvalidator\xmlpatternsvalidator.vcproj", "{DBA84D53-BE76-3BA8-8BA9-0DC7AFEDDC41}"
EndProject
Project("{8BC9CEB8-8B4A-11D0-8D11-00A0C91BC942}") = "qdoc3", "D:/src/2008/qt/tools/qdoc3\qdoc3.vcproj", "{2C4ACCF9-8CE9-3967-80EE-71BCDD3E15E9}"
EndProject
Project("{8BC9CEB8-8B4A-11D0-8D11-00A0C91BC942}") = "qgenericbearer", "D:/src/2008/qt/src/plugins/bearer/generic\qgenericbearer.vcproj", "{F2C5F84D-9682-3CA4-B22D-0345A9C3DFB1}"
EndProject
Project("{8BC9CEB8-8B4A-11D0-8D11-00A0C91BC942}") = "qnativewifibearer", "D:/src/2008/qt/src/plugins/bearer/nativewifi\qnativewifibearer.vcproj", "{082E9608-5ADD-3749-AE1B-B86543DC9EF7}"
EndProject
Project("{8BC9CEB8-8B4A-11D0-8D11-00A0C91BC942}") = "qcncodecs", "D:/src/2008/qt/src/plugins/codecs/cn\qcncodecs.vcproj", "{E09C081B-D213-3FBD-B1A5-AC85A796D227}"
EndProject
Project("{8BC9CEB8-8B4A-11D0-8D11-00A0C91BC942}") = "qjpcodecs", "D:/src/2008/qt/src/plugins/codecs/jp\qjpcodecs.vcproj", "{574A6BC8-2675-35E2-8544-045597A0F584}"
EndProject
Project("{8BC9CEB8-8B4A-11D0-8D11-00A0C91BC942}") = "qtwcodecs", "D:/src/2008/qt/src/plugins/codecs/tw\qtwcodecs.vcproj", "{F0E2FEDE-C282-3F1B-8781-3B7498640C4D}"
EndProject
Project("{8BC9CEB8-8B4A-11D0-8D11-00A0C91BC942}") = "qkrcodecs", "D:/src/2008/qt/src/plugins/codecs/kr\qkrcodecs.vcproj", "{45C68DC7-18D7-37F3-A71B-0C0CC4BCAFB6}"
EndProject
Project("{8BC9CEB8-8B4A-11D0-8D11-00A0C91BC942}") = "qjpeg", "D:/src/2008/qt/src/plugins/imageformats/jpeg\qjpeg.vcproj", "{36F30F16-97A0-3943-8A9E-958C793003D0}"
EndProject
Project("{8BC9CEB8-8B4A-11D0-8D11-00A0C91BC942}") = "qgif", "D:/src/2008/qt/src/plugins/imageformats/gif\qgif.vcproj", "{35B2DE43-4285-3428-A20E-436C350D63E0}"
EndProject
Project("{8BC9CEB8-8B4A-11D0-8D11-00A0C91BC942}") = "qmng", "D:/src/2008/qt/src/plugins/imageformats/mng\qmng.vcproj", "{855EA2B2-40F8-30E6-A165-0334DB041508}"
EndProject
Project("{8BC9CEB8-8B4A-11D0-8D11-00A0C91BC942}") = "qsvg", "D:/src/2008/qt/src/plugins/imageformats/svg\qsvg.vcproj", "{BA228B9F-9951-3DA0-BFB1-844531280E94}"
EndProject
Project("{8BC9CEB8-8B4A-11D0-8D11-00A0C91BC942}") = "qtiff", "D:/src/2008/qt/src/plugins/imageformats/tiff\qtiff.vcproj", "{83DF3012-4718-3F95-BFFC-D6EAE78FEF79}"
EndProject
Project("{8BC9CEB8-8B4A-11D0-8D11-00A0C91BC942}") = "qico", "D:/src/2008/qt/src/plugins/imageformats/ico\qico.vcproj", "{DB27DDD2-8396-383B-8ACC-4CF7E2D8F798}"
EndProject
Project("{8BC9CEB8-8B4A-11D0-8D11-00A0C91BC942}") = "qsvgicon", "D:/src/2008/qt/src/plugins/iconengines/svgiconengine\qsvgicon.vcproj", "{EDEE0996-660D-3F4E-B9EA-E006EA7F1EC6}"
EndProject
Project("{8BC9CEB8-8B4A-11D0-8D11-00A0C91BC942}") = "qtracegraphicssystem", "D:/src/2008/qt/src/plugins/graphicssystems/trace\qtracegraphicssystem.vcproj", "{297C10A6-C9E2-36B8-A40D-9D6AFDBC8DAD}"
EndProject
Project("{8BC9CEB8-8B4A-11D0-8D11-00A0C91BC942}") = "qglgraphicssystem", "D:/src/2008/qt/src/plugins/graphicssystems/opengl\qglgraphicssystem.vcproj", "{9E809DD0-7253-32B0-A449-E5B0CCBB4185}"
EndProject
Project("{8BC9CEB8-8B4A-11D0-8D11-00A0C91BC942}") = "qtaccessiblewidgets", "D:/src/2008/qt/src/plugins/accessible/widgets\qtaccessiblewidgets.vcproj", "{E17483B0-BC5D-327B-A1DC-F3738AA948D0}"
EndProject
Project("{8BC9CEB8-8B4A-11D0-8D11-00A0C91BC942}") = "tcpserver", "D:/src/2008/qt/src/plugins/qmltooling/tcpserver\tcpserver.vcproj", "{B3EE449E-AD7F-3824-91DB-5FE3729B6849}"
EndProject
Project("{8BC9CEB8-8B4A-11D0-8D11-00A0C91BC942}") = "QtCLucene", "D:/src/2008/qt/tools/assistant/lib/fulltextsearch\QtCLucene.vcproj", "{52CCA581-F005-38E9-A7C5-BCB2F914E9C9}"
EndProject
Project("{8BC9CEB8-8B4A-11D0-8D11-00A0C91BC942}") = "QtHelp", "D:/src/2008/qt/tools/assistant/lib\QtHelp.vcproj", "{BECC41B0-CECD-3154-84B8-A097FF04D365}"
EndProject
Project("{8BC9CEB8-8B4A-11D0-8D11-00A0C91BC942}") = "qt3to4", "D:/src/2008/qt/tools/porting/src\qt3to4.vcproj", "{5372D557-1A2A-3568-A42B-D1FF6E053B48}"
EndProject
Project("{8BC9CEB8-8B4A-11D0-8D11-00A0C91BC942}") = "updater", "D:/src/2008/qt/tools/qtestlib/updater\updater.vcproj", "{B7CE1F95-76D7-393E-B87D-BDCB9D3C45AA}"
EndProject
Project("{8BC9CEB8-8B4A-11D0-8D11-00A0C91BC942}") = "dumpdoc", "D:/src/2008/qt/tools/activeqt/dumpdoc\dumpdoc.vcproj", "{75676EC7-E9CE-37D6-91C8-47FAC10AC365}"
EndProject
Project("{8BC9CEB8-8B4A-11D0-8D11-00A0C91BC942}") = "dumpcpp", "D:/src/2008/qt/tools/activeqt/dumpcpp\dumpcpp.vcproj", "{5FEA4E86-EF8A-3671-B1E3-5818442B9764}"
EndProject
Project("{8BC9CEB8-8B4A-11D0-8D11-00A0C91BC942}") = "testcon", "D:/src/2008/qt/tools/activeqt/testcon\testcon.vcproj", "{122F5600-66C6-3659-A2D9-1362EEE4451F}"
EndProject
Project("{8BC9CEB8-8B4A-11D0-8D11-00A0C91BC942}") = "lrelease", "D:/src/2008/qt/tools/linguist/lrelease\lrelease.vcproj", "{EEE0DC7E-2385-3DCD-81B4-7783AC7419A4}"
EndProject
Project("{8BC9CEB8-8B4A-11D0-8D11-00A0C91BC942}") = "lupdate", "D:/src/2008/qt/tools/linguist/lupdate\lupdate.vcproj", "{1FEE36CF-EE36-3FC0-BFB9-17C7BE4301F6}"
EndProject
Project("{8BC9CEB8-8B4A-11D0-8D11-00A0C91BC942}") = "lconvert", "D:/src/2008/qt/tools/linguist/lconvert\lconvert.vcproj", "{EC45F56E-2E10-3345-8410-F7D314DE478F}"
EndProject
Project("{8BC9CEB8-8B4A-11D0-8D11-00A0C91BC942}") = "linguist", "D:/src/2008/qt/tools/linguist/linguist\linguist.vcproj", "{A9F3117D-8D54-3914-A873-F28911EC45F4}"
EndProject
Project("{8BC9CEB8-8B4A-11D0-8D11-00A0C91BC942}") = "assistant", "D:/src/2008/qt/tools/assistant/tools/assistant\assistant.vcproj", "{BCE8CDE2-D403-3A0F-9600-BF4D11F90DB4}"
EndProject
Project("{8BC9CEB8-8B4A-11D0-8D11-00A0C91BC942}") = "qhelpgenerator", "D:/src/2008/qt/tools/assistant/tools/qhelpgenerator\qhelpgenerator.vcproj", "{3D66791C-562F-3D4E-97D1-CFBAABD115FC}"
EndProject
Project("{8BC9CEB8-8B4A-11D0-8D11-00A0C91BC942}") = "qcollectiongenerator", "D:/src/2008/qt/tools/assistant/tools/qcollectiongenerator\qcollectiongenerator.vcproj", "{B2E0E7A7-99D1-3C6D-A75B-D3CA8C67A1DE}"
EndProject
Project("{8BC9CEB8-8B4A-11D0-8D11-00A0C91BC942}") = "qhelpconverter", "D:/src/2008/qt/tools/assistant/tools/qhelpconverter\qhelpconverter.vcproj", "{147BB555-2BE5-3507-8702-F74259BB93B8}"
EndProject
Project("{8BC9CEB8-8B4A-11D0-8D11-00A0C91BC942}") = "QtUiTools", "D:/src/2008/qt/tools/designer/src/uitools\QtUiTools.vcproj", "{8BE25F9A-A30C-38C3-8E86-82932C136644}"
EndProject
Project("{8BC9CEB8-8B4A-11D0-8D11-00A0C91BC942}") = "QtDesigner", "D:/src/2008/qt/tools/designer/src/lib\QtDesigner.vcproj", "{6B1DEB79-0CFD-3424-8219-B92E0909A0A6}"
EndProject
Project("{8BC9CEB8-8B4A-11D0-8D11-00A0C91BC942}") = "designer", "D:/src/2008/qt/tools/designer/src/designer\designer.vcproj", "{27ACBB13-9B99-31D3-8C78-74998E60F40D}"
EndProject
Project("{8BC9CEB8-8B4A-11D0-8D11-00A0C91BC942}") = "QtDesignerComponents", "D:/src/2008/qt/tools/designer/src/components/lib\QtDesignerComponents.vcproj", "{FAE17185-516A-3EF8-A52C-158462CAA670}"
EndProject
Project("{8BC9CEB8-8B4A-11D0-8D11-00A0C91BC942}") = "qaxwidget", "D:/src/2008/qt/tools/designer/src/plugins/activeqt\qaxwidget.vcproj", "{B04EF7B9-4831-3B1A-958E-9CF0A8C95EEE}"
EndProject
Project("{8BC9CEB8-8B4A-11D0-8D11-00A0C91BC942}") = "qwebview", "D:/src/2008/qt/tools/designer/src/plugins/qwebview\qwebview.vcproj", "{99A9669C-2E80-39A5-BCE5-0E2A86CFDB75}"
EndProject
Project("{8BC9CEB8-8B4A-11D0-8D11-00A0C91BC942}") = "qdeclarativeview", "D:/src/2008/qt/tools/designer/src/plugins/qdeclarativeview\qdeclarativeview.vcproj", "{B3356C0C-3303-3C37-A408-36D8EED78C2C}"
EndProject
Global
	GlobalSection(SolutionConfiguration) = preSolution
		ConfigName.0 = Debug|Win32
		ConfigName.1 = Release|Win32
	EndGlobalSection
	GlobalSection(ProjectDependencies) = postSolution
		{D963B412-82C4-3044-9871-B03AE2F34B44}.0 = {7D6049B5-5BD2-3F27-A2CE-978448B6B84A}
		{69480185-6E28-3E51-888F-00DD481349A8}.0 = {7D6049B5-5BD2-3F27-A2CE-978448B6B84A}
		{5194A4F1-E48D-376C-96B8-0D00E664B54E}.0 = {7D6049B5-5BD2-3F27-A2CE-978448B6B84A}
		{FB7F251F-0758-33B1-B83A-CB521CE61C77}.0 = {D963B412-82C4-3044-9871-B03AE2F34B44}
		{A43969B8-939C-347D-B601-370C7677428B}.0 = {D963B412-82C4-3044-9871-B03AE2F34B44}
		{DD50FC17-B173-34B1-B6CB-160F0AA5BA41}.0 = {D963B412-82C4-3044-9871-B03AE2F34B44}
		{DD50FC17-B173-34B1-B6CB-160F0AA5BA41}.1 = {A43969B8-939C-347D-B601-370C7677428B}
		{EEB8E462-C18C-3624-B734-1474329338D6}.0 = {D963B412-82C4-3044-9871-B03AE2F34B44}
		{EEB8E462-C18C-3624-B734-1474329338D6}.1 = {A43969B8-939C-347D-B601-370C7677428B}
		{1CCEDE7C-6A94-3C3E-BFBD-6F46506A3989}.0 = {D963B412-82C4-3044-9871-B03AE2F34B44}
		{1CCEDE7C-6A94-3C3E-BFBD-6F46506A3989}.1 = {A43969B8-939C-347D-B601-370C7677428B}
		{D1E701A7-FA9C-3C61-B41F-B81BA3F26A1A}.0 = {D963B412-82C4-3044-9871-B03AE2F34B44}
		{D1E701A7-FA9C-3C61-B41F-B81BA3F26A1A}.1 = {A43969B8-939C-347D-B601-370C7677428B}
		{646EC1CF-B478-3CB2-B4EB-3512088F0702}.0 = {D963B412-82C4-3044-9871-B03AE2F34B44}
		{646EC1CF-B478-3CB2-B4EB-3512088F0702}.1 = {69480185-6E28-3E51-888F-00DD481349A8}
		{646EC1CF-B478-3CB2-B4EB-3512088F0702}.2 = {5194A4F1-E48D-376C-96B8-0D00E664B54E}
		{646EC1CF-B478-3CB2-B4EB-3512088F0702}.3 = {A43969B8-939C-347D-B601-370C7677428B}
		{76A79229-5437-34C9-96BD-28D3C52E1A78}.0 = {D963B412-82C4-3044-9871-B03AE2F34B44}
		{76A79229-5437-34C9-96BD-28D3C52E1A78}.1 = {646EC1CF-B478-3CB2-B4EB-3512088F0702}
		{76A79229-5437-34C9-96BD-28D3C52E1A78}.2 = {A43969B8-939C-347D-B601-370C7677428B}
		{D76C7CD4-2B80-344B-A3E6-FF8994850807}.0 = {D963B412-82C4-3044-9871-B03AE2F34B44}
		{D76C7CD4-2B80-344B-A3E6-FF8994850807}.1 = {646EC1CF-B478-3CB2-B4EB-3512088F0702}
		{D76C7CD4-2B80-344B-A3E6-FF8994850807}.2 = {A43969B8-939C-347D-B601-370C7677428B}
		{6A3297DD-5E04-3D1F-B180-5308B5C4C8AB}.0 = {D963B412-82C4-3044-9871-B03AE2F34B44}
		{6A3297DD-5E04-3D1F-B180-5308B5C4C8AB}.1 = {69480185-6E28-3E51-888F-00DD481349A8}
		{6A3297DD-5E04-3D1F-B180-5308B5C4C8AB}.2 = {EEB8E462-C18C-3624-B734-1474329338D6}
		{6A3297DD-5E04-3D1F-B180-5308B5C4C8AB}.3 = {A43969B8-939C-347D-B601-370C7677428B}
		{31A2A5F7-7A2B-3F96-8F3B-ED3B86B9D451}.0 = {D963B412-82C4-3044-9871-B03AE2F34B44}
		{31A2A5F7-7A2B-3F96-8F3B-ED3B86B9D451}.1 = {646EC1CF-B478-3CB2-B4EB-3512088F0702}
		{31A2A5F7-7A2B-3F96-8F3B-ED3B86B9D451}.2 = {A43969B8-939C-347D-B601-370C7677428B}
		{5E2C79D6-9D19-36A3-AF26-997DC2D343CB}.0 = {D963B412-82C4-3044-9871-B03AE2F34B44}
		{5E2C79D6-9D19-36A3-AF26-997DC2D343CB}.1 = {646EC1CF-B478-3CB2-B4EB-3512088F0702}
		{5E2C79D6-9D19-36A3-AF26-997DC2D343CB}.2 = {A43969B8-939C-347D-B601-370C7677428B}
		{096402A2-7CC0-391D-9528-F66515A97A8F}.0 = {D963B412-82C4-3044-9871-B03AE2F34B44}
		{096402A2-7CC0-391D-9528-F66515A97A8F}.1 = {A43969B8-939C-347D-B601-370C7677428B}
		{DD949314-C135-3AC0-8499-BA1EC536A6B3}.0 = {D963B412-82C4-3044-9871-B03AE2F34B44}
		{DD949314-C135-3AC0-8499-BA1EC536A6B3}.1 = {096402A2-7CC0-391D-9528-F66515A97A8F}
		{DD949314-C135-3AC0-8499-BA1EC536A6B3}.2 = {5E2C79D6-9D19-36A3-AF26-997DC2D343CB}
		{DD949314-C135-3AC0-8499-BA1EC536A6B3}.3 = {1CCEDE7C-6A94-3C3E-BFBD-6F46506A3989}
		{DD949314-C135-3AC0-8499-BA1EC536A6B3}.4 = {6A3297DD-5E04-3D1F-B180-5308B5C4C8AB}
		{DD949314-C135-3AC0-8499-BA1EC536A6B3}.5 = {646EC1CF-B478-3CB2-B4EB-3512088F0702}
		{DD949314-C135-3AC0-8499-BA1EC536A6B3}.6 = {EEB8E462-C18C-3624-B734-1474329338D6}
		{DD949314-C135-3AC0-8499-BA1EC536A6B3}.7 = {A43969B8-939C-347D-B601-370C7677428B}
		{F9A94421-DE18-33FD-8044-33AE86E9FE01}.0 = {D963B412-82C4-3044-9871-B03AE2F34B44}
		{F9A94421-DE18-33FD-8044-33AE86E9FE01}.1 = {A43969B8-939C-347D-B601-370C7677428B}
		{6B308D0E-3303-3EEB-9622-590B82697374}.0 = {D963B412-82C4-3044-9871-B03AE2F34B44}
		{6B308D0E-3303-3EEB-9622-590B82697374}.1 = {69480185-6E28-3E51-888F-00DD481349A8}
		{6B308D0E-3303-3EEB-9622-590B82697374}.2 = {F9A94421-DE18-33FD-8044-33AE86E9FE01}
		{6B308D0E-3303-3EEB-9622-590B82697374}.3 = {646EC1CF-B478-3CB2-B4EB-3512088F0702}
		{6B308D0E-3303-3EEB-9622-590B82697374}.4 = {EEB8E462-C18C-3624-B734-1474329338D6}
		{6B308D0E-3303-3EEB-9622-590B82697374}.5 = {A43969B8-939C-347D-B601-370C7677428B}
		{904E08AB-278B-32D5-9B14-33817446FBA7}.0 = {D963B412-82C4-3044-9871-B03AE2F34B44}
		{904E08AB-278B-32D5-9B14-33817446FBA7}.1 = {69480185-6E28-3E51-888F-00DD481349A8}
		{904E08AB-278B-32D5-9B14-33817446FBA7}.2 = {096402A2-7CC0-391D-9528-F66515A97A8F}
		{904E08AB-278B-32D5-9B14-33817446FBA7}.3 = {646EC1CF-B478-3CB2-B4EB-3512088F0702}
		{904E08AB-278B-32D5-9B14-33817446FBA7}.4 = {A43969B8-939C-347D-B601-370C7677428B}
		{C0CC79D1-74AE-384E-9491-C7D473CD4D0A}.0 = {D963B412-82C4-3044-9871-B03AE2F34B44}
		{C0CC79D1-74AE-384E-9491-C7D473CD4D0A}.1 = {DD949314-C135-3AC0-8499-BA1EC536A6B3}
		{C0CC79D1-74AE-384E-9491-C7D473CD4D0A}.2 = {6B308D0E-3303-3EEB-9622-590B82697374}
		{C0CC79D1-74AE-384E-9491-C7D473CD4D0A}.3 = {646EC1CF-B478-3CB2-B4EB-3512088F0702}
		{C0CC79D1-74AE-384E-9491-C7D473CD4D0A}.4 = {A43969B8-939C-347D-B601-370C7677428B}
		{5B4F4C57-542F-3397-8677-48928CBD8B4A}.0 = {EEE0DC7E-2385-3DCD-81B4-7783AC7419A4}
		{69811F5B-91AE-3950-8569-E77C4DA14A1C}.0 = {D963B412-82C4-3044-9871-B03AE2F34B44}
		{69811F5B-91AE-3950-8569-E77C4DA14A1C}.1 = {5194A4F1-E48D-376C-96B8-0D00E664B54E}
		{69811F5B-91AE-3950-8569-E77C4DA14A1C}.2 = {646EC1CF-B478-3CB2-B4EB-3512088F0702}
		{69811F5B-91AE-3950-8569-E77C4DA14A1C}.3 = {A43969B8-939C-347D-B601-370C7677428B}
		{EBBB2C3F-7803-311B-8BDA-983EBAAC11AB}.0 = {D963B412-82C4-3044-9871-B03AE2F34B44}
		{EBBB2C3F-7803-311B-8BDA-983EBAAC11AB}.1 = {646EC1CF-B478-3CB2-B4EB-3512088F0702}
		{EBBB2C3F-7803-311B-8BDA-983EBAAC11AB}.2 = {A43969B8-939C-347D-B601-370C7677428B}
		{1BD7CDEE-755F-3617-BD33-704CCBE9AB14}.0 = {D963B412-82C4-3044-9871-B03AE2F34B44}
		{1BD7CDEE-755F-3617-BD33-704CCBE9AB14}.1 = {DD949314-C135-3AC0-8499-BA1EC536A6B3}
		{1BD7CDEE-755F-3617-BD33-704CCBE9AB14}.2 = {096402A2-7CC0-391D-9528-F66515A97A8F}
		{1BD7CDEE-755F-3617-BD33-704CCBE9AB14}.3 = {646EC1CF-B478-3CB2-B4EB-3512088F0702}
		{1BD7CDEE-755F-3617-BD33-704CCBE9AB14}.4 = {A43969B8-939C-347D-B601-370C7677428B}
		{D90031DD-4E07-3251-863A-F3693B39A9AD}.0 = {D963B412-82C4-3044-9871-B03AE2F34B44}
		{D90031DD-4E07-3251-863A-F3693B39A9AD}.1 = {DD949314-C135-3AC0-8499-BA1EC536A6B3}
		{D90031DD-4E07-3251-863A-F3693B39A9AD}.2 = {646EC1CF-B478-3CB2-B4EB-3512088F0702}
		{D90031DD-4E07-3251-863A-F3693B39A9AD}.3 = {A43969B8-939C-347D-B601-370C7677428B}
		{CF2E6057-27BB-3E7D-AB01-B450D142E864}.0 = {D963B412-82C4-3044-9871-B03AE2F34B44}
		{CF2E6057-27BB-3E7D-AB01-B450D142E864}.1 = {DD949314-C135-3AC0-8499-BA1EC536A6B3}
		{CF2E6057-27BB-3E7D-AB01-B450D142E864}.2 = {646EC1CF-B478-3CB2-B4EB-3512088F0702}
		{CF2E6057-27BB-3E7D-AB01-B450D142E864}.3 = {A43969B8-939C-347D-B601-370C7677428B}
		{3C1A1B65-E176-3301-8DDF-838753F84636}.0 = {D963B412-82C4-3044-9871-B03AE2F34B44}
		{3C1A1B65-E176-3301-8DDF-838753F84636}.1 = {FB7F251F-0758-33B1-B83A-CB521CE61C77}
		{3C1A1B65-E176-3301-8DDF-838753F84636}.2 = {646EC1CF-B478-3CB2-B4EB-3512088F0702}
		{3C1A1B65-E176-3301-8DDF-838753F84636}.3 = {EEB8E462-C18C-3624-B734-1474329338D6}
		{3C1A1B65-E176-3301-8DDF-838753F84636}.4 = {A43969B8-939C-347D-B601-370C7677428B}
		{E5BDE086-236D-3507-B0F0-B35AEDCDB930}.0 = {D963B412-82C4-3044-9871-B03AE2F34B44}
		{E5BDE086-236D-3507-B0F0-B35AEDCDB930}.1 = {646EC1CF-B478-3CB2-B4EB-3512088F0702}
		{E5BDE086-236D-3507-B0F0-B35AEDCDB930}.2 = {A43969B8-939C-347D-B601-370C7677428B}
		{6012334F-208E-375E-A1DB-A64AF0AD4741}.0 = {5194A4F1-E48D-376C-96B8-0D00E664B54E}
		{6012334F-208E-375E-A1DB-A64AF0AD4741}.1 = {D963B412-82C4-3044-9871-B03AE2F34B44}
		{6012334F-208E-375E-A1DB-A64AF0AD4741}.2 = {69480185-6E28-3E51-888F-00DD481349A8}
		{6012334F-208E-375E-A1DB-A64AF0AD4741}.3 = {FB7F251F-0758-33B1-B83A-CB521CE61C77}
		{6012334F-208E-375E-A1DB-A64AF0AD4741}.4 = {DD949314-C135-3AC0-8499-BA1EC536A6B3}
		{6012334F-208E-375E-A1DB-A64AF0AD4741}.5 = {096402A2-7CC0-391D-9528-F66515A97A8F}
		{6012334F-208E-375E-A1DB-A64AF0AD4741}.6 = {1CCEDE7C-6A94-3C3E-BFBD-6F46506A3989}
		{6012334F-208E-375E-A1DB-A64AF0AD4741}.7 = {D76C7CD4-2B80-344B-A3E6-FF8994850807}
		{6012334F-208E-375E-A1DB-A64AF0AD4741}.8 = {646EC1CF-B478-3CB2-B4EB-3512088F0702}
		{6012334F-208E-375E-A1DB-A64AF0AD4741}.9 = {EEB8E462-C18C-3624-B734-1474329338D6}
		{6012334F-208E-375E-A1DB-A64AF0AD4741}.10 = {A43969B8-939C-347D-B601-370C7677428B}
		{F43F25FE-7625-3132-ADB9-06F15E33EDEA}.0 = {D963B412-82C4-3044-9871-B03AE2F34B44}
		{F43F25FE-7625-3132-ADB9-06F15E33EDEA}.1 = {6A3297DD-5E04-3D1F-B180-5308B5C4C8AB}
		{F43F25FE-7625-3132-ADB9-06F15E33EDEA}.2 = {A43969B8-939C-347D-B601-370C7677428B}
		{DBA84D53-BE76-3BA8-8BA9-0DC7AFEDDC41}.0 = {D963B412-82C4-3044-9871-B03AE2F34B44}
		{DBA84D53-BE76-3BA8-8BA9-0DC7AFEDDC41}.1 = {6A3297DD-5E04-3D1F-B180-5308B5C4C8AB}
		{DBA84D53-BE76-3BA8-8BA9-0DC7AFEDDC41}.2 = {A43969B8-939C-347D-B601-370C7677428B}
		{2C4ACCF9-8CE9-3967-80EE-71BCDD3E15E9}.0 = {D963B412-82C4-3044-9871-B03AE2F34B44}
		{2C4ACCF9-8CE9-3967-80EE-71BCDD3E15E9}.1 = {DD50FC17-B173-34B1-B6CB-160F0AA5BA41}
		{2C4ACCF9-8CE9-3967-80EE-71BCDD3E15E9}.2 = {A43969B8-939C-347D-B601-370C7677428B}
		{F2C5F84D-9682-3CA4-B22D-0345A9C3DFB1}.0 = {D963B412-82C4-3044-9871-B03AE2F34B44}
		{F2C5F84D-9682-3CA4-B22D-0345A9C3DFB1}.1 = {EEB8E462-C18C-3624-B734-1474329338D6}
		{F2C5F84D-9682-3CA4-B22D-0345A9C3DFB1}.2 = {A43969B8-939C-347D-B601-370C7677428B}
		{082E9608-5ADD-3749-AE1B-B86543DC9EF7}.0 = {D963B412-82C4-3044-9871-B03AE2F34B44}
		{082E9608-5ADD-3749-AE1B-B86543DC9EF7}.1 = {EEB8E462-C18C-3624-B734-1474329338D6}
		{082E9608-5ADD-3749-AE1B-B86543DC9EF7}.2 = {A43969B8-939C-347D-B601-370C7677428B}
		{E09C081B-D213-3FBD-B1A5-AC85A796D227}.0 = {D963B412-82C4-3044-9871-B03AE2F34B44}
		{E09C081B-D213-3FBD-B1A5-AC85A796D227}.1 = {A43969B8-939C-347D-B601-370C7677428B}
		{574A6BC8-2675-35E2-8544-045597A0F584}.0 = {D963B412-82C4-3044-9871-B03AE2F34B44}
		{574A6BC8-2675-35E2-8544-045597A0F584}.1 = {A43969B8-939C-347D-B601-370C7677428B}
		{F0E2FEDE-C282-3F1B-8781-3B7498640C4D}.0 = {D963B412-82C4-3044-9871-B03AE2F34B44}
		{F0E2FEDE-C282-3F1B-8781-3B7498640C4D}.1 = {A43969B8-939C-347D-B601-370C7677428B}
		{45C68DC7-18D7-37F3-A71B-0C0CC4BCAFB6}.0 = {D963B412-82C4-3044-9871-B03AE2F34B44}
		{45C68DC7-18D7-37F3-A71B-0C0CC4BCAFB6}.1 = {A43969B8-939C-347D-B601-370C7677428B}
		{36F30F16-97A0-3943-8A9E-958C793003D0}.0 = {D963B412-82C4-3044-9871-B03AE2F34B44}
		{36F30F16-97A0-3943-8A9E-958C793003D0}.1 = {646EC1CF-B478-3CB2-B4EB-3512088F0702}
		{36F30F16-97A0-3943-8A9E-958C793003D0}.2 = {A43969B8-939C-347D-B601-370C7677428B}
		{35B2DE43-4285-3428-A20E-436C350D63E0}.0 = {D963B412-82C4-3044-9871-B03AE2F34B44}
		{35B2DE43-4285-3428-A20E-436C350D63E0}.1 = {646EC1CF-B478-3CB2-B4EB-3512088F0702}
		{35B2DE43-4285-3428-A20E-436C350D63E0}.2 = {A43969B8-939C-347D-B601-370C7677428B}
		{855EA2B2-40F8-30E6-A165-0334DB041508}.0 = {D963B412-82C4-3044-9871-B03AE2F34B44}
		{855EA2B2-40F8-30E6-A165-0334DB041508}.1 = {646EC1CF-B478-3CB2-B4EB-3512088F0702}
		{855EA2B2-40F8-30E6-A165-0334DB041508}.2 = {A43969B8-939C-347D-B601-370C7677428B}
		{BA228B9F-9951-3DA0-BFB1-844531280E94}.0 = {D963B412-82C4-3044-9871-B03AE2F34B44}
		{BA228B9F-9951-3DA0-BFB1-844531280E94}.1 = {5E2C79D6-9D19-36A3-AF26-997DC2D343CB}
		{BA228B9F-9951-3DA0-BFB1-844531280E94}.2 = {DD50FC17-B173-34B1-B6CB-160F0AA5BA41}
		{BA228B9F-9951-3DA0-BFB1-844531280E94}.3 = {646EC1CF-B478-3CB2-B4EB-3512088F0702}
		{BA228B9F-9951-3DA0-BFB1-844531280E94}.4 = {A43969B8-939C-347D-B601-370C7677428B}
		{83DF3012-4718-3F95-BFFC-D6EAE78FEF79}.0 = {D963B412-82C4-3044-9871-B03AE2F34B44}
		{83DF3012-4718-3F95-BFFC-D6EAE78FEF79}.1 = {646EC1CF-B478-3CB2-B4EB-3512088F0702}
		{83DF3012-4718-3F95-BFFC-D6EAE78FEF79}.2 = {A43969B8-939C-347D-B601-370C7677428B}
		{DB27DDD2-8396-383B-8ACC-4CF7E2D8F798}.0 = {D963B412-82C4-3044-9871-B03AE2F34B44}
		{DB27DDD2-8396-383B-8ACC-4CF7E2D8F798}.1 = {646EC1CF-B478-3CB2-B4EB-3512088F0702}
		{DB27DDD2-8396-383B-8ACC-4CF7E2D8F798}.2 = {A43969B8-939C-347D-B601-370C7677428B}
		{EDEE0996-660D-3F4E-B9EA-E006EA7F1EC6}.0 = {D963B412-82C4-3044-9871-B03AE2F34B44}
		{EDEE0996-660D-3F4E-B9EA-E006EA7F1EC6}.1 = {5E2C79D6-9D19-36A3-AF26-997DC2D343CB}
		{EDEE0996-660D-3F4E-B9EA-E006EA7F1EC6}.2 = {DD50FC17-B173-34B1-B6CB-160F0AA5BA41}
		{EDEE0996-660D-3F4E-B9EA-E006EA7F1EC6}.3 = {646EC1CF-B478-3CB2-B4EB-3512088F0702}
		{EDEE0996-660D-3F4E-B9EA-E006EA7F1EC6}.4 = {A43969B8-939C-347D-B601-370C7677428B}
		{297C10A6-C9E2-36B8-A40D-9D6AFDBC8DAD}.0 = {D963B412-82C4-3044-9871-B03AE2F34B44}
		{297C10A6-C9E2-36B8-A40D-9D6AFDBC8DAD}.1 = {646EC1CF-B478-3CB2-B4EB-3512088F0702}
		{297C10A6-C9E2-36B8-A40D-9D6AFDBC8DAD}.2 = {EEB8E462-C18C-3624-B734-1474329338D6}
		{297C10A6-C9E2-36B8-A40D-9D6AFDBC8DAD}.3 = {A43969B8-939C-347D-B601-370C7677428B}
		{9E809DD0-7253-32B0-A449-E5B0CCBB4185}.0 = {D963B412-82C4-3044-9871-B03AE2F34B44}
		{9E809DD0-7253-32B0-A449-E5B0CCBB4185}.1 = {D76C7CD4-2B80-344B-A3E6-FF8994850807}
		{9E809DD0-7253-32B0-A449-E5B0CCBB4185}.2 = {646EC1CF-B478-3CB2-B4EB-3512088F0702}
		{9E809DD0-7253-32B0-A449-E5B0CCBB4185}.3 = {A43969B8-939C-347D-B601-370C7677428B}
		{E17483B0-BC5D-327B-A1DC-F3738AA948D0}.0 = {D963B412-82C4-3044-9871-B03AE2F34B44}
		{E17483B0-BC5D-327B-A1DC-F3738AA948D0}.1 = {646EC1CF-B478-3CB2-B4EB-3512088F0702}
		{E17483B0-BC5D-327B-A1DC-F3738AA948D0}.2 = {A43969B8-939C-347D-B601-370C7677428B}
		{B3EE449E-AD7F-3824-91DB-5FE3729B6849}.0 = {D963B412-82C4-3044-9871-B03AE2F34B44}
		{B3EE449E-AD7F-3824-91DB-5FE3729B6849}.1 = {DD949314-C135-3AC0-8499-BA1EC536A6B3}
		{B3EE449E-AD7F-3824-91DB-5FE3729B6849}.2 = {646EC1CF-B478-3CB2-B4EB-3512088F0702}
		{B3EE449E-AD7F-3824-91DB-5FE3729B6849}.3 = {EEB8E462-C18C-3624-B734-1474329338D6}
		{B3EE449E-AD7F-3824-91DB-5FE3729B6849}.4 = {A43969B8-939C-347D-B601-370C7677428B}
		{52CCA581-F005-38E9-A7C5-BCB2F914E9C9}.0 = {D963B412-82C4-3044-9871-B03AE2F34B44}
		{52CCA581-F005-38E9-A7C5-BCB2F914E9C9}.1 = {A43969B8-939C-347D-B601-370C7677428B}
		{BECC41B0-CECD-3154-84B8-A097FF04D365}.0 = {D963B412-82C4-3044-9871-B03AE2F34B44}
		{BECC41B0-CECD-3154-84B8-A097FF04D365}.1 = {69480185-6E28-3E51-888F-00DD481349A8}
		{BECC41B0-CECD-3154-84B8-A097FF04D365}.2 = {1CCEDE7C-6A94-3C3E-BFBD-6F46506A3989}
		{BECC41B0-CECD-3154-84B8-A097FF04D365}.3 = {DD50FC17-B173-34B1-B6CB-160F0AA5BA41}
		{BECC41B0-CECD-3154-84B8-A097FF04D365}.4 = {646EC1CF-B478-3CB2-B4EB-3512088F0702}
		{BECC41B0-CECD-3154-84B8-A097FF04D365}.5 = {EEB8E462-C18C-3624-B734-1474329338D6}
		{BECC41B0-CECD-3154-84B8-A097FF04D365}.6 = {A43969B8-939C-347D-B601-370C7677428B}
		{BECC41B0-CECD-3154-84B8-A097FF04D365}.7 = {52CCA581-F005-38E9-A7C5-BCB2F914E9C9}
		{5372D557-1A2A-3568-A42B-D1FF6E053B48}.0 = {D963B412-82C4-3044-9871-B03AE2F34B44}
		{5372D557-1A2A-3568-A42B-D1FF6E053B48}.1 = {69480185-6E28-3E51-888F-00DD481349A8}
		{5372D557-1A2A-3568-A42B-D1FF6E053B48}.2 = {DD50FC17-B173-34B1-B6CB-160F0AA5BA41}
		{5372D557-1A2A-3568-A42B-D1FF6E053B48}.3 = {A43969B8-939C-347D-B601-370C7677428B}
		{B7CE1F95-76D7-393E-B87D-BDCB9D3C45AA}.0 = {D963B412-82C4-3044-9871-B03AE2F34B44}
		{B7CE1F95-76D7-393E-B87D-BDCB9D3C45AA}.1 = {FB7F251F-0758-33B1-B83A-CB521CE61C77}
		{B7CE1F95-76D7-393E-B87D-BDCB9D3C45AA}.2 = {A43969B8-939C-347D-B601-370C7677428B}
		{75676EC7-E9CE-37D6-91C8-47FAC10AC365}.0 = {D963B412-82C4-3044-9871-B03AE2F34B44}
		{75676EC7-E9CE-37D6-91C8-47FAC10AC365}.1 = {69811F5B-91AE-3950-8569-E77C4DA14A1C}
		{75676EC7-E9CE-37D6-91C8-47FAC10AC365}.2 = {646EC1CF-B478-3CB2-B4EB-3512088F0702}
		{75676EC7-E9CE-37D6-91C8-47FAC10AC365}.3 = {A43969B8-939C-347D-B601-370C7677428B}
		{5FEA4E86-EF8A-3671-B1E3-5818442B9764}.0 = {D963B412-82C4-3044-9871-B03AE2F34B44}
		{5FEA4E86-EF8A-3671-B1E3-5818442B9764}.1 = {69811F5B-91AE-3950-8569-E77C4DA14A1C}
		{5FEA4E86-EF8A-3671-B1E3-5818442B9764}.2 = {646EC1CF-B478-3CB2-B4EB-3512088F0702}
		{5FEA4E86-EF8A-3671-B1E3-5818442B9764}.3 = {A43969B8-939C-347D-B601-370C7677428B}
		{122F5600-66C6-3659-A2D9-1362EEE4451F}.0 = {76A79229-5437-34C9-96BD-28D3C52E1A78}
		{122F5600-66C6-3659-A2D9-1362EEE4451F}.1 = {D963B412-82C4-3044-9871-B03AE2F34B44}
		{122F5600-66C6-3659-A2D9-1362EEE4451F}.2 = {5194A4F1-E48D-376C-96B8-0D00E664B54E}
		{122F5600-66C6-3659-A2D9-1362EEE4451F}.3 = {EBBB2C3F-7803-311B-8BDA-983EBAAC11AB}
		{122F5600-66C6-3659-A2D9-1362EEE4451F}.4 = {69811F5B-91AE-3950-8569-E77C4DA14A1C}
		{122F5600-66C6-3659-A2D9-1362EEE4451F}.5 = {646EC1CF-B478-3CB2-B4EB-3512088F0702}
		{122F5600-66C6-3659-A2D9-1362EEE4451F}.6 = {A43969B8-939C-347D-B601-370C7677428B}
		{EEE0DC7E-2385-3DCD-81B4-7783AC7419A4}.0 = {7D6049B5-5BD2-3F27-A2CE-978448B6B84A}
		{1FEE36CF-EE36-3FC0-BFB9-17C7BE4301F6}.0 = {D963B412-82C4-3044-9871-B03AE2F34B44}
		{1FEE36CF-EE36-3FC0-BFB9-17C7BE4301F6}.1 = {DD50FC17-B173-34B1-B6CB-160F0AA5BA41}
		{1FEE36CF-EE36-3FC0-BFB9-17C7BE4301F6}.2 = {A43969B8-939C-347D-B601-370C7677428B}
		{EC45F56E-2E10-3345-8410-F7D314DE478F}.0 = {D963B412-82C4-3044-9871-B03AE2F34B44}
		{EC45F56E-2E10-3345-8410-F7D314DE478F}.1 = {DD50FC17-B173-34B1-B6CB-160F0AA5BA41}
		{EC45F56E-2E10-3345-8410-F7D314DE478F}.2 = {A43969B8-939C-347D-B601-370C7677428B}
		{A9F3117D-8D54-3914-A873-F28911EC45F4}.0 = {D963B412-82C4-3044-9871-B03AE2F34B44}
		{A9F3117D-8D54-3914-A873-F28911EC45F4}.1 = {69480185-6E28-3E51-888F-00DD481349A8}
		{A9F3117D-8D54-3914-A873-F28911EC45F4}.2 = {5194A4F1-E48D-376C-96B8-0D00E664B54E}
		{A9F3117D-8D54-3914-A873-F28911EC45F4}.3 = {FB7F251F-0758-33B1-B83A-CB521CE61C77}
		{A9F3117D-8D54-3914-A873-F28911EC45F4}.4 = {DD50FC17-B173-34B1-B6CB-160F0AA5BA41}
		{A9F3117D-8D54-3914-A873-F28911EC45F4}.5 = {646EC1CF-B478-3CB2-B4EB-3512088F0702}
		{A9F3117D-8D54-3914-A873-F28911EC45F4}.6 = {A43969B8-939C-347D-B601-370C7677428B}
		{A9F3117D-8D54-3914-A873-F28911EC45F4}.7 = {8BE25F9A-A30C-38C3-8E86-82932C136644}
		{BCE8CDE2-D403-3A0F-9600-BF4D11F90DB4}.0 = {D963B412-82C4-3044-9871-B03AE2F34B44}
		{BCE8CDE2-D403-3A0F-9600-BF4D11F90DB4}.1 = {69480185-6E28-3E51-888F-00DD481349A8}
		{BCE8CDE2-D403-3A0F-9600-BF4D11F90DB4}.2 = {5194A4F1-E48D-376C-96B8-0D00E664B54E}
		{BCE8CDE2-D403-3A0F-9600-BF4D11F90DB4}.3 = {FB7F251F-0758-33B1-B83A-CB521CE61C77}
		{BCE8CDE2-D403-3A0F-9600-BF4D11F90DB4}.4 = {BECC41B0-CECD-3154-84B8-A097FF04D365}
		{BCE8CDE2-D403-3A0F-9600-BF4D11F90DB4}.5 = {6B308D0E-3303-3EEB-9622-590B82697374}
		{BCE8CDE2-D403-3A0F-9600-BF4D11F90DB4}.6 = {1CCEDE7C-6A94-3C3E-BFBD-6F46506A3989}
		{BCE8CDE2-D403-3A0F-9600-BF4D11F90DB4}.7 = {DD50FC17-B173-34B1-B6CB-160F0AA5BA41}
		{BCE8CDE2-D403-3A0F-9600-BF4D11F90DB4}.8 = {646EC1CF-B478-3CB2-B4EB-3512088F0702}
		{BCE8CDE2-D403-3A0F-9600-BF4D11F90DB4}.9 = {EEB8E462-C18C-3624-B734-1474329338D6}
		{BCE8CDE2-D403-3A0F-9600-BF4D11F90DB4}.10 = {A43969B8-939C-347D-B601-370C7677428B}
		{3D66791C-562F-3D4E-97D1-CFBAABD115FC}.0 = {D963B412-82C4-3044-9871-B03AE2F34B44}
		{3D66791C-562F-3D4E-97D1-CFBAABD115FC}.1 = {BECC41B0-CECD-3154-84B8-A097FF04D365}
		{3D66791C-562F-3D4E-97D1-CFBAABD115FC}.2 = {1CCEDE7C-6A94-3C3E-BFBD-6F46506A3989}
		{3D66791C-562F-3D4E-97D1-CFBAABD115FC}.3 = {DD50FC17-B173-34B1-B6CB-160F0AA5BA41}
		{3D66791C-562F-3D4E-97D1-CFBAABD115FC}.4 = {646EC1CF-B478-3CB2-B4EB-3512088F0702}
		{3D66791C-562F-3D4E-97D1-CFBAABD115FC}.5 = {EEB8E462-C18C-3624-B734-1474329338D6}
		{3D66791C-562F-3D4E-97D1-CFBAABD115FC}.6 = {A43969B8-939C-347D-B601-370C7677428B}
		{B2E0E7A7-99D1-3C6D-A75B-D3CA8C67A1DE}.0 = {D963B412-82C4-3044-9871-B03AE2F34B44}
		{B2E0E7A7-99D1-3C6D-A75B-D3CA8C67A1DE}.1 = {BECC41B0-CECD-3154-84B8-A097FF04D365}
		{B2E0E7A7-99D1-3C6D-A75B-D3CA8C67A1DE}.2 = {1CCEDE7C-6A94-3C3E-BFBD-6F46506A3989}
		{B2E0E7A7-99D1-3C6D-A75B-D3CA8C67A1DE}.3 = {DD50FC17-B173-34B1-B6CB-160F0AA5BA41}
		{B2E0E7A7-99D1-3C6D-A75B-D3CA8C67A1DE}.4 = {646EC1CF-B478-3CB2-B4EB-3512088F0702}
		{B2E0E7A7-99D1-3C6D-A75B-D3CA8C67A1DE}.5 = {EEB8E462-C18C-3624-B734-1474329338D6}
		{B2E0E7A7-99D1-3C6D-A75B-D3CA8C67A1DE}.6 = {A43969B8-939C-347D-B601-370C7677428B}
		{147BB555-2BE5-3507-8702-F74259BB93B8}.0 = {D963B412-82C4-3044-9871-B03AE2F34B44}
		{147BB555-2BE5-3507-8702-F74259BB93B8}.1 = {69480185-6E28-3E51-888F-00DD481349A8}
		{147BB555-2BE5-3507-8702-F74259BB93B8}.2 = {5194A4F1-E48D-376C-96B8-0D00E664B54E}
		{147BB555-2BE5-3507-8702-F74259BB93B8}.3 = {FB7F251F-0758-33B1-B83A-CB521CE61C77}
		{147BB555-2BE5-3507-8702-F74259BB93B8}.4 = {BECC41B0-CECD-3154-84B8-A097FF04D365}
		{147BB555-2BE5-3507-8702-F74259BB93B8}.5 = {1CCEDE7C-6A94-3C3E-BFBD-6F46506A3989}
		{147BB555-2BE5-3507-8702-F74259BB93B8}.6 = {DD50FC17-B173-34B1-B6CB-160F0AA5BA41}
		{147BB555-2BE5-3507-8702-F74259BB93B8}.7 = {646EC1CF-B478-3CB2-B4EB-3512088F0702}
		{147BB555-2BE5-3507-8702-F74259BB93B8}.8 = {A43969B8-939C-347D-B601-370C7677428B}
		{8BE25F9A-A30C-38C3-8E86-82932C136644}.0 = {D963B412-82C4-3044-9871-B03AE2F34B44}
		{8BE25F9A-A30C-38C3-8E86-82932C136644}.1 = {DD50FC17-B173-34B1-B6CB-160F0AA5BA41}
		{8BE25F9A-A30C-38C3-8E86-82932C136644}.2 = {646EC1CF-B478-3CB2-B4EB-3512088F0702}
		{8BE25F9A-A30C-38C3-8E86-82932C136644}.3 = {A43969B8-939C-347D-B601-370C7677428B}
		{6B1DEB79-0CFD-3424-8219-B92E0909A0A6}.0 = {D963B412-82C4-3044-9871-B03AE2F34B44}
		{6B1DEB79-0CFD-3424-8219-B92E0909A0A6}.1 = {69480185-6E28-3E51-888F-00DD481349A8}
		{6B1DEB79-0CFD-3424-8219-B92E0909A0A6}.2 = {5194A4F1-E48D-376C-96B8-0D00E664B54E}
		{6B1DEB79-0CFD-3424-8219-B92E0909A0A6}.3 = {096402A2-7CC0-391D-9528-F66515A97A8F}
		{6B1DEB79-0CFD-3424-8219-B92E0909A0A6}.4 = {DD50FC17-B173-34B1-B6CB-160F0AA5BA41}
		{6B1DEB79-0CFD-3424-8219-B92E0909A0A6}.5 = {646EC1CF-B478-3CB2-B4EB-3512088F0702}
		{6B1DEB79-0CFD-3424-8219-B92E0909A0A6}.6 = {A43969B8-939C-347D-B601-370C7677428B}
		{27ACBB13-9B99-31D3-8C78-74998E60F40D}.0 = {D963B412-82C4-3044-9871-B03AE2F34B44}
		{27ACBB13-9B99-31D3-8C78-74998E60F40D}.1 = {69480185-6E28-3E51-888F-00DD481349A8}
		{27ACBB13-9B99-31D3-8C78-74998E60F40D}.2 = {5194A4F1-E48D-376C-96B8-0D00E664B54E}
		{27ACBB13-9B99-31D3-8C78-74998E60F40D}.3 = {FB7F251F-0758-33B1-B83A-CB521CE61C77}
		{27ACBB13-9B99-31D3-8C78-74998E60F40D}.4 = {FAE17185-516A-3EF8-A52C-158462CAA670}
		{27ACBB13-9B99-31D3-8C78-74998E60F40D}.5 = {6B1DEB79-0CFD-3424-8219-B92E0909A0A6}
		{27ACBB13-9B99-31D3-8C78-74998E60F40D}.6 = {096402A2-7CC0-391D-9528-F66515A97A8F}
		{27ACBB13-9B99-31D3-8C78-74998E60F40D}.7 = {DD50FC17-B173-34B1-B6CB-160F0AA5BA41}
		{27ACBB13-9B99-31D3-8C78-74998E60F40D}.8 = {646EC1CF-B478-3CB2-B4EB-3512088F0702}
		{27ACBB13-9B99-31D3-8C78-74998E60F40D}.9 = {EEB8E462-C18C-3624-B734-1474329338D6}
		{27ACBB13-9B99-31D3-8C78-74998E60F40D}.10 = {A43969B8-939C-347D-B601-370C7677428B}
		{FAE17185-516A-3EF8-A52C-158462CAA670}.0 = {D963B412-82C4-3044-9871-B03AE2F34B44}
		{FAE17185-516A-3EF8-A52C-158462CAA670}.1 = {69480185-6E28-3E51-888F-00DD481349A8}
		{FAE17185-516A-3EF8-A52C-158462CAA670}.2 = {5194A4F1-E48D-376C-96B8-0D00E664B54E}
		{FAE17185-516A-3EF8-A52C-158462CAA670}.3 = {6B1DEB79-0CFD-3424-8219-B92E0909A0A6}
		{FAE17185-516A-3EF8-A52C-158462CAA670}.4 = {096402A2-7CC0-391D-9528-F66515A97A8F}
		{FAE17185-516A-3EF8-A52C-158462CAA670}.5 = {DD50FC17-B173-34B1-B6CB-160F0AA5BA41}
		{FAE17185-516A-3EF8-A52C-158462CAA670}.6 = {646EC1CF-B478-3CB2-B4EB-3512088F0702}
		{FAE17185-516A-3EF8-A52C-158462CAA670}.7 = {A43969B8-939C-347D-B601-370C7677428B}
		{FAE17185-516A-3EF8-A52C-158462CAA670}.8 = {6B1DEB79-0CFD-3424-8219-B92E0909A0A6}
		{B04EF7B9-4831-3B1A-958E-9CF0A8C95EEE}.0 = {D963B412-82C4-3044-9871-B03AE2F34B44}
		{B04EF7B9-4831-3B1A-958E-9CF0A8C95EEE}.1 = {096402A2-7CC0-391D-9528-F66515A97A8F}
		{B04EF7B9-4831-3B1A-958E-9CF0A8C95EEE}.2 = {DD50FC17-B173-34B1-B6CB-160F0AA5BA41}
		{B04EF7B9-4831-3B1A-958E-9CF0A8C95EEE}.3 = {646EC1CF-B478-3CB2-B4EB-3512088F0702}
		{B04EF7B9-4831-3B1A-958E-9CF0A8C95EEE}.4 = {A43969B8-939C-347D-B601-370C7677428B}
		{B04EF7B9-4831-3B1A-958E-9CF0A8C95EEE}.5 = {6B1DEB79-0CFD-3424-8219-B92E0909A0A6}
		{B04EF7B9-4831-3B1A-958E-9CF0A8C95EEE}.6 = {69811F5B-91AE-3950-8569-E77C4DA14A1C}
		{99A9669C-2E80-39A5-BCE5-0E2A86CFDB75}.0 = {D963B412-82C4-3044-9871-B03AE2F34B44}
		{99A9669C-2E80-39A5-BCE5-0E2A86CFDB75}.1 = {69480185-6E28-3E51-888F-00DD481349A8}
		{99A9669C-2E80-39A5-BCE5-0E2A86CFDB75}.2 = {6B308D0E-3303-3EEB-9622-590B82697374}
		{99A9669C-2E80-39A5-BCE5-0E2A86CFDB75}.3 = {096402A2-7CC0-391D-9528-F66515A97A8F}
		{99A9669C-2E80-39A5-BCE5-0E2A86CFDB75}.4 = {DD50FC17-B173-34B1-B6CB-160F0AA5BA41}
		{99A9669C-2E80-39A5-BCE5-0E2A86CFDB75}.5 = {646EC1CF-B478-3CB2-B4EB-3512088F0702}
		{99A9669C-2E80-39A5-BCE5-0E2A86CFDB75}.6 = {A43969B8-939C-347D-B601-370C7677428B}
		{99A9669C-2E80-39A5-BCE5-0E2A86CFDB75}.7 = {6B1DEB79-0CFD-3424-8219-B92E0909A0A6}
		{B3356C0C-3303-3C37-A408-36D8EED78C2C}.0 = {D963B412-82C4-3044-9871-B03AE2F34B44}
		{B3356C0C-3303-3C37-A408-36D8EED78C2C}.1 = {DD949314-C135-3AC0-8499-BA1EC536A6B3}
		{B3356C0C-3303-3C37-A408-36D8EED78C2C}.2 = {096402A2-7CC0-391D-9528-F66515A97A8F}
		{B3356C0C-3303-3C37-A408-36D8EED78C2C}.3 = {DD50FC17-B173-34B1-B6CB-160F0AA5BA41}
		{B3356C0C-3303-3C37-A408-36D8EED78C2C}.4 = {646EC1CF-B478-3CB2-B4EB-3512088F0702}
		{B3356C0C-3303-3C37-A408-36D8EED78C2C}.5 = {A43969B8-939C-347D-B601-370C7677428B}
		{B3356C0C-3303-3C37-A408-36D8EED78C2C}.6 = {6B1DEB79-0CFD-3424-8219-B92E0909A0A6}
	EndGlobalSection
	GlobalSection(ProjectConfiguration) = postSolution
		{7D6049B5-5BD2-3F27-A2CE-978448B6B84A}.Debug|Win32.ActiveCfg = Debug|Win32
		{7D6049B5-5BD2-3F27-A2CE-978448B6B84A}.Debug|Win32.Build.0 = Debug|Win32
		{7D6049B5-5BD2-3F27-A2CE-978448B6B84A}.Release|Win32.ActiveCfg = Release|Win32
		{7D6049B5-5BD2-3F27-A2CE-978448B6B84A}.Release|Win32.Build.0 = Release|Win32
		{D963B412-82C4-3044-9871-B03AE2F34B44}.Debug|Win32.ActiveCfg = Debug|Win32
		{D963B412-82C4-3044-9871-B03AE2F34B44}.Debug|Win32.Build.0 = Debug|Win32
		{D963B412-82C4-3044-9871-B03AE2F34B44}.Release|Win32.ActiveCfg = Release|Win32
		{D963B412-82C4-3044-9871-B03AE2F34B44}.Release|Win32.Build.0 = Release|Win32
		{69480185-6E28-3E51-888F-00DD481349A8}.Debug|Win32.ActiveCfg = Debug|Win32
		{69480185-6E28-3E51-888F-00DD481349A8}.Debug|Win32.Build.0 = Debug|Win32
		{69480185-6E28-3E51-888F-00DD481349A8}.Release|Win32.ActiveCfg = Release|Win32
		{69480185-6E28-3E51-888F-00DD481349A8}.Release|Win32.Build.0 = Release|Win32
		{5194A4F1-E48D-376C-96B8-0D00E664B54E}.Debug|Win32.ActiveCfg = Debug|Win32
		{5194A4F1-E48D-376C-96B8-0D00E664B54E}.Debug|Win32.Build.0 = Debug|Win32
		{5194A4F1-E48D-376C-96B8-0D00E664B54E}.Release|Win32.ActiveCfg = Release|Win32
		{5194A4F1-E48D-376C-96B8-0D00E664B54E}.Release|Win32.Build.0 = Release|Win32
		{FB7F251F-0758-33B1-B83A-CB521CE61C77}.Debug|Win32.ActiveCfg = Debug|Win32
		{FB7F251F-0758-33B1-B83A-CB521CE61C77}.Debug|Win32.Build.0 = Debug|Win32
		{FB7F251F-0758-33B1-B83A-CB521CE61C77}.Release|Win32.ActiveCfg = Release|Win32
		{FB7F251F-0758-33B1-B83A-CB521CE61C77}.Release|Win32.Build.0 = Release|Win32
		{A43969B8-939C-347D-B601-370C7677428B}.Debug|Win32.ActiveCfg = Debug|Win32
		{A43969B8-939C-347D-B601-370C7677428B}.Debug|Win32.Build.0 = Debug|Win32
		{A43969B8-939C-347D-B601-370C7677428B}.Release|Win32.ActiveCfg = Release|Win32
		{A43969B8-939C-347D-B601-370C7677428B}.Release|Win32.Build.0 = Release|Win32
		{DD50FC17-B173-34B1-B6CB-160F0AA5BA41}.Debug|Win32.ActiveCfg = Debug|Win32
		{DD50FC17-B173-34B1-B6CB-160F0AA5BA41}.Debug|Win32.Build.0 = Debug|Win32
		{DD50FC17-B173-34B1-B6CB-160F0AA5BA41}.Release|Win32.ActiveCfg = Release|Win32
		{DD50FC17-B173-34B1-B6CB-160F0AA5BA41}.Release|Win32.Build.0 = Release|Win32
		{EEB8E462-C18C-3624-B734-1474329338D6}.Debug|Win32.ActiveCfg = Debug|Win32
		{EEB8E462-C18C-3624-B734-1474329338D6}.Debug|Win32.Build.0 = Debug|Win32
		{EEB8E462-C18C-3624-B734-1474329338D6}.Release|Win32.ActiveCfg = Release|Win32
		{EEB8E462-C18C-3624-B734-1474329338D6}.Release|Win32.Build.0 = Release|Win32
		{1CCEDE7C-6A94-3C3E-BFBD-6F46506A3989}.Debug|Win32.ActiveCfg = Debug|Win32
		{1CCEDE7C-6A94-3C3E-BFBD-6F46506A3989}.Debug|Win32.Build.0 = Debug|Win32
		{1CCEDE7C-6A94-3C3E-BFBD-6F46506A3989}.Release|Win32.ActiveCfg = Release|Win32
		{1CCEDE7C-6A94-3C3E-BFBD-6F46506A3989}.Release|Win32.Build.0 = Release|Win32
		{D1E701A7-FA9C-3C61-B41F-B81BA3F26A1A}.Debug|Win32.ActiveCfg = Debug|Win32
		{D1E701A7-FA9C-3C61-B41F-B81BA3F26A1A}.Debug|Win32.Build.0 = Debug|Win32
		{D1E701A7-FA9C-3C61-B41F-B81BA3F26A1A}.Release|Win32.ActiveCfg = Release|Win32
		{D1E701A7-FA9C-3C61-B41F-B81BA3F26A1A}.Release|Win32.Build.0 = Release|Win32
		{646EC1CF-B478-3CB2-B4EB-3512088F0702}.Debug|Win32.ActiveCfg = Debug|Win32
		{646EC1CF-B478-3CB2-B4EB-3512088F0702}.Debug|Win32.Build.0 = Debug|Win32
		{646EC1CF-B478-3CB2-B4EB-3512088F0702}.Release|Win32.ActiveCfg = Release|Win32
		{646EC1CF-B478-3CB2-B4EB-3512088F0702}.Release|Win32.Build.0 = Release|Win32
		{76A79229-5437-34C9-96BD-28D3C52E1A78}.Debug|Win32.ActiveCfg = Debug|Win32
		{76A79229-5437-34C9-96BD-28D3C52E1A78}.Debug|Win32.Build.0 = Debug|Win32
		{76A79229-5437-34C9-96BD-28D3C52E1A78}.Release|Win32.ActiveCfg = Release|Win32
		{76A79229-5437-34C9-96BD-28D3C52E1A78}.Release|Win32.Build.0 = Release|Win32
		{D76C7CD4-2B80-344B-A3E6-FF8994850807}.Debug|Win32.ActiveCfg = Debug|Win32
		{D76C7CD4-2B80-344B-A3E6-FF8994850807}.Debug|Win32.Build.0 = Debug|Win32
		{D76C7CD4-2B80-344B-A3E6-FF8994850807}.Release|Win32.ActiveCfg = Release|Win32
		{D76C7CD4-2B80-344B-A3E6-FF8994850807}.Release|Win32.Build.0 = Release|Win32
		{6A3297DD-5E04-3D1F-B180-5308B5C4C8AB}.Debug|Win32.ActiveCfg = Debug|Win32
		{6A3297DD-5E04-3D1F-B180-5308B5C4C8AB}.Debug|Win32.Build.0 = Debug|Win32
		{6A3297DD-5E04-3D1F-B180-5308B5C4C8AB}.Release|Win32.ActiveCfg = Release|Win32
		{6A3297DD-5E04-3D1F-B180-5308B5C4C8AB}.Release|Win32.Build.0 = Release|Win32
		{31A2A5F7-7A2B-3F96-8F3B-ED3B86B9D451}.Debug|Win32.ActiveCfg = Debug|Win32
		{31A2A5F7-7A2B-3F96-8F3B-ED3B86B9D451}.Debug|Win32.Build.0 = Debug|Win32
		{31A2A5F7-7A2B-3F96-8F3B-ED3B86B9D451}.Release|Win32.ActiveCfg = Release|Win32
		{31A2A5F7-7A2B-3F96-8F3B-ED3B86B9D451}.Release|Win32.Build.0 = Release|Win32
		{5E2C79D6-9D19-36A3-AF26-997DC2D343CB}.Debug|Win32.ActiveCfg = Debug|Win32
		{5E2C79D6-9D19-36A3-AF26-997DC2D343CB}.Debug|Win32.Build.0 = Debug|Win32
		{5E2C79D6-9D19-36A3-AF26-997DC2D343CB}.Release|Win32.ActiveCfg = Release|Win32
		{5E2C79D6-9D19-36A3-AF26-997DC2D343CB}.Release|Win32.Build.0 = Release|Win32
		{096402A2-7CC0-391D-9528-F66515A97A8F}.Debug|Win32.ActiveCfg = Debug|Win32
		{096402A2-7CC0-391D-9528-F66515A97A8F}.Debug|Win32.Build.0 = Debug|Win32
		{096402A2-7CC0-391D-9528-F66515A97A8F}.Release|Win32.ActiveCfg = Release|Win32
		{096402A2-7CC0-391D-9528-F66515A97A8F}.Release|Win32.Build.0 = Release|Win32
		{DD949314-C135-3AC0-8499-BA1EC536A6B3}.Debug|Win32.ActiveCfg = Debug|Win32
		{DD949314-C135-3AC0-8499-BA1EC536A6B3}.Debug|Win32.Build.0 = Debug|Win32
		{DD949314-C135-3AC0-8499-BA1EC536A6B3}.Release|Win32.ActiveCfg = Release|Win32
		{DD949314-C135-3AC0-8499-BA1EC536A6B3}.Release|Win32.Build.0 = Release|Win32
		{F9A94421-DE18-33FD-8044-33AE86E9FE01}.Debug|Win32.ActiveCfg = Debug|Win32
		{F9A94421-DE18-33FD-8044-33AE86E9FE01}.Debug|Win32.Build.0 = Debug|Win32
		{F9A94421-DE18-33FD-8044-33AE86E9FE01}.Release|Win32.ActiveCfg = Release|Win32
		{F9A94421-DE18-33FD-8044-33AE86E9FE01}.Release|Win32.Build.0 = Release|Win32
		{6B308D0E-3303-3EEB-9622-590B82697374}.Debug|Win32.ActiveCfg = Debug|Win32
		{6B308D0E-3303-3EEB-9622-590B82697374}.Debug|Win32.Build.0 = Debug|Win32
		{6B308D0E-3303-3EEB-9622-590B82697374}.Release|Win32.ActiveCfg = Release|Win32
		{6B308D0E-3303-3EEB-9622-590B82697374}.Release|Win32.Build.0 = Release|Win32
		{904E08AB-278B-32D5-9B14-33817446FBA7}.Debug|Win32.ActiveCfg = Debug|Win32
		{904E08AB-278B-32D5-9B14-33817446FBA7}.Debug|Win32.Build.0 = Debug|Win32
		{904E08AB-278B-32D5-9B14-33817446FBA7}.Release|Win32.ActiveCfg = Release|Win32
		{904E08AB-278B-32D5-9B14-33817446FBA7}.Release|Win32.Build.0 = Release|Win32
		{C0CC79D1-74AE-384E-9491-C7D473CD4D0A}.Debug|Win32.ActiveCfg = Debug|Win32
		{C0CC79D1-74AE-384E-9491-C7D473CD4D0A}.Debug|Win32.Build.0 = Debug|Win32
		{C0CC79D1-74AE-384E-9491-C7D473CD4D0A}.Release|Win32.ActiveCfg = Release|Win32
		{C0CC79D1-74AE-384E-9491-C7D473CD4D0A}.Release|Win32.Build.0 = Release|Win32
		{5B4F4C57-542F-3397-8677-48928CBD8B4A}.Debug|Win32.ActiveCfg = Debug|Win32
		{5B4F4C57-542F-3397-8677-48928CBD8B4A}.Debug|Win32.Build.0 = Debug|Win32
		{5B4F4C57-542F-3397-8677-48928CBD8B4A}.Release|Win32.ActiveCfg = Release|Win32
		{5B4F4C57-542F-3397-8677-48928CBD8B4A}.Release|Win32.Build.0 = Release|Win32
		{69811F5B-91AE-3950-8569-E77C4DA14A1C}.Debug|Win32.ActiveCfg = Debug|Win32
		{69811F5B-91AE-3950-8569-E77C4DA14A1C}.Debug|Win32.Build.0 = Debug|Win32
		{69811F5B-91AE-3950-8569-E77C4DA14A1C}.Release|Win32.ActiveCfg = Release|Win32
		{69811F5B-91AE-3950-8569-E77C4DA14A1C}.Release|Win32.Build.0 = Release|Win32
		{EBBB2C3F-7803-311B-8BDA-983EBAAC11AB}.Debug|Win32.ActiveCfg = Debug|Win32
		{EBBB2C3F-7803-311B-8BDA-983EBAAC11AB}.Debug|Win32.Build.0 = Debug|Win32
		{EBBB2C3F-7803-311B-8BDA-983EBAAC11AB}.Release|Win32.ActiveCfg = Release|Win32
		{EBBB2C3F-7803-311B-8BDA-983EBAAC11AB}.Release|Win32.Build.0 = Release|Win32
		{1BD7CDEE-755F-3617-BD33-704CCBE9AB14}.Debug|Win32.ActiveCfg = Debug|Win32
		{1BD7CDEE-755F-3617-BD33-704CCBE9AB14}.Debug|Win32.Build.0 = Debug|Win32
		{1BD7CDEE-755F-3617-BD33-704CCBE9AB14}.Release|Win32.ActiveCfg = Release|Win32
		{1BD7CDEE-755F-3617-BD33-704CCBE9AB14}.Release|Win32.Build.0 = Release|Win32
		{D90031DD-4E07-3251-863A-F3693B39A9AD}.Debug|Win32.ActiveCfg = Debug|Win32
		{D90031DD-4E07-3251-863A-F3693B39A9AD}.Debug|Win32.Build.0 = Debug|Win32
		{D90031DD-4E07-3251-863A-F3693B39A9AD}.Release|Win32.ActiveCfg = Release|Win32
		{D90031DD-4E07-3251-863A-F3693B39A9AD}.Release|Win32.Build.0 = Release|Win32
		{CF2E6057-27BB-3E7D-AB01-B450D142E864}.Debug|Win32.ActiveCfg = Debug|Win32
		{CF2E6057-27BB-3E7D-AB01-B450D142E864}.Debug|Win32.Build.0 = Debug|Win32
		{CF2E6057-27BB-3E7D-AB01-B450D142E864}.Release|Win32.ActiveCfg = Release|Win32
		{CF2E6057-27BB-3E7D-AB01-B450D142E864}.Release|Win32.Build.0 = Release|Win32
		{3C1A1B65-E176-3301-8DDF-838753F84636}.Debug|Win32.ActiveCfg = Debug|Win32
		{3C1A1B65-E176-3301-8DDF-838753F84636}.Debug|Win32.Build.0 = Debug|Win32
		{3C1A1B65-E176-3301-8DDF-838753F84636}.Release|Win32.ActiveCfg = Release|Win32
		{3C1A1B65-E176-3301-8DDF-838753F84636}.Release|Win32.Build.0 = Release|Win32
		{E5BDE086-236D-3507-B0F0-B35AEDCDB930}.Debug|Win32.ActiveCfg = Debug|Win32
		{E5BDE086-236D-3507-B0F0-B35AEDCDB930}.Debug|Win32.Build.0 = Debug|Win32
		{E5BDE086-236D-3507-B0F0-B35AEDCDB930}.Release|Win32.ActiveCfg = Release|Win32
		{E5BDE086-236D-3507-B0F0-B35AEDCDB930}.Release|Win32.Build.0 = Release|Win32
		{6012334F-208E-375E-A1DB-A64AF0AD4741}.Debug|Win32.ActiveCfg = Debug|Win32
		{6012334F-208E-375E-A1DB-A64AF0AD4741}.Debug|Win32.Build.0 = Debug|Win32
		{6012334F-208E-375E-A1DB-A64AF0AD4741}.Release|Win32.ActiveCfg = Release|Win32
		{6012334F-208E-375E-A1DB-A64AF0AD4741}.Release|Win32.Build.0 = Release|Win32
		{F43F25FE-7625-3132-ADB9-06F15E33EDEA}.Debug|Win32.ActiveCfg = Debug|Win32
		{F43F25FE-7625-3132-ADB9-06F15E33EDEA}.Debug|Win32.Build.0 = Debug|Win32
		{F43F25FE-7625-3132-ADB9-06F15E33EDEA}.Release|Win32.ActiveCfg = Release|Win32
		{F43F25FE-7625-3132-ADB9-06F15E33EDEA}.Release|Win32.Build.0 = Release|Win32
		{DBA84D53-BE76-3BA8-8BA9-0DC7AFEDDC41}.Debug|Win32.ActiveCfg = Debug|Win32
		{DBA84D53-BE76-3BA8-8BA9-0DC7AFEDDC41}.Debug|Win32.Build.0 = Debug|Win32
		{DBA84D53-BE76-3BA8-8BA9-0DC7AFEDDC41}.Release|Win32.ActiveCfg = Release|Win32
		{DBA84D53-BE76-3BA8-8BA9-0DC7AFEDDC41}.Release|Win32.Build.0 = Release|Win32
		{2C4ACCF9-8CE9-3967-80EE-71BCDD3E15E9}.Debug|Win32.ActiveCfg = Debug|Win32
		{2C4ACCF9-8CE9-3967-80EE-71BCDD3E15E9}.Debug|Win32.Build.0 = Debug|Win32
		{2C4ACCF9-8CE9-3967-80EE-71BCDD3E15E9}.Release|Win32.ActiveCfg = Release|Win32
		{2C4ACCF9-8CE9-3967-80EE-71BCDD3E15E9}.Release|Win32.Build.0 = Release|Win32
		{F2C5F84D-9682-3CA4-B22D-0345A9C3DFB1}.Debug|Win32.ActiveCfg = Debug|Win32
		{F2C5F84D-9682-3CA4-B22D-0345A9C3DFB1}.Debug|Win32.Build.0 = Debug|Win32
		{F2C5F84D-9682-3CA4-B22D-0345A9C3DFB1}.Release|Win32.ActiveCfg = Release|Win32
		{F2C5F84D-9682-3CA4-B22D-0345A9C3DFB1}.Release|Win32.Build.0 = Release|Win32
		{082E9608-5ADD-3749-AE1B-B86543DC9EF7}.Debug|Win32.ActiveCfg = Debug|Win32
		{082E9608-5ADD-3749-AE1B-B86543DC9EF7}.Debug|Win32.Build.0 = Debug|Win32
		{082E9608-5ADD-3749-AE1B-B86543DC9EF7}.Release|Win32.ActiveCfg = Release|Win32
		{082E9608-5ADD-3749-AE1B-B86543DC9EF7}.Release|Win32.Build.0 = Release|Win32
		{E09C081B-D213-3FBD-B1A5-AC85A796D227}.Debug|Win32.ActiveCfg = Debug|Win32
		{E09C081B-D213-3FBD-B1A5-AC85A796D227}.Debug|Win32.Build.0 = Debug|Win32
		{E09C081B-D213-3FBD-B1A5-AC85A796D227}.Release|Win32.ActiveCfg = Release|Win32
		{E09C081B-D213-3FBD-B1A5-AC85A796D227}.Release|Win32.Build.0 = Release|Win32
		{574A6BC8-2675-35E2-8544-045597A0F584}.Debug|Win32.ActiveCfg = Debug|Win32
		{574A6BC8-2675-35E2-8544-045597A0F584}.Debug|Win32.Build.0 = Debug|Win32
		{574A6BC8-2675-35E2-8544-045597A0F584}.Release|Win32.ActiveCfg = Release|Win32
		{574A6BC8-2675-35E2-8544-045597A0F584}.Release|Win32.Build.0 = Release|Win32
		{F0E2FEDE-C282-3F1B-8781-3B7498640C4D}.Debug|Win32.ActiveCfg = Debug|Win32
		{F0E2FEDE-C282-3F1B-8781-3B7498640C4D}.Debug|Win32.Build.0 = Debug|Win32
		{F0E2FEDE-C282-3F1B-8781-3B7498640C4D}.Release|Win32.ActiveCfg = Release|Win32
		{F0E2FEDE-C282-3F1B-8781-3B7498640C4D}.Release|Win32.Build.0 = Release|Win32
		{45C68DC7-18D7-37F3-A71B-0C0CC4BCAFB6}.Debug|Win32.ActiveCfg = Debug|Win32
		{45C68DC7-18D7-37F3-A71B-0C0CC4BCAFB6}.Debug|Win32.Build.0 = Debug|Win32
		{45C68DC7-18D7-37F3-A71B-0C0CC4BCAFB6}.Release|Win32.ActiveCfg = Release|Win32
		{45C68DC7-18D7-37F3-A71B-0C0CC4BCAFB6}.Release|Win32.Build.0 = Release|Win32
		{36F30F16-97A0-3943-8A9E-958C793003D0}.Debug|Win32.ActiveCfg = Debug|Win32
		{36F30F16-97A0-3943-8A9E-958C793003D0}.Debug|Win32.Build.0 = Debug|Win32
		{36F30F16-97A0-3943-8A9E-958C793003D0}.Release|Win32.ActiveCfg = Release|Win32
		{36F30F16-97A0-3943-8A9E-958C793003D0}.Release|Win32.Build.0 = Release|Win32
		{35B2DE43-4285-3428-A20E-436C350D63E0}.Debug|Win32.ActiveCfg = Debug|Win32
		{35B2DE43-4285-3428-A20E-436C350D63E0}.Debug|Win32.Build.0 = Debug|Win32
		{35B2DE43-4285-3428-A20E-436C350D63E0}.Release|Win32.ActiveCfg = Release|Win32
		{35B2DE43-4285-3428-A20E-436C350D63E0}.Release|Win32.Build.0 = Release|Win32
		{855EA2B2-40F8-30E6-A165-0334DB041508}.Debug|Win32.ActiveCfg = Debug|Win32
		{855EA2B2-40F8-30E6-A165-0334DB041508}.Debug|Win32.Build.0 = Debug|Win32
		{855EA2B2-40F8-30E6-A165-0334DB041508}.Release|Win32.ActiveCfg = Release|Win32
		{855EA2B2-40F8-30E6-A165-0334DB041508}.Release|Win32.Build.0 = Release|Win32
		{BA228B9F-9951-3DA0-BFB1-844531280E94}.Debug|Win32.ActiveCfg = Debug|Win32
		{BA228B9F-9951-3DA0-BFB1-844531280E94}.Debug|Win32.Build.0 = Debug|Win32
		{BA228B9F-9951-3DA0-BFB1-844531280E94}.Release|Win32.ActiveCfg = Release|Win32
		{BA228B9F-9951-3DA0-BFB1-844531280E94}.Release|Win32.Build.0 = Release|Win32
		{83DF3012-4718-3F95-BFFC-D6EAE78FEF79}.Debug|Win32.ActiveCfg = Debug|Win32
		{83DF3012-4718-3F95-BFFC-D6EAE78FEF79}.Debug|Win32.Build.0 = Debug|Win32
		{83DF3012-4718-3F95-BFFC-D6EAE78FEF79}.Release|Win32.ActiveCfg = Release|Win32
		{83DF3012-4718-3F95-BFFC-D6EAE78FEF79}.Release|Win32.Build.0 = Release|Win32
		{DB27DDD2-8396-383B-8ACC-4CF7E2D8F798}.Debug|Win32.ActiveCfg = Debug|Win32
		{DB27DDD2-8396-383B-8ACC-4CF7E2D8F798}.Debug|Win32.Build.0 = Debug|Win32
		{DB27DDD2-8396-383B-8ACC-4CF7E2D8F798}.Release|Win32.ActiveCfg = Release|Win32
		{DB27DDD2-8396-383B-8ACC-4CF7E2D8F798}.Release|Win32.Build.0 = Release|Win32
		{EDEE0996-660D-3F4E-B9EA-E006EA7F1EC6}.Debug|Win32.ActiveCfg = Debug|Win32
		{EDEE0996-660D-3F4E-B9EA-E006EA7F1EC6}.Debug|Win32.Build.0 = Debug|Win32
		{EDEE0996-660D-3F4E-B9EA-E006EA7F1EC6}.Release|Win32.ActiveCfg = Release|Win32
		{EDEE0996-660D-3F4E-B9EA-E006EA7F1EC6}.Release|Win32.Build.0 = Release|Win32
		{297C10A6-C9E2-36B8-A40D-9D6AFDBC8DAD}.Debug|Win32.ActiveCfg = Debug|Win32
		{297C10A6-C9E2-36B8-A40D-9D6AFDBC8DAD}.Debug|Win32.Build.0 = Debug|Win32
		{297C10A6-C9E2-36B8-A40D-9D6AFDBC8DAD}.Release|Win32.ActiveCfg = Release|Win32
		{297C10A6-C9E2-36B8-A40D-9D6AFDBC8DAD}.Release|Win32.Build.0 = Release|Win32
		{9E809DD0-7253-32B0-A449-E5B0CCBB4185}.Debug|Win32.ActiveCfg = Debug|Win32
		{9E809DD0-7253-32B0-A449-E5B0CCBB4185}.Debug|Win32.Build.0 = Debug|Win32
		{9E809DD0-7253-32B0-A449-E5B0CCBB4185}.Release|Win32.ActiveCfg = Release|Win32
		{9E809DD0-7253-32B0-A449-E5B0CCBB4185}.Release|Win32.Build.0 = Release|Win32
		{E17483B0-BC5D-327B-A1DC-F3738AA948D0}.Debug|Win32.ActiveCfg = Debug|Win32
		{E17483B0-BC5D-327B-A1DC-F3738AA948D0}.Debug|Win32.Build.0 = Debug|Win32
		{E17483B0-BC5D-327B-A1DC-F3738AA948D0}.Release|Win32.ActiveCfg = Release|Win32
		{E17483B0-BC5D-327B-A1DC-F3738AA948D0}.Release|Win32.Build.0 = Release|Win32
		{B3EE449E-AD7F-3824-91DB-5FE3729B6849}.Debug|Win32.ActiveCfg = Debug|Win32
		{B3EE449E-AD7F-3824-91DB-5FE3729B6849}.Debug|Win32.Build.0 = Debug|Win32
		{B3EE449E-AD7F-3824-91DB-5FE3729B6849}.Release|Win32.ActiveCfg = Release|Win32
		{B3EE449E-AD7F-3824-91DB-5FE3729B6849}.Release|Win32.Build.0 = Release|Win32
		{52CCA581-F005-38E9-A7C5-BCB2F914E9C9}.Debug|Win32.ActiveCfg = Debug|Win32
		{52CCA581-F005-38E9-A7C5-BCB2F914E9C9}.Debug|Win32.Build.0 = Debug|Win32
		{52CCA581-F005-38E9-A7C5-BCB2F914E9C9}.Release|Win32.ActiveCfg = Release|Win32
		{52CCA581-F005-38E9-A7C5-BCB2F914E9C9}.Release|Win32.Build.0 = Release|Win32
		{BECC41B0-CECD-3154-84B8-A097FF04D365}.Debug|Win32.ActiveCfg = Debug|Win32
		{BECC41B0-CECD-3154-84B8-A097FF04D365}.Debug|Win32.Build.0 = Debug|Win32
		{BECC41B0-CECD-3154-84B8-A097FF04D365}.Release|Win32.ActiveCfg = Release|Win32
		{BECC41B0-CECD-3154-84B8-A097FF04D365}.Release|Win32.Build.0 = Release|Win32
		{5372D557-1A2A-3568-A42B-D1FF6E053B48}.Debug|Win32.ActiveCfg = Debug|Win32
		{5372D557-1A2A-3568-A42B-D1FF6E053B48}.Debug|Win32.Build.0 = Debug|Win32
		{5372D557-1A2A-3568-A42B-D1FF6E053B48}.Release|Win32.ActiveCfg = Release|Win32
		{5372D557-1A2A-3568-A42B-D1FF6E053B48}.Release|Win32.Build.0 = Release|Win32
		{B7CE1F95-76D7-393E-B87D-BDCB9D3C45AA}.Debug|Win32.ActiveCfg = Debug|Win32
		{B7CE1F95-76D7-393E-B87D-BDCB9D3C45AA}.Debug|Win32.Build.0 = Debug|Win32
		{B7CE1F95-76D7-393E-B87D-BDCB9D3C45AA}.Release|Win32.ActiveCfg = Release|Win32
		{B7CE1F95-76D7-393E-B87D-BDCB9D3C45AA}.Release|Win32.Build.0 = Release|Win32
		{75676EC7-E9CE-37D6-91C8-47FAC10AC365}.Debug|Win32.ActiveCfg = Debug|Win32
		{75676EC7-E9CE-37D6-91C8-47FAC10AC365}.Debug|Win32.Build.0 = Debug|Win32
		{75676EC7-E9CE-37D6-91C8-47FAC10AC365}.Release|Win32.ActiveCfg = Release|Win32
		{75676EC7-E9CE-37D6-91C8-47FAC10AC365}.Release|Win32.Build.0 = Release|Win32
		{5FEA4E86-EF8A-3671-B1E3-5818442B9764}.Debug|Win32.ActiveCfg = Debug|Win32
		{5FEA4E86-EF8A-3671-B1E3-5818442B9764}.Debug|Win32.Build.0 = Debug|Win32
		{5FEA4E86-EF8A-3671-B1E3-5818442B9764}.Release|Win32.ActiveCfg = Release|Win32
		{5FEA4E86-EF8A-3671-B1E3-5818442B9764}.Release|Win32.Build.0 = Release|Win32
		{122F5600-66C6-3659-A2D9-1362EEE4451F}.Debug|Win32.ActiveCfg = Debug|Win32
		{122F5600-66C6-3659-A2D9-1362EEE4451F}.Debug|Win32.Build.0 = Debug|Win32
		{122F5600-66C6-3659-A2D9-1362EEE4451F}.Release|Win32.ActiveCfg = Release|Win32
		{122F5600-66C6-3659-A2D9-1362EEE4451F}.Release|Win32.Build.0 = Release|Win32
		{EEE0DC7E-2385-3DCD-81B4-7783AC7419A4}.Debug|Win32.ActiveCfg = Debug|Win32
		{EEE0DC7E-2385-3DCD-81B4-7783AC7419A4}.Debug|Win32.Build.0 = Debug|Win32
		{EEE0DC7E-2385-3DCD-81B4-7783AC7419A4}.Release|Win32.ActiveCfg = Release|Win32
		{EEE0DC7E-2385-3DCD-81B4-7783AC7419A4}.Release|Win32.Build.0 = Release|Win32
		{1FEE36CF-EE36-3FC0-BFB9-17C7BE4301F6}.Debug|Win32.ActiveCfg = Debug|Win32
		{1FEE36CF-EE36-3FC0-BFB9-17C7BE4301F6}.Debug|Win32.Build.0 = Debug|Win32
		{1FEE36CF-EE36-3FC0-BFB9-17C7BE4301F6}.Release|Win32.ActiveCfg = Release|Win32
		{1FEE36CF-EE36-3FC0-BFB9-17C7BE4301F6}.Release|Win32.Build.0 = Release|Win32
		{EC45F56E-2E10-3345-8410-F7D314DE478F}.Debug|Win32.ActiveCfg = Debug|Win32
		{EC45F56E-2E10-3345-8410-F7D314DE478F}.Debug|Win32.Build.0 = Debug|Win32
		{EC45F56E-2E10-3345-8410-F7D314DE478F}.Release|Win32.ActiveCfg = Release|Win32
		{EC45F56E-2E10-3345-8410-F7D314DE478F}.Release|Win32.Build.0 = Release|Win32
		{A9F3117D-8D54-3914-A873-F28911EC45F4}.Debug|Win32.ActiveCfg = Debug|Win32
		{A9F3117D-8D54-3914-A873-F28911EC45F4}.Debug|Win32.Build.0 = Debug|Win32
		{A9F3117D-8D54-3914-A873-F28911EC45F4}.Release|Win32.ActiveCfg = Release|Win32
		{A9F3117D-8D54-3914-A873-F28911EC45F4}.Release|Win32.Build.0 = Release|Win32
		{BCE8CDE2-D403-3A0F-9600-BF4D11F90DB4}.Debug|Win32.ActiveCfg = Debug|Win32
		{BCE8CDE2-D403-3A0F-9600-BF4D11F90DB4}.Debug|Win32.Build.0 = Debug|Win32
		{BCE8CDE2-D403-3A0F-9600-BF4D11F90DB4}.Release|Win32.ActiveCfg = Release|Win32
		{BCE8CDE2-D403-3A0F-9600-BF4D11F90DB4}.Release|Win32.Build.0 = Release|Win32
		{3D66791C-562F-3D4E-97D1-CFBAABD115FC}.Debug|Win32.ActiveCfg = Debug|Win32
		{3D66791C-562F-3D4E-97D1-CFBAABD115FC}.Debug|Win32.Build.0 = Debug|Win32
		{3D66791C-562F-3D4E-97D1-CFBAABD115FC}.Release|Win32.ActiveCfg = Release|Win32
		{3D66791C-562F-3D4E-97D1-CFBAABD115FC}.Release|Win32.Build.0 = Release|Win32
		{B2E0E7A7-99D1-3C6D-A75B-D3CA8C67A1DE}.Debug|Win32.ActiveCfg = Debug|Win32
		{B2E0E7A7-99D1-3C6D-A75B-D3CA8C67A1DE}.Debug|Win32.Build.0 = Debug|Win32
		{B2E0E7A7-99D1-3C6D-A75B-D3CA8C67A1DE}.Release|Win32.ActiveCfg = Release|Win32
		{B2E0E7A7-99D1-3C6D-A75B-D3CA8C67A1DE}.Release|Win32.Build.0 = Release|Win32
		{147BB555-2BE5-3507-8702-F74259BB93B8}.Debug|Win32.ActiveCfg = Debug|Win32
		{147BB555-2BE5-3507-8702-F74259BB93B8}.Debug|Win32.Build.0 = Debug|Win32
		{147BB555-2BE5-3507-8702-F74259BB93B8}.Release|Win32.ActiveCfg = Release|Win32
		{147BB555-2BE5-3507-8702-F74259BB93B8}.Release|Win32.Build.0 = Release|Win32
		{8BE25F9A-A30C-38C3-8E86-82932C136644}.Debug|Win32.ActiveCfg = Debug|Win32
		{8BE25F9A-A30C-38C3-8E86-82932C136644}.Debug|Win32.Build.0 = Debug|Win32
		{8BE25F9A-A30C-38C3-8E86-82932C136644}.Release|Win32.ActiveCfg = Release|Win32
		{8BE25F9A-A30C-38C3-8E86-82932C136644}.Release|Win32.Build.0 = Release|Win32
		{6B1DEB79-0CFD-3424-8219-B92E0909A0A6}.Debug|Win32.ActiveCfg = Debug|Win32
		{6B1DEB79-0CFD-3424-8219-B92E0909A0A6}.Debug|Win32.Build.0 = Debug|Win32
		{6B1DEB79-0CFD-3424-8219-B92E0909A0A6}.Release|Win32.ActiveCfg = Release|Win32
		{6B1DEB79-0CFD-3424-8219-B92E0909A0A6}.Release|Win32.Build.0 = Release|Win32
		{27ACBB13-9B99-31D3-8C78-74998E60F40D}.Debug|Win32.ActiveCfg = Debug|Win32
		{27ACBB13-9B99-31D3-8C78-74998E60F40D}.Debug|Win32.Build.0 = Debug|Win32
		{27ACBB13-9B99-31D3-8C78-74998E60F40D}.Release|Win32.ActiveCfg = Release|Win32
		{27ACBB13-9B99-31D3-8C78-74998E60F40D}.Release|Win32.Build.0 = Release|Win32
		{FAE17185-516A-3EF8-A52C-158462CAA670}.Debug|Win32.ActiveCfg = Debug|Win32
		{FAE17185-516A-3EF8-A52C-158462CAA670}.Debug|Win32.Build.0 = Debug|Win32
		{FAE17185-516A-3EF8-A52C-158462CAA670}.Release|Win32.ActiveCfg = Release|Win32
		{FAE17185-516A-3EF8-A52C-158462CAA670}.Release|Win32.Build.0 = Release|Win32
		{B04EF7B9-4831-3B1A-958E-9CF0A8C95EEE}.Debug|Win32.ActiveCfg = Debug|Win32
		{B04EF7B9-4831-3B1A-958E-9CF0A8C95EEE}.Debug|Win32.Build.0 = Debug|Win32
		{B04EF7B9-4831-3B1A-958E-9CF0A8C95EEE}.Release|Win32.ActiveCfg = Release|Win32
		{B04EF7B9-4831-3B1A-958E-9CF0A8C95EEE}.Release|Win32.Build.0 = Release|Win32
		{99A9669C-2E80-39A5-BCE5-0E2A86CFDB75}.Debug|Win32.ActiveCfg = Debug|Win32
		{99A9669C-2E80-39A5-BCE5-0E2A86CFDB75}.Debug|Win32.Build.0 = Debug|Win32
		{99A9669C-2E80-39A5-BCE5-0E2A86CFDB75}.Release|Win32.ActiveCfg = Release|Win32
		{99A9669C-2E80-39A5-BCE5-0E2A86CFDB75}.Release|Win32.Build.0 = Release|Win32
		{B3356C0C-3303-3C37-A408-36D8EED78C2C}.Debug|Win32.ActiveCfg = Debug|Win32
		{B3356C0C-3303-3C37-A408-36D8EED78C2C}.Debug|Win32.Build.0 = Debug|Win32
		{B3356C0C-3303-3C37-A408-36D8EED78C2C}.Release|Win32.ActiveCfg = Release|Win32
		{B3356C0C-3303-3C37-A408-36D8EED78C2C}.Release|Win32.Build.0 = Release|Win32
	EndGlobalSection
	GlobalSection(ExtensibilityGlobals) = postSolution
	EndGlobalSection
	GlobalSection(ExtensibilityAddIns) = postSolution
	EndGlobalSection
EndGlobal