Microsoft Visual Studio Solution File, Format Version 10.00
# Visual Studio 2008
Project("{8BC9CEB8-8B4A-11D0-8D11-00A0C91BC942}") = "bootstrap", "C:/projects/qt/src/tools/bootstrap\bootstrap.vcproj", "{B5B522BA-6017-333C-861E-93F97ECBE4EB}"
EndProject
Project("{8BC9CEB8-8B4A-11D0-8D11-00A0C91BC942}") = "moc", "C:/projects/qt/src/tools/moc\moc.vcproj", "{C3383A22-6157-38AE-9696-F27D848CC31A}"
EndProject
Project("{8BC9CEB8-8B4A-11D0-8D11-00A0C91BC942}") = "rcc", "C:/projects/qt/src/tools/rcc\rcc.vcproj", "{19207D19-B178-38D8-A91B-2F1428B18598}"
EndProject
Project("{8BC9CEB8-8B4A-11D0-8D11-00A0C91BC942}") = "uic", "C:/projects/qt/src/tools/uic\uic.vcproj", "{0D5D2DDB-B8DA-3379-9164-39D9F10FFE0C}"
EndProject
Project("{8BC9CEB8-8B4A-11D0-8D11-00A0C91BC942}") = "qtmain", "C:/projects/qt/src/winmain\qtmain.vcproj", "{4F8ED3FF-EC54-3F35-A000-4BF69C5742CE}"
EndProject
Project("{8BC9CEB8-8B4A-11D0-8D11-00A0C91BC942}") = "QtCore", "C:/projects/qt/src/corelib\QtCore.vcproj", "{A7A90722-9ED4-3A67-A953-49D16306E5C6}"
EndProject
Project("{8BC9CEB8-8B4A-11D0-8D11-00A0C91BC942}") = "QtXml", "C:/projects/qt/src/xml\QtXml.vcproj", "{DC570A07-5CBC-36E9-B168-D0AB6349E085}"
EndProject
Project("{8BC9CEB8-8B4A-11D0-8D11-00A0C91BC942}") = "QtNetwork", "C:/projects/qt/src/network\QtNetwork.vcproj", "{8530CF1D-BDCE-3153-AE77-056820E9AA6C}"
EndProject
Project("{8BC9CEB8-8B4A-11D0-8D11-00A0C91BC942}") = "QtSql", "C:/projects/qt/src/sql\QtSql.vcproj", "{8EE9CB4E-C171-391E-B759-84AC5788A036}"
EndProject
Project("{8BC9CEB8-8B4A-11D0-8D11-00A0C91BC942}") = "QtTest", "C:/projects/qt/src/testlib\QtTest.vcproj", "{7956EC0A-D9AC-311D-8829-6B93F84CC7EF}"
EndProject
Project("{8BC9CEB8-8B4A-11D0-8D11-00A0C91BC942}") = "QtGui", "C:/projects/qt/src/gui\QtGui.vcproj", "{98C3A7B5-9458-3B37-885F-353FC9E0F548}"
EndProject
Project("{8BC9CEB8-8B4A-11D0-8D11-00A0C91BC942}") = "idc", "C:/projects/qt/src/tools/idc\idc.vcproj", "{2080921E-D04A-3056-B9D6-725A4D8F3857}"
EndProject
Project("{8BC9CEB8-8B4A-11D0-8D11-00A0C91BC942}") = "QtOpenGL", "C:/projects/qt/src/opengl\QtOpenGL.vcproj", "{8F0FD330-3F87-3B52-98EA-0124B4382F77}"
EndProject
Project("{8BC9CEB8-8B4A-11D0-8D11-00A0C91BC942}") = "QtXmlPatterns", "C:/projects/qt/src/xmlpatterns\QtXmlPatterns.vcproj", "{CE290646-7D0E-3859-84C9-B278E8CEDF30}"
EndProject
Project("{8BC9CEB8-8B4A-11D0-8D11-00A0C91BC942}") = "QtMultimedia", "C:/projects/qt/src/multimedia\QtMultimedia.vcproj", "{5F865564-066C-399B-96E3-8024AE55EEAC}"
EndProject
Project("{8BC9CEB8-8B4A-11D0-8D11-00A0C91BC942}") = "QtSvg", "C:/projects/qt/src/svg\QtSvg.vcproj", "{45B93BBD-E700-3E46-A13E-97232B00E639}"
EndProject
Project("{8BC9CEB8-8B4A-11D0-8D11-00A0C91BC942}") = "QtScript", "C:/projects/qt/src/script\QtScript.vcproj", "{56CE6E9B-FCFB-324A-917D-9F84C22641A7}"
EndProject
Project("{8BC9CEB8-8B4A-11D0-8D11-00A0C91BC942}") = "QtDeclarative", "C:/projects/qt/src/declarative\QtDeclarative.vcproj", "{90B76F26-FFFA-3EDD-B3E2-11FBA04158BA}"
EndProject
Project("{8BC9CEB8-8B4A-11D0-8D11-00A0C91BC942}") = "jscore", "C:/projects/qt/src/3rdparty/webkit/JavaScriptCore\jscore.vcproj", "{A95508E0-8854-3975-A9D8-537016008A51}"
EndProject
Project("{8BC9CEB8-8B4A-11D0-8D11-00A0C91BC942}") = "QtWebKit", "C:/projects/qt/src/3rdparty/webkit/WebCore\QtWebKit.vcproj", "{C2C37496-D41D-36CC-B43C-F9794FCC468B}"
EndProject
Project("{8BC9CEB8-8B4A-11D0-8D11-00A0C91BC942}") = "QtScriptTools", "C:/projects/qt/src/scripttools\QtScriptTools.vcproj", "{842B5087-FD5D-3FCE-B2CB-60313AE09E5F}"
EndProject
Project("{8BC9CEB8-8B4A-11D0-8D11-00A0C91BC942}") = "qmlwebkitplugin", "C:/projects/qt/src/3rdparty/webkit/WebKit/qt/declarative\qmlwebkitplugin.vcproj", "{72AEF083-AAB3-3166-B5F1-8EEFA1CB2185}"
EndProject
Project("{8BC9CEB8-8B4A-11D0-8D11-00A0C91BC942}") = "qm_phony_target", "C:/projects/qt/translations\qm_phony_target.vcproj", "{2E968B6E-0502-39F4-A715-EE57D67FB8AA}"
EndProject
Project("{8BC9CEB8-8B4A-11D0-8D11-00A0C91BC942}") = "QAxContainer", "C:/projects/qt/src/activeqt/container\QAxContainer.vcproj", "{56274729-63DD-3D79-AF0A-5AABC4ABDC03}"
EndProject
Project("{8BC9CEB8-8B4A-11D0-8D11-00A0C91BC942}") = "QAxServer", "C:/projects/qt/src/activeqt/control\QAxServer.vcproj", "{C0D0453F-965D-3EA9-A69B-88FE32394F4B}"
EndProject
Project("{8BC9CEB8-8B4A-11D0-8D11-00A0C91BC942}") = "qmlfolderlistmodelplugin", "C:/projects/qt/src/imports/folderlistmodel\qmlfolderlistmodelplugin.vcproj", "{7982ED80-A42D-3557-A11C-590B796DAA02}"
EndProject
Project("{8BC9CEB8-8B4A-11D0-8D11-00A0C91BC942}") = "qmlparticlesplugin", "C:/projects/qt/src/imports/particles\qmlparticlesplugin.vcproj", "{B5814568-D2B5-3538-AD64-718E39C1D57C}"
EndProject
Project("{8BC9CEB8-8B4A-11D0-8D11-00A0C91BC942}") = "qmlgesturesplugin", "C:/projects/qt/src/imports/gestures\qmlgesturesplugin.vcproj", "{27BE95B1-957F-3117-B5A3-4E65E929AAC1}"
EndProject
Project("{8BC9CEB8-8B4A-11D0-8D11-00A0C91BC942}") = "pixeltool", "C:/projects/qt/tools/pixeltool\pixeltool.vcproj", "{E6EA46C0-56B3-392A-BD75-9CE36E6DA485}"
EndProject
Project("{8BC9CEB8-8B4A-11D0-8D11-00A0C91BC942}") = "qttracereplay", "C:/projects/qt/tools/qttracereplay\qttracereplay.vcproj", "{CE541D66-A167-3F34-A91C-DB38B7F00ADD}"
EndProject
Project("{8BC9CEB8-8B4A-11D0-8D11-00A0C91BC942}") = "qmlviewer", "C:/projects/qt/tools/qml\qmlviewer.vcproj", "{1C2769AD-6EF4-3A84-A668-904181B58035}"
EndProject
Project("{8BC9CEB8-8B4A-11D0-8D11-00A0C91BC942}") = "xmlpatterns", "C:/projects/qt/tools/xmlpatterns\xmlpatterns.vcproj", "{966BB514-4F16-3A4A-9CBC-5839A9058EB0}"
EndProject
Project("{8BC9CEB8-8B4A-11D0-8D11-00A0C91BC942}") = "xmlpatternsvalidator", "C:/projects/qt/tools/xmlpatternsvalidator\xmlpatternsvalidator.vcproj", "{9F42FA9A-1122-312D-8597-65AEE9E6552B}"
EndProject
Project("{8BC9CEB8-8B4A-11D0-8D11-00A0C91BC942}") = "qdoc3", "C:/projects/qt/tools/qdoc3\qdoc3.vcproj", "{47B95D65-0354-3704-9202-EFEB2A90E3F2}"
EndProject
Project("{8BC9CEB8-8B4A-11D0-8D11-00A0C91BC942}") = "qgenericbearer", "C:/projects/qt/src/plugins/bearer/generic\qgenericbearer.vcproj", "{389B8778-BD98-3481-8C7E-F920475B6A51}"
EndProject
Project("{8BC9CEB8-8B4A-11D0-8D11-00A0C91BC942}") = "qnativewifibearer", "C:/projects/qt/src/plugins/bearer/nativewifi\qnativewifibearer.vcproj", "{C14EEFCA-EA57-38D3-83CC-E64FC8B58C32}"
EndProject
Project("{8BC9CEB8-8B4A-11D0-8D11-00A0C91BC942}") = "qcncodecs", "C:/projects/qt/src/plugins/codecs/cn\qcncodecs.vcproj", "{B819CAEE-8F4D-3992-B99B-E8813E761069}"
EndProject
Project("{8BC9CEB8-8B4A-11D0-8D11-00A0C91BC942}") = "qjpcodecs", "C:/projects/qt/src/plugins/codecs/jp\qjpcodecs.vcproj", "{D791105E-29C6-3CF6-A7B5-253E0E3C6C1A}"
EndProject
Project("{8BC9CEB8-8B4A-11D0-8D11-00A0C91BC942}") = "qtwcodecs", "C:/projects/qt/src/plugins/codecs/tw\qtwcodecs.vcproj", "{46BC4A27-DA30-30EF-9D80-5D4FFD5B8CF5}"
EndProject
Project("{8BC9CEB8-8B4A-11D0-8D11-00A0C91BC942}") = "qkrcodecs", "C:/projects/qt/src/plugins/codecs/kr\qkrcodecs.vcproj", "{6DFA13B3-F9AB-368A-896A-6EA4FACC6B6C}"
EndProject
Project("{8BC9CEB8-8B4A-11D0-8D11-00A0C91BC942}") = "qjpeg", "C:/projects/qt/src/plugins/imageformats/jpeg\qjpeg.vcproj", "{53A66D3F-D04B-309B-AC05-93ED3DD77A11}"
EndProject
Project("{8BC9CEB8-8B4A-11D0-8D11-00A0C91BC942}") = "qgif", "C:/projects/qt/src/plugins/imageformats/gif\qgif.vcproj", "{2B99E40C-103E-37AF-ACE4-3E8CB66BBAD9}"
EndProject
Project("{8BC9CEB8-8B4A-11D0-8D11-00A0C91BC942}") = "qmng", "C:/projects/qt/src/plugins/imageformats/mng\qmng.vcproj", "{520D3BCC-5441-351F-B75A-66BB8BBDE666}"
EndProject
Project("{8BC9CEB8-8B4A-11D0-8D11-00A0C91BC942}") = "qsvg", "C:/projects/qt/src/plugins/imageformats/svg\qsvg.vcproj", "{EFB8F976-C93E-3649-9362-07A7223D7308}"
EndProject
Project("{8BC9CEB8-8B4A-11D0-8D11-00A0C91BC942}") = "qtiff", "C:/projects/qt/src/plugins/imageformats/tiff\qtiff.vcproj", "{2853F6BA-A1E4-3FEC-9E19-5D2EEBDEF0B4}"
EndProject
Project("{8BC9CEB8-8B4A-11D0-8D11-00A0C91BC942}") = "qico", "C:/projects/qt/src/plugins/imageformats/ico\qico.vcproj", "{E959CBD3-6A64-39BC-B3F6-964F5F0DA95A}"
EndProject
Project("{8BC9CEB8-8B4A-11D0-8D11-00A0C91BC942}") = "qsvgicon", "C:/projects/qt/src/plugins/iconengines/svgiconengine\qsvgicon.vcproj", "{C70613A0-8841-34F8-B303-35141C11379B}"
EndProject
Project("{8BC9CEB8-8B4A-11D0-8D11-00A0C91BC942}") = "qtracegraphicssystem", "C:/projects/qt/src/plugins/graphicssystems/trace\qtracegraphicssystem.vcproj", "{5C5BF795-FAC0-3073-A6CF-C4395F7D63E7}"
EndProject
Project("{8BC9CEB8-8B4A-11D0-8D11-00A0C91BC942}") = "qglgraphicssystem", "C:/projects/qt/src/plugins/graphicssystems/opengl\qglgraphicssystem.vcproj", "{2D7A5D20-270A-3EFE-AFD7-8E152B8F9540}"
EndProject
Project("{8BC9CEB8-8B4A-11D0-8D11-00A0C91BC942}") = "qtaccessiblewidgets", "C:/projects/qt/src/plugins/accessible/widgets\qtaccessiblewidgets.vcproj", "{06E65764-7D43-3E64-B2EF-F468CD28A467}"
EndProject
Project("{8BC9CEB8-8B4A-11D0-8D11-00A0C91BC942}") = "tcpserver", "C:/projects/qt/src/plugins/qmltooling/tcpserver\tcpserver.vcproj", "{20028FB1-3D5B-317E-988B-9274109A2AF2}"
EndProject
Project("{8BC9CEB8-8B4A-11D0-8D11-00A0C91BC942}") = "QtCLucene", "C:/projects/qt/tools/assistant/lib/fulltextsearch\QtCLucene.vcproj", "{87FCAE4E-9438-3194-8054-D2106E1408C7}"
EndProject
Project("{8BC9CEB8-8B4A-11D0-8D11-00A0C91BC942}") = "QtHelp", "C:/projects/qt/tools/assistant/lib\QtHelp.vcproj", "{3ED1C0D2-266C-377A-8FC2-CE7E1561A00F}"
EndProject
Project("{8BC9CEB8-8B4A-11D0-8D11-00A0C91BC942}") = "qt3to4", "C:/projects/qt/tools/porting/src\qt3to4.vcproj", "{7A894DD1-4B7A-3F31-8336-C3CE1FE9C989}"
EndProject
Project("{8BC9CEB8-8B4A-11D0-8D11-00A0C91BC942}") = "updater", "C:/projects/qt/tools/qtestlib/updater\updater.vcproj", "{54061AFD-15B5-3ECB-80F5-906898A784B3}"
EndProject
Project("{8BC9CEB8-8B4A-11D0-8D11-00A0C91BC942}") = "dumpdoc", "C:/projects/qt/tools/activeqt/dumpdoc\dumpdoc.vcproj", "{D310B09D-E1B2-3FE9-B4A9-773F41CAB3B5}"
EndProject
Project("{8BC9CEB8-8B4A-11D0-8D11-00A0C91BC942}") = "dumpcpp", "C:/projects/qt/tools/activeqt/dumpcpp\dumpcpp.vcproj", "{FBD33A38-8E33-3087-B71C-84C5BA9C1FC2}"
EndProject
Project("{8BC9CEB8-8B4A-11D0-8D11-00A0C91BC942}") = "testcon", "C:/projects/qt/tools/activeqt/testcon\testcon.vcproj", "{1D2369C6-339D-3C89-9B2C-6C3CE091F6C6}"
EndProject
Project("{8BC9CEB8-8B4A-11D0-8D11-00A0C91BC942}") = "lrelease", "C:/projects/qt/tools/linguist/lrelease\lrelease.vcproj", "{0E248608-9164-32CD-8E19-0AC508FC20D6}"
EndProject
Project("{8BC9CEB8-8B4A-11D0-8D11-00A0C91BC942}") = "lupdate", "C:/projects/qt/tools/linguist/lupdate\lupdate.vcproj", "{4809736B-B331-3B67-A752-B1E2D0AEC155}"
EndProject
Project("{8BC9CEB8-8B4A-11D0-8D11-00A0C91BC942}") = "lconvert", "C:/projects/qt/tools/linguist/lconvert\lconvert.vcproj", "{06CFA24A-32C0-3FC5-B272-2FBBB2EE9855}"
EndProject
Project("{8BC9CEB8-8B4A-11D0-8D11-00A0C91BC942}") = "linguist", "C:/projects/qt/tools/linguist/linguist\linguist.vcproj", "{4D1C317A-562B-3E98-9461-2DD11DA7F5FB}"
EndProject
Project("{8BC9CEB8-8B4A-11D0-8D11-00A0C91BC942}") = "assistant", "C:/projects/qt/tools/assistant/tools/assistant\assistant.vcproj", "{2A517E25-1930-3922-91F9-AE4409567151}"
EndProject
Project("{8BC9CEB8-8B4A-11D0-8D11-00A0C91BC942}") = "qhelpgenerator", "C:/projects/qt/tools/assistant/tools/qhelpgenerator\qhelpgenerator.vcproj", "{F1AB2EF3-0AC6-3F68-80FD-F242ED3B953F}"
EndProject
Project("{8BC9CEB8-8B4A-11D0-8D11-00A0C91BC942}") = "qcollectiongenerator", "C:/projects/qt/tools/assistant/tools/qcollectiongenerator\qcollectiongenerator.vcproj", "{7DACF4BD-9246-3275-B346-A64BDD8E490E}"
EndProject
Project("{8BC9CEB8-8B4A-11D0-8D11-00A0C91BC942}") = "qhelpconverter", "C:/projects/qt/tools/assistant/tools/qhelpconverter\qhelpconverter.vcproj", "{1B0AD444-4D67-38FD-B6DB-B8D4B7EE377B}"
EndProject
Project("{8BC9CEB8-8B4A-11D0-8D11-00A0C91BC942}") = "QtUiTools", "C:/projects/qt/tools/designer/src/uitools\QtUiTools.vcproj", "{28DFA32E-BB59-3045-95A3-FC429F88C1AE}"
EndProject
Project("{8BC9CEB8-8B4A-11D0-8D11-00A0C91BC942}") = "QtDesigner", "C:/projects/qt/tools/designer/src/lib\QtDesigner.vcproj", "{BB552ED6-3A36-3440-A7C0-F90D69BBD4FD}"
EndProject
Project("{8BC9CEB8-8B4A-11D0-8D11-00A0C91BC942}") = "designer", "C:/projects/qt/tools/designer/src/designer\designer.vcproj", "{837B95D6-0385-3E38-A5FE-AC06BCDF4FA7}"
EndProject
Project("{8BC9CEB8-8B4A-11D0-8D11-00A0C91BC942}") = "QtDesignerComponents", "C:/projects/qt/tools/designer/src/components/lib\QtDesignerComponents.vcproj", "{B7B0C34D-F56A-31C3-8B75-01EBF5DABCEF}"
EndProject
Project("{8BC9CEB8-8B4A-11D0-8D11-00A0C91BC942}") = "qaxwidget", "C:/projects/qt/tools/designer/src/plugins/activeqt\qaxwidget.vcproj", "{487B8308-626E-3DB5-8C91-10B60B33D0E6}"
EndProject
Project("{8BC9CEB8-8B4A-11D0-8D11-00A0C91BC942}") = "qwebview", "C:/projects/qt/tools/designer/src/plugins/qwebview\qwebview.vcproj", "{CB49993C-6E24-3C81-8316-284BDF1FB0B1}"
EndProject
Project("{8BC9CEB8-8B4A-11D0-8D11-00A0C91BC942}") = "qdeclarativeview", "C:/projects/qt/tools/designer/src/plugins/qdeclarativeview\qdeclarativeview.vcproj", "{68655D16-6E75-3B5B-AF25-6674427F83AF}"
EndProject
Global
	GlobalSection(SolutionConfiguration) = preSolution
		ConfigName.0 = Debug|Win32
		ConfigName.1 = Release|Win32
	EndGlobalSection
	GlobalSection(ProjectDependencies) = postSolution
		{C3383A22-6157-38AE-9696-F27D848CC31A}.0 = {B5B522BA-6017-333C-861E-93F97ECBE4EB}
		{19207D19-B178-38D8-A91B-2F1428B18598}.0 = {B5B522BA-6017-333C-861E-93F97ECBE4EB}
		{0D5D2DDB-B8DA-3379-9164-39D9F10FFE0C}.0 = {B5B522BA-6017-333C-861E-93F97ECBE4EB}
		{4F8ED3FF-EC54-3F35-A000-4BF69C5742CE}.0 = {C3383A22-6157-38AE-9696-F27D848CC31A}
		{A7A90722-9ED4-3A67-A953-49D16306E5C6}.0 = {C3383A22-6157-38AE-9696-F27D848CC31A}
		{DC570A07-5CBC-36E9-B168-D0AB6349E085}.0 = {C3383A22-6157-38AE-9696-F27D848CC31A}
		{DC570A07-5CBC-36E9-B168-D0AB6349E085}.1 = {A7A90722-9ED4-3A67-A953-49D16306E5C6}
		{8530CF1D-BDCE-3153-AE77-056820E9AA6C}.0 = {C3383A22-6157-38AE-9696-F27D848CC31A}
		{8530CF1D-BDCE-3153-AE77-056820E9AA6C}.1 = {A7A90722-9ED4-3A67-A953-49D16306E5C6}
		{8EE9CB4E-C171-391E-B759-84AC5788A036}.0 = {C3383A22-6157-38AE-9696-F27D848CC31A}
		{8EE9CB4E-C171-391E-B759-84AC5788A036}.1 = {A7A90722-9ED4-3A67-A953-49D16306E5C6}
		{7956EC0A-D9AC-311D-8829-6B93F84CC7EF}.0 = {C3383A22-6157-38AE-9696-F27D848CC31A}
		{7956EC0A-D9AC-311D-8829-6B93F84CC7EF}.1 = {A7A90722-9ED4-3A67-A953-49D16306E5C6}
		{98C3A7B5-9458-3B37-885F-353FC9E0F548}.0 = {C3383A22-6157-38AE-9696-F27D848CC31A}
		{98C3A7B5-9458-3B37-885F-353FC9E0F548}.1 = {19207D19-B178-38D8-A91B-2F1428B18598}
		{98C3A7B5-9458-3B37-885F-353FC9E0F548}.2 = {0D5D2DDB-B8DA-3379-9164-39D9F10FFE0C}
		{98C3A7B5-9458-3B37-885F-353FC9E0F548}.3 = {A7A90722-9ED4-3A67-A953-49D16306E5C6}
		{2080921E-D04A-3056-B9D6-725A4D8F3857}.0 = {C3383A22-6157-38AE-9696-F27D848CC31A}
		{2080921E-D04A-3056-B9D6-725A4D8F3857}.1 = {98C3A7B5-9458-3B37-885F-353FC9E0F548}
		{2080921E-D04A-3056-B9D6-725A4D8F3857}.2 = {A7A90722-9ED4-3A67-A953-49D16306E5C6}
		{8F0FD330-3F87-3B52-98EA-0124B4382F77}.0 = {C3383A22-6157-38AE-9696-F27D848CC31A}
		{8F0FD330-3F87-3B52-98EA-0124B4382F77}.1 = {98C3A7B5-9458-3B37-885F-353FC9E0F548}
		{8F0FD330-3F87-3B52-98EA-0124B4382F77}.2 = {A7A90722-9ED4-3A67-A953-49D16306E5C6}
		{CE290646-7D0E-3859-84C9-B278E8CEDF30}.0 = {C3383A22-6157-38AE-9696-F27D848CC31A}
		{CE290646-7D0E-3859-84C9-B278E8CEDF30}.1 = {19207D19-B178-38D8-A91B-2F1428B18598}
		{CE290646-7D0E-3859-84C9-B278E8CEDF30}.2 = {8530CF1D-BDCE-3153-AE77-056820E9AA6C}
		{CE290646-7D0E-3859-84C9-B278E8CEDF30}.3 = {A7A90722-9ED4-3A67-A953-49D16306E5C6}
		{5F865564-066C-399B-96E3-8024AE55EEAC}.0 = {C3383A22-6157-38AE-9696-F27D848CC31A}
		{5F865564-066C-399B-96E3-8024AE55EEAC}.1 = {98C3A7B5-9458-3B37-885F-353FC9E0F548}
		{5F865564-066C-399B-96E3-8024AE55EEAC}.2 = {A7A90722-9ED4-3A67-A953-49D16306E5C6}
		{45B93BBD-E700-3E46-A13E-97232B00E639}.0 = {C3383A22-6157-38AE-9696-F27D848CC31A}
		{45B93BBD-E700-3E46-A13E-97232B00E639}.1 = {98C3A7B5-9458-3B37-885F-353FC9E0F548}
		{45B93BBD-E700-3E46-A13E-97232B00E639}.2 = {A7A90722-9ED4-3A67-A953-49D16306E5C6}
		{56CE6E9B-FCFB-324A-917D-9F84C22641A7}.0 = {C3383A22-6157-38AE-9696-F27D848CC31A}
		{56CE6E9B-FCFB-324A-917D-9F84C22641A7}.1 = {A7A90722-9ED4-3A67-A953-49D16306E5C6}
		{90B76F26-FFFA-3EDD-B3E2-11FBA04158BA}.0 = {C3383A22-6157-38AE-9696-F27D848CC31A}
		{90B76F26-FFFA-3EDD-B3E2-11FBA04158BA}.1 = {56CE6E9B-FCFB-324A-917D-9F84C22641A7}
		{90B76F26-FFFA-3EDD-B3E2-11FBA04158BA}.2 = {45B93BBD-E700-3E46-A13E-97232B00E639}
		{90B76F26-FFFA-3EDD-B3E2-11FBA04158BA}.3 = {8EE9CB4E-C171-391E-B759-84AC5788A036}
		{90B76F26-FFFA-3EDD-B3E2-11FBA04158BA}.4 = {CE290646-7D0E-3859-84C9-B278E8CEDF30}
		{90B76F26-FFFA-3EDD-B3E2-11FBA04158BA}.5 = {98C3A7B5-9458-3B37-885F-353FC9E0F548}
		{90B76F26-FFFA-3EDD-B3E2-11FBA04158BA}.6 = {8530CF1D-BDCE-3153-AE77-056820E9AA6C}
		{90B76F26-FFFA-3EDD-B3E2-11FBA04158BA}.7 = {A7A90722-9ED4-3A67-A953-49D16306E5C6}
		{A95508E0-8854-3975-A9D8-537016008A51}.0 = {C3383A22-6157-38AE-9696-F27D848CC31A}
		{A95508E0-8854-3975-A9D8-537016008A51}.1 = {A7A90722-9ED4-3A67-A953-49D16306E5C6}
		{C2C37496-D41D-36CC-B43C-F9794FCC468B}.0 = {C3383A22-6157-38AE-9696-F27D848CC31A}
		{C2C37496-D41D-36CC-B43C-F9794FCC468B}.1 = {19207D19-B178-38D8-A91B-2F1428B18598}
		{C2C37496-D41D-36CC-B43C-F9794FCC468B}.2 = {A95508E0-8854-3975-A9D8-537016008A51}
		{C2C37496-D41D-36CC-B43C-F9794FCC468B}.3 = {98C3A7B5-9458-3B37-885F-353FC9E0F548}
		{C2C37496-D41D-36CC-B43C-F9794FCC468B}.4 = {8530CF1D-BDCE-3153-AE77-056820E9AA6C}
		{C2C37496-D41D-36CC-B43C-F9794FCC468B}.5 = {A7A90722-9ED4-3A67-A953-49D16306E5C6}
		{842B5087-FD5D-3FCE-B2CB-60313AE09E5F}.0 = {C3383A22-6157-38AE-9696-F27D848CC31A}
		{842B5087-FD5D-3FCE-B2CB-60313AE09E5F}.1 = {19207D19-B178-38D8-A91B-2F1428B18598}
		{842B5087-FD5D-3FCE-B2CB-60313AE09E5F}.2 = {56CE6E9B-FCFB-324A-917D-9F84C22641A7}
		{842B5087-FD5D-3FCE-B2CB-60313AE09E5F}.3 = {98C3A7B5-9458-3B37-885F-353FC9E0F548}
		{842B5087-FD5D-3FCE-B2CB-60313AE09E5F}.4 = {A7A90722-9ED4-3A67-A953-49D16306E5C6}
		{72AEF083-AAB3-3166-B5F1-8EEFA1CB2185}.0 = {C3383A22-6157-38AE-9696-F27D848CC31A}
		{72AEF083-AAB3-3166-B5F1-8EEFA1CB2185}.1 = {90B76F26-FFFA-3EDD-B3E2-11FBA04158BA}
		{72AEF083-AAB3-3166-B5F1-8EEFA1CB2185}.2 = {C2C37496-D41D-36CC-B43C-F9794FCC468B}
		{72AEF083-AAB3-3166-B5F1-8EEFA1CB2185}.3 = {98C3A7B5-9458-3B37-885F-353FC9E0F548}
		{72AEF083-AAB3-3166-B5F1-8EEFA1CB2185}.4 = {A7A90722-9ED4-3A67-A953-49D16306E5C6}
		{2E968B6E-0502-39F4-A715-EE57D67FB8AA}.0 = {0E248608-9164-32CD-8E19-0AC508FC20D6}
		{56274729-63DD-3D79-AF0A-5AABC4ABDC03}.0 = {C3383A22-6157-38AE-9696-F27D848CC31A}
		{56274729-63DD-3D79-AF0A-5AABC4ABDC03}.1 = {0D5D2DDB-B8DA-3379-9164-39D9F10FFE0C}
		{56274729-63DD-3D79-AF0A-5AABC4ABDC03}.2 = {98C3A7B5-9458-3B37-885F-353FC9E0F548}
		{56274729-63DD-3D79-AF0A-5AABC4ABDC03}.3 = {A7A90722-9ED4-3A67-A953-49D16306E5C6}
		{C0D0453F-965D-3EA9-A69B-88FE32394F4B}.0 = {C3383A22-6157-38AE-9696-F27D848CC31A}
		{C0D0453F-965D-3EA9-A69B-88FE32394F4B}.1 = {98C3A7B5-9458-3B37-885F-353FC9E0F548}
		{C0D0453F-965D-3EA9-A69B-88FE32394F4B}.2 = {A7A90722-9ED4-3A67-A953-49D16306E5C6}
		{7982ED80-A42D-3557-A11C-590B796DAA02}.0 = {C3383A22-6157-38AE-9696-F27D848CC31A}
		{7982ED80-A42D-3557-A11C-590B796DAA02}.1 = {90B76F26-FFFA-3EDD-B3E2-11FBA04158BA}
		{7982ED80-A42D-3557-A11C-590B796DAA02}.2 = {56CE6E9B-FCFB-324A-917D-9F84C22641A7}
		{7982ED80-A42D-3557-A11C-590B796DAA02}.3 = {98C3A7B5-9458-3B37-885F-353FC9E0F548}
		{7982ED80-A42D-3557-A11C-590B796DAA02}.4 = {A7A90722-9ED4-3A67-A953-49D16306E5C6}
		{B5814568-D2B5-3538-AD64-718E39C1D57C}.0 = {C3383A22-6157-38AE-9696-F27D848CC31A}
		{B5814568-D2B5-3538-AD64-718E39C1D57C}.1 = {90B76F26-FFFA-3EDD-B3E2-11FBA04158BA}
		{B5814568-D2B5-3538-AD64-718E39C1D57C}.2 = {98C3A7B5-9458-3B37-885F-353FC9E0F548}
		{B5814568-D2B5-3538-AD64-718E39C1D57C}.3 = {A7A90722-9ED4-3A67-A953-49D16306E5C6}
		{27BE95B1-957F-3117-B5A3-4E65E929AAC1}.0 = {C3383A22-6157-38AE-9696-F27D848CC31A}
		{27BE95B1-957F-3117-B5A3-4E65E929AAC1}.1 = {90B76F26-FFFA-3EDD-B3E2-11FBA04158BA}
		{27BE95B1-957F-3117-B5A3-4E65E929AAC1}.2 = {98C3A7B5-9458-3B37-885F-353FC9E0F548}
		{27BE95B1-957F-3117-B5A3-4E65E929AAC1}.3 = {A7A90722-9ED4-3A67-A953-49D16306E5C6}
		{E6EA46C0-56B3-392A-BD75-9CE36E6DA485}.0 = {C3383A22-6157-38AE-9696-F27D848CC31A}
		{E6EA46C0-56B3-392A-BD75-9CE36E6DA485}.1 = {4F8ED3FF-EC54-3F35-A000-4BF69C5742CE}
		{E6EA46C0-56B3-392A-BD75-9CE36E6DA485}.2 = {98C3A7B5-9458-3B37-885F-353FC9E0F548}
		{E6EA46C0-56B3-392A-BD75-9CE36E6DA485}.3 = {8530CF1D-BDCE-3153-AE77-056820E9AA6C}
		{E6EA46C0-56B3-392A-BD75-9CE36E6DA485}.4 = {A7A90722-9ED4-3A67-A953-49D16306E5C6}
		{CE541D66-A167-3F34-A91C-DB38B7F00ADD}.0 = {C3383A22-6157-38AE-9696-F27D848CC31A}
		{CE541D66-A167-3F34-A91C-DB38B7F00ADD}.1 = {98C3A7B5-9458-3B37-885F-353FC9E0F548}
		{CE541D66-A167-3F34-A91C-DB38B7F00ADD}.2 = {A7A90722-9ED4-3A67-A953-49D16306E5C6}
		{1C2769AD-6EF4-3A84-A668-904181B58035}.0 = {0D5D2DDB-B8DA-3379-9164-39D9F10FFE0C}
		{1C2769AD-6EF4-3A84-A668-904181B58035}.1 = {C3383A22-6157-38AE-9696-F27D848CC31A}
		{1C2769AD-6EF4-3A84-A668-904181B58035}.2 = {19207D19-B178-38D8-A91B-2F1428B18598}
		{1C2769AD-6EF4-3A84-A668-904181B58035}.3 = {4F8ED3FF-EC54-3F35-A000-4BF69C5742CE}
		{1C2769AD-6EF4-3A84-A668-904181B58035}.4 = {90B76F26-FFFA-3EDD-B3E2-11FBA04158BA}
		{1C2769AD-6EF4-3A84-A668-904181B58035}.5 = {56CE6E9B-FCFB-324A-917D-9F84C22641A7}
		{1C2769AD-6EF4-3A84-A668-904181B58035}.6 = {8EE9CB4E-C171-391E-B759-84AC5788A036}
		{1C2769AD-6EF4-3A84-A668-904181B58035}.7 = {8F0FD330-3F87-3B52-98EA-0124B4382F77}
		{1C2769AD-6EF4-3A84-A668-904181B58035}.8 = {98C3A7B5-9458-3B37-885F-353FC9E0F548}
		{1C2769AD-6EF4-3A84-A668-904181B58035}.9 = {8530CF1D-BDCE-3153-AE77-056820E9AA6C}
		{1C2769AD-6EF4-3A84-A668-904181B58035}.10 = {A7A90722-9ED4-3A67-A953-49D16306E5C6}
		{966BB514-4F16-3A4A-9CBC-5839A9058EB0}.0 = {C3383A22-6157-38AE-9696-F27D848CC31A}
		{966BB514-4F16-3A4A-9CBC-5839A9058EB0}.1 = {CE290646-7D0E-3859-84C9-B278E8CEDF30}
		{966BB514-4F16-3A4A-9CBC-5839A9058EB0}.2 = {A7A90722-9ED4-3A67-A953-49D16306E5C6}
		{9F42FA9A-1122-312D-8597-65AEE9E6552B}.0 = {C3383A22-6157-38AE-9696-F27D848CC31A}
		{9F42FA9A-1122-312D-8597-65AEE9E6552B}.1 = {CE290646-7D0E-3859-84C9-B278E8CEDF30}
		{9F42FA9A-1122-312D-8597-65AEE9E6552B}.2 = {A7A90722-9ED4-3A67-A953-49D16306E5C6}
		{47B95D65-0354-3704-9202-EFEB2A90E3F2}.0 = {C3383A22-6157-38AE-9696-F27D848CC31A}
		{47B95D65-0354-3704-9202-EFEB2A90E3F2}.1 = {DC570A07-5CBC-36E9-B168-D0AB6349E085}
		{47B95D65-0354-3704-9202-EFEB2A90E3F2}.2 = {A7A90722-9ED4-3A67-A953-49D16306E5C6}
		{389B8778-BD98-3481-8C7E-F920475B6A51}.0 = {C3383A22-6157-38AE-9696-F27D848CC31A}
		{389B8778-BD98-3481-8C7E-F920475B6A51}.1 = {8530CF1D-BDCE-3153-AE77-056820E9AA6C}
		{389B8778-BD98-3481-8C7E-F920475B6A51}.2 = {A7A90722-9ED4-3A67-A953-49D16306E5C6}
		{C14EEFCA-EA57-38D3-83CC-E64FC8B58C32}.0 = {C3383A22-6157-38AE-9696-F27D848CC31A}
		{C14EEFCA-EA57-38D3-83CC-E64FC8B58C32}.1 = {8530CF1D-BDCE-3153-AE77-056820E9AA6C}
		{C14EEFCA-EA57-38D3-83CC-E64FC8B58C32}.2 = {A7A90722-9ED4-3A67-A953-49D16306E5C6}
		{B819CAEE-8F4D-3992-B99B-E8813E761069}.0 = {C3383A22-6157-38AE-9696-F27D848CC31A}
		{B819CAEE-8F4D-3992-B99B-E8813E761069}.1 = {A7A90722-9ED4-3A67-A953-49D16306E5C6}
		{D791105E-29C6-3CF6-A7B5-253E0E3C6C1A}.0 = {C3383A22-6157-38AE-9696-F27D848CC31A}
		{D791105E-29C6-3CF6-A7B5-253E0E3C6C1A}.1 = {A7A90722-9ED4-3A67-A953-49D16306E5C6}
		{46BC4A27-DA30-30EF-9D80-5D4FFD5B8CF5}.0 = {C3383A22-6157-38AE-9696-F27D848CC31A}
		{46BC4A27-DA30-30EF-9D80-5D4FFD5B8CF5}.1 = {A7A90722-9ED4-3A67-A953-49D16306E5C6}
		{6DFA13B3-F9AB-368A-896A-6EA4FACC6B6C}.0 = {C3383A22-6157-38AE-9696-F27D848CC31A}
		{6DFA13B3-F9AB-368A-896A-6EA4FACC6B6C}.1 = {A7A90722-9ED4-3A67-A953-49D16306E5C6}
		{53A66D3F-D04B-309B-AC05-93ED3DD77A11}.0 = {C3383A22-6157-38AE-9696-F27D848CC31A}
		{53A66D3F-D04B-309B-AC05-93ED3DD77A11}.1 = {98C3A7B5-9458-3B37-885F-353FC9E0F548}
		{53A66D3F-D04B-309B-AC05-93ED3DD77A11}.2 = {A7A90722-9ED4-3A67-A953-49D16306E5C6}
		{2B99E40C-103E-37AF-ACE4-3E8CB66BBAD9}.0 = {C3383A22-6157-38AE-9696-F27D848CC31A}
		{2B99E40C-103E-37AF-ACE4-3E8CB66BBAD9}.1 = {98C3A7B5-9458-3B37-885F-353FC9E0F548}
		{2B99E40C-103E-37AF-ACE4-3E8CB66BBAD9}.2 = {A7A90722-9ED4-3A67-A953-49D16306E5C6}
		{520D3BCC-5441-351F-B75A-66BB8BBDE666}.0 = {C3383A22-6157-38AE-9696-F27D848CC31A}
		{520D3BCC-5441-351F-B75A-66BB8BBDE666}.1 = {98C3A7B5-9458-3B37-885F-353FC9E0F548}
		{520D3BCC-5441-351F-B75A-66BB8BBDE666}.2 = {A7A90722-9ED4-3A67-A953-49D16306E5C6}
		{EFB8F976-C93E-3649-9362-07A7223D7308}.0 = {C3383A22-6157-38AE-9696-F27D848CC31A}
		{EFB8F976-C93E-3649-9362-07A7223D7308}.1 = {45B93BBD-E700-3E46-A13E-97232B00E639}
		{EFB8F976-C93E-3649-9362-07A7223D7308}.2 = {DC570A07-5CBC-36E9-B168-D0AB6349E085}
		{EFB8F976-C93E-3649-9362-07A7223D7308}.3 = {98C3A7B5-9458-3B37-885F-353FC9E0F548}
		{EFB8F976-C93E-3649-9362-07A7223D7308}.4 = {A7A90722-9ED4-3A67-A953-49D16306E5C6}
		{2853F6BA-A1E4-3FEC-9E19-5D2EEBDEF0B4}.0 = {C3383A22-6157-38AE-9696-F27D848CC31A}
		{2853F6BA-A1E4-3FEC-9E19-5D2EEBDEF0B4}.1 = {98C3A7B5-9458-3B37-885F-353FC9E0F548}
		{2853F6BA-A1E4-3FEC-9E19-5D2EEBDEF0B4}.2 = {A7A90722-9ED4-3A67-A953-49D16306E5C6}
		{E959CBD3-6A64-39BC-B3F6-964F5F0DA95A}.0 = {C3383A22-6157-38AE-9696-F27D848CC31A}
		{E959CBD3-6A64-39BC-B3F6-964F5F0DA95A}.1 = {98C3A7B5-9458-3B37-885F-353FC9E0F548}
		{E959CBD3-6A64-39BC-B3F6-964F5F0DA95A}.2 = {A7A90722-9ED4-3A67-A953-49D16306E5C6}
		{C70613A0-8841-34F8-B303-35141C11379B}.0 = {C3383A22-6157-38AE-9696-F27D848CC31A}
		{C70613A0-8841-34F8-B303-35141C11379B}.1 = {45B93BBD-E700-3E46-A13E-97232B00E639}
		{C70613A0-8841-34F8-B303-35141C11379B}.2 = {DC570A07-5CBC-36E9-B168-D0AB6349E085}
		{C70613A0-8841-34F8-B303-35141C11379B}.3 = {98C3A7B5-9458-3B37-885F-353FC9E0F548}
		{C70613A0-8841-34F8-B303-35141C11379B}.4 = {A7A90722-9ED4-3A67-A953-49D16306E5C6}
		{5C5BF795-FAC0-3073-A6CF-C4395F7D63E7}.0 = {C3383A22-6157-38AE-9696-F27D848CC31A}
		{5C5BF795-FAC0-3073-A6CF-C4395F7D63E7}.1 = {98C3A7B5-9458-3B37-885F-353FC9E0F548}
		{5C5BF795-FAC0-3073-A6CF-C4395F7D63E7}.2 = {8530CF1D-BDCE-3153-AE77-056820E9AA6C}
		{5C5BF795-FAC0-3073-A6CF-C4395F7D63E7}.3 = {A7A90722-9ED4-3A67-A953-49D16306E5C6}
		{2D7A5D20-270A-3EFE-AFD7-8E152B8F9540}.0 = {C3383A22-6157-38AE-9696-F27D848CC31A}
		{2D7A5D20-270A-3EFE-AFD7-8E152B8F9540}.1 = {8F0FD330-3F87-3B52-98EA-0124B4382F77}
		{2D7A5D20-270A-3EFE-AFD7-8E152B8F9540}.2 = {98C3A7B5-9458-3B37-885F-353FC9E0F548}
		{2D7A5D20-270A-3EFE-AFD7-8E152B8F9540}.3 = {A7A90722-9ED4-3A67-A953-49D16306E5C6}
		{06E65764-7D43-3E64-B2EF-F468CD28A467}.0 = {C3383A22-6157-38AE-9696-F27D848CC31A}
		{06E65764-7D43-3E64-B2EF-F468CD28A467}.1 = {98C3A7B5-9458-3B37-885F-353FC9E0F548}
		{06E65764-7D43-3E64-B2EF-F468CD28A467}.2 = {A7A90722-9ED4-3A67-A953-49D16306E5C6}
		{20028FB1-3D5B-317E-988B-9274109A2AF2}.0 = {C3383A22-6157-38AE-9696-F27D848CC31A}
		{20028FB1-3D5B-317E-988B-9274109A2AF2}.1 = {90B76F26-FFFA-3EDD-B3E2-11FBA04158BA}
		{20028FB1-3D5B-317E-988B-9274109A2AF2}.2 = {98C3A7B5-9458-3B37-885F-353FC9E0F548}
		{20028FB1-3D5B-317E-988B-9274109A2AF2}.3 = {8530CF1D-BDCE-3153-AE77-056820E9AA6C}
		{20028FB1-3D5B-317E-988B-9274109A2AF2}.4 = {A7A90722-9ED4-3A67-A953-49D16306E5C6}
		{87FCAE4E-9438-3194-8054-D2106E1408C7}.0 = {C3383A22-6157-38AE-9696-F27D848CC31A}
		{87FCAE4E-9438-3194-8054-D2106E1408C7}.1 = {A7A90722-9ED4-3A67-A953-49D16306E5C6}
		{3ED1C0D2-266C-377A-8FC2-CE7E1561A00F}.0 = {C3383A22-6157-38AE-9696-F27D848CC31A}
		{3ED1C0D2-266C-377A-8FC2-CE7E1561A00F}.1 = {19207D19-B178-38D8-A91B-2F1428B18598}
		{3ED1C0D2-266C-377A-8FC2-CE7E1561A00F}.2 = {8EE9CB4E-C171-391E-B759-84AC5788A036}
		{3ED1C0D2-266C-377A-8FC2-CE7E1561A00F}.3 = {DC570A07-5CBC-36E9-B168-D0AB6349E085}
		{3ED1C0D2-266C-377A-8FC2-CE7E1561A00F}.4 = {98C3A7B5-9458-3B37-885F-353FC9E0F548}
		{3ED1C0D2-266C-377A-8FC2-CE7E1561A00F}.5 = {8530CF1D-BDCE-3153-AE77-056820E9AA6C}
		{3ED1C0D2-266C-377A-8FC2-CE7E1561A00F}.6 = {A7A90722-9ED4-3A67-A953-49D16306E5C6}
		{3ED1C0D2-266C-377A-8FC2-CE7E1561A00F}.7 = {87FCAE4E-9438-3194-8054-D2106E1408C7}
		{7A894DD1-4B7A-3F31-8336-C3CE1FE9C989}.0 = {C3383A22-6157-38AE-9696-F27D848CC31A}
		{7A894DD1-4B7A-3F31-8336-C3CE1FE9C989}.1 = {19207D19-B178-38D8-A91B-2F1428B18598}
		{7A894DD1-4B7A-3F31-8336-C3CE1FE9C989}.2 = {DC570A07-5CBC-36E9-B168-D0AB6349E085}
		{7A894DD1-4B7A-3F31-8336-C3CE1FE9C989}.3 = {A7A90722-9ED4-3A67-A953-49D16306E5C6}
		{54061AFD-15B5-3ECB-80F5-906898A784B3}.0 = {C3383A22-6157-38AE-9696-F27D848CC31A}
		{54061AFD-15B5-3ECB-80F5-906898A784B3}.1 = {4F8ED3FF-EC54-3F35-A000-4BF69C5742CE}
		{54061AFD-15B5-3ECB-80F5-906898A784B3}.2 = {A7A90722-9ED4-3A67-A953-49D16306E5C6}
		{D310B09D-E1B2-3FE9-B4A9-773F41CAB3B5}.0 = {C3383A22-6157-38AE-9696-F27D848CC31A}
		{D310B09D-E1B2-3FE9-B4A9-773F41CAB3B5}.1 = {56274729-63DD-3D79-AF0A-5AABC4ABDC03}
		{D310B09D-E1B2-3FE9-B4A9-773F41CAB3B5}.2 = {98C3A7B5-9458-3B37-885F-353FC9E0F548}
		{D310B09D-E1B2-3FE9-B4A9-773F41CAB3B5}.3 = {A7A90722-9ED4-3A67-A953-49D16306E5C6}
		{FBD33A38-8E33-3087-B71C-84C5BA9C1FC2}.0 = {C3383A22-6157-38AE-9696-F27D848CC31A}
		{FBD33A38-8E33-3087-B71C-84C5BA9C1FC2}.1 = {56274729-63DD-3D79-AF0A-5AABC4ABDC03}
		{FBD33A38-8E33-3087-B71C-84C5BA9C1FC2}.2 = {98C3A7B5-9458-3B37-885F-353FC9E0F548}
		{FBD33A38-8E33-3087-B71C-84C5BA9C1FC2}.3 = {A7A90722-9ED4-3A67-A953-49D16306E5C6}
		{1D2369C6-339D-3C89-9B2C-6C3CE091F6C6}.0 = {2080921E-D04A-3056-B9D6-725A4D8F3857}
		{1D2369C6-339D-3C89-9B2C-6C3CE091F6C6}.1 = {C3383A22-6157-38AE-9696-F27D848CC31A}
		{1D2369C6-339D-3C89-9B2C-6C3CE091F6C6}.2 = {0D5D2DDB-B8DA-3379-9164-39D9F10FFE0C}
		{1D2369C6-339D-3C89-9B2C-6C3CE091F6C6}.3 = {C0D0453F-965D-3EA9-A69B-88FE32394F4B}
		{1D2369C6-339D-3C89-9B2C-6C3CE091F6C6}.4 = {56274729-63DD-3D79-AF0A-5AABC4ABDC03}
		{1D2369C6-339D-3C89-9B2C-6C3CE091F6C6}.5 = {98C3A7B5-9458-3B37-885F-353FC9E0F548}
		{1D2369C6-339D-3C89-9B2C-6C3CE091F6C6}.6 = {A7A90722-9ED4-3A67-A953-49D16306E5C6}
		{0E248608-9164-32CD-8E19-0AC508FC20D6}.0 = {B5B522BA-6017-333C-861E-93F97ECBE4EB}
		{4809736B-B331-3B67-A752-B1E2D0AEC155}.0 = {C3383A22-6157-38AE-9696-F27D848CC31A}
		{4809736B-B331-3B67-A752-B1E2D0AEC155}.1 = {DC570A07-5CBC-36E9-B168-D0AB6349E085}
		{4809736B-B331-3B67-A752-B1E2D0AEC155}.2 = {A7A90722-9ED4-3A67-A953-49D16306E5C6}
		{06CFA24A-32C0-3FC5-B272-2FBBB2EE9855}.0 = {C3383A22-6157-38AE-9696-F27D848CC31A}
		{06CFA24A-32C0-3FC5-B272-2FBBB2EE9855}.1 = {DC570A07-5CBC-36E9-B168-D0AB6349E085}
		{06CFA24A-32C0-3FC5-B272-2FBBB2EE9855}.2 = {A7A90722-9ED4-3A67-A953-49D16306E5C6}
		{4D1C317A-562B-3E98-9461-2DD11DA7F5FB}.0 = {C3383A22-6157-38AE-9696-F27D848CC31A}
		{4D1C317A-562B-3E98-9461-2DD11DA7F5FB}.1 = {19207D19-B178-38D8-A91B-2F1428B18598}
		{4D1C317A-562B-3E98-9461-2DD11DA7F5FB}.2 = {0D5D2DDB-B8DA-3379-9164-39D9F10FFE0C}
		{4D1C317A-562B-3E98-9461-2DD11DA7F5FB}.3 = {4F8ED3FF-EC54-3F35-A000-4BF69C5742CE}
		{4D1C317A-562B-3E98-9461-2DD11DA7F5FB}.4 = {DC570A07-5CBC-36E9-B168-D0AB6349E085}
		{4D1C317A-562B-3E98-9461-2DD11DA7F5FB}.5 = {98C3A7B5-9458-3B37-885F-353FC9E0F548}
		{4D1C317A-562B-3E98-9461-2DD11DA7F5FB}.6 = {A7A90722-9ED4-3A67-A953-49D16306E5C6}
		{4D1C317A-562B-3E98-9461-2DD11DA7F5FB}.7 = {28DFA32E-BB59-3045-95A3-FC429F88C1AE}
		{2A517E25-1930-3922-91F9-AE4409567151}.0 = {C3383A22-6157-38AE-9696-F27D848CC31A}
		{2A517E25-1930-3922-91F9-AE4409567151}.1 = {19207D19-B178-38D8-A91B-2F1428B18598}
		{2A517E25-1930-3922-91F9-AE4409567151}.2 = {0D5D2DDB-B8DA-3379-9164-39D9F10FFE0C}
		{2A517E25-1930-3922-91F9-AE4409567151}.3 = {4F8ED3FF-EC54-3F35-A000-4BF69C5742CE}
		{2A517E25-1930-3922-91F9-AE4409567151}.4 = {3ED1C0D2-266C-377A-8FC2-CE7E1561A00F}
		{2A517E25-1930-3922-91F9-AE4409567151}.5 = {C2C37496-D41D-36CC-B43C-F9794FCC468B}
		{2A517E25-1930-3922-91F9-AE4409567151}.6 = {8EE9CB4E-C171-391E-B759-84AC5788A036}
		{2A517E25-1930-3922-91F9-AE4409567151}.7 = {DC570A07-5CBC-36E9-B168-D0AB6349E085}
		{2A517E25-1930-3922-91F9-AE4409567151}.8 = {98C3A7B5-9458-3B37-885F-353FC9E0F548}
		{2A517E25-1930-3922-91F9-AE4409567151}.9 = {8530CF1D-BDCE-3153-AE77-056820E9AA6C}
		{2A517E25-1930-3922-91F9-AE4409567151}.10 = {A7A90722-9ED4-3A67-A953-49D16306E5C6}
		{F1AB2EF3-0AC6-3F68-80FD-F242ED3B953F}.0 = {C3383A22-6157-38AE-9696-F27D848CC31A}
		{F1AB2EF3-0AC6-3F68-80FD-F242ED3B953F}.1 = {3ED1C0D2-266C-377A-8FC2-CE7E1561A00F}
		{F1AB2EF3-0AC6-3F68-80FD-F242ED3B953F}.2 = {8EE9CB4E-C171-391E-B759-84AC5788A036}
		{F1AB2EF3-0AC6-3F68-80FD-F242ED3B953F}.3 = {DC570A07-5CBC-36E9-B168-D0AB6349E085}
		{F1AB2EF3-0AC6-3F68-80FD-F242ED3B953F}.4 = {98C3A7B5-9458-3B37-885F-353FC9E0F548}
		{F1AB2EF3-0AC6-3F68-80FD-F242ED3B953F}.5 = {8530CF1D-BDCE-3153-AE77-056820E9AA6C}
		{F1AB2EF3-0AC6-3F68-80FD-F242ED3B953F}.6 = {A7A90722-9ED4-3A67-A953-49D16306E5C6}
		{7DACF4BD-9246-3275-B346-A64BDD8E490E}.0 = {C3383A22-6157-38AE-9696-F27D848CC31A}
		{7DACF4BD-9246-3275-B346-A64BDD8E490E}.1 = {3ED1C0D2-266C-377A-8FC2-CE7E1561A00F}
		{7DACF4BD-9246-3275-B346-A64BDD8E490E}.2 = {8EE9CB4E-C171-391E-B759-84AC5788A036}
		{7DACF4BD-9246-3275-B346-A64BDD8E490E}.3 = {DC570A07-5CBC-36E9-B168-D0AB6349E085}
		{7DACF4BD-9246-3275-B346-A64BDD8E490E}.4 = {98C3A7B5-9458-3B37-885F-353FC9E0F548}
		{7DACF4BD-9246-3275-B346-A64BDD8E490E}.5 = {8530CF1D-BDCE-3153-AE77-056820E9AA6C}
		{7DACF4BD-9246-3275-B346-A64BDD8E490E}.6 = {A7A90722-9ED4-3A67-A953-49D16306E5C6}
		{1B0AD444-4D67-38FD-B6DB-B8D4B7EE377B}.0 = {C3383A22-6157-38AE-9696-F27D848CC31A}
		{1B0AD444-4D67-38FD-B6DB-B8D4B7EE377B}.1 = {19207D19-B178-38D8-A91B-2F1428B18598}
		{1B0AD444-4D67-38FD-B6DB-B8D4B7EE377B}.2 = {0D5D2DDB-B8DA-3379-9164-39D9F10FFE0C}
		{1B0AD444-4D67-38FD-B6DB-B8D4B7EE377B}.3 = {4F8ED3FF-EC54-3F35-A000-4BF69C5742CE}
		{1B0AD444-4D67-38FD-B6DB-B8D4B7EE377B}.4 = {3ED1C0D2-266C-377A-8FC2-CE7E1561A00F}
		{1B0AD444-4D67-38FD-B6DB-B8D4B7EE377B}.5 = {8EE9CB4E-C171-391E-B759-84AC5788A036}
		{1B0AD444-4D67-38FD-B6DB-B8D4B7EE377B}.6 = {DC570A07-5CBC-36E9-B168-D0AB6349E085}
		{1B0AD444-4D67-38FD-B6DB-B8D4B7EE377B}.7 = {98C3A7B5-9458-3B37-885F-353FC9E0F548}
		{1B0AD444-4D67-38FD-B6DB-B8D4B7EE377B}.8 = {A7A90722-9ED4-3A67-A953-49D16306E5C6}
		{28DFA32E-BB59-3045-95A3-FC429F88C1AE}.0 = {C3383A22-6157-38AE-9696-F27D848CC31A}
		{28DFA32E-BB59-3045-95A3-FC429F88C1AE}.1 = {DC570A07-5CBC-36E9-B168-D0AB6349E085}
		{28DFA32E-BB59-3045-95A3-FC429F88C1AE}.2 = {98C3A7B5-9458-3B37-885F-353FC9E0F548}
		{28DFA32E-BB59-3045-95A3-FC429F88C1AE}.3 = {A7A90722-9ED4-3A67-A953-49D16306E5C6}
		{BB552ED6-3A36-3440-A7C0-F90D69BBD4FD}.0 = {C3383A22-6157-38AE-9696-F27D848CC31A}
		{BB552ED6-3A36-3440-A7C0-F90D69BBD4FD}.1 = {19207D19-B178-38D8-A91B-2F1428B18598}
		{BB552ED6-3A36-3440-A7C0-F90D69BBD4FD}.2 = {0D5D2DDB-B8DA-3379-9164-39D9F10FFE0C}
		{BB552ED6-3A36-3440-A7C0-F90D69BBD4FD}.3 = {56CE6E9B-FCFB-324A-917D-9F84C22641A7}
		{BB552ED6-3A36-3440-A7C0-F90D69BBD4FD}.4 = {DC570A07-5CBC-36E9-B168-D0AB6349E085}
		{BB552ED6-3A36-3440-A7C0-F90D69BBD4FD}.5 = {98C3A7B5-9458-3B37-885F-353FC9E0F548}
		{BB552ED6-3A36-3440-A7C0-F90D69BBD4FD}.6 = {A7A90722-9ED4-3A67-A953-49D16306E5C6}
		{837B95D6-0385-3E38-A5FE-AC06BCDF4FA7}.0 = {C3383A22-6157-38AE-9696-F27D848CC31A}
		{837B95D6-0385-3E38-A5FE-AC06BCDF4FA7}.1 = {19207D19-B178-38D8-A91B-2F1428B18598}
		{837B95D6-0385-3E38-A5FE-AC06BCDF4FA7}.2 = {0D5D2DDB-B8DA-3379-9164-39D9F10FFE0C}
		{837B95D6-0385-3E38-A5FE-AC06BCDF4FA7}.3 = {4F8ED3FF-EC54-3F35-A000-4BF69C5742CE}
		{837B95D6-0385-3E38-A5FE-AC06BCDF4FA7}.4 = {B7B0C34D-F56A-31C3-8B75-01EBF5DABCEF}
		{837B95D6-0385-3E38-A5FE-AC06BCDF4FA7}.5 = {BB552ED6-3A36-3440-A7C0-F90D69BBD4FD}
		{837B95D6-0385-3E38-A5FE-AC06BCDF4FA7}.6 = {56CE6E9B-FCFB-324A-917D-9F84C22641A7}
		{837B95D6-0385-3E38-A5FE-AC06BCDF4FA7}.7 = {DC570A07-5CBC-36E9-B168-D0AB6349E085}
		{837B95D6-0385-3E38-A5FE-AC06BCDF4FA7}.8 = {98C3A7B5-9458-3B37-885F-353FC9E0F548}
		{837B95D6-0385-3E38-A5FE-AC06BCDF4FA7}.9 = {8530CF1D-BDCE-3153-AE77-056820E9AA6C}
		{837B95D6-0385-3E38-A5FE-AC06BCDF4FA7}.10 = {A7A90722-9ED4-3A67-A953-49D16306E5C6}
		{B7B0C34D-F56A-31C3-8B75-01EBF5DABCEF}.0 = {C3383A22-6157-38AE-9696-F27D848CC31A}
		{B7B0C34D-F56A-31C3-8B75-01EBF5DABCEF}.1 = {19207D19-B178-38D8-A91B-2F1428B18598}
		{B7B0C34D-F56A-31C3-8B75-01EBF5DABCEF}.2 = {0D5D2DDB-B8DA-3379-9164-39D9F10FFE0C}
		{B7B0C34D-F56A-31C3-8B75-01EBF5DABCEF}.3 = {BB552ED6-3A36-3440-A7C0-F90D69BBD4FD}
		{B7B0C34D-F56A-31C3-8B75-01EBF5DABCEF}.4 = {56CE6E9B-FCFB-324A-917D-9F84C22641A7}
		{B7B0C34D-F56A-31C3-8B75-01EBF5DABCEF}.5 = {DC570A07-5CBC-36E9-B168-D0AB6349E085}
		{B7B0C34D-F56A-31C3-8B75-01EBF5DABCEF}.6 = {98C3A7B5-9458-3B37-885F-353FC9E0F548}
		{B7B0C34D-F56A-31C3-8B75-01EBF5DABCEF}.7 = {A7A90722-9ED4-3A67-A953-49D16306E5C6}
		{B7B0C34D-F56A-31C3-8B75-01EBF5DABCEF}.8 = {BB552ED6-3A36-3440-A7C0-F90D69BBD4FD}
		{487B8308-626E-3DB5-8C91-10B60B33D0E6}.0 = {C3383A22-6157-38AE-9696-F27D848CC31A}
		{487B8308-626E-3DB5-8C91-10B60B33D0E6}.1 = {56CE6E9B-FCFB-324A-917D-9F84C22641A7}
		{487B8308-626E-3DB5-8C91-10B60B33D0E6}.2 = {DC570A07-5CBC-36E9-B168-D0AB6349E085}
		{487B8308-626E-3DB5-8C91-10B60B33D0E6}.3 = {98C3A7B5-9458-3B37-885F-353FC9E0F548}
		{487B8308-626E-3DB5-8C91-10B60B33D0E6}.4 = {A7A90722-9ED4-3A67-A953-49D16306E5C6}
		{487B8308-626E-3DB5-8C91-10B60B33D0E6}.5 = {BB552ED6-3A36-3440-A7C0-F90D69BBD4FD}
		{487B8308-626E-3DB5-8C91-10B60B33D0E6}.6 = {56274729-63DD-3D79-AF0A-5AABC4ABDC03}
		{CB49993C-6E24-3C81-8316-284BDF1FB0B1}.0 = {C3383A22-6157-38AE-9696-F27D848CC31A}
		{CB49993C-6E24-3C81-8316-284BDF1FB0B1}.1 = {19207D19-B178-38D8-A91B-2F1428B18598}
		{CB49993C-6E24-3C81-8316-284BDF1FB0B1}.2 = {C2C37496-D41D-36CC-B43C-F9794FCC468B}
		{CB49993C-6E24-3C81-8316-284BDF1FB0B1}.3 = {56CE6E9B-FCFB-324A-917D-9F84C22641A7}
		{CB49993C-6E24-3C81-8316-284BDF1FB0B1}.4 = {DC570A07-5CBC-36E9-B168-D0AB6349E085}
		{CB49993C-6E24-3C81-8316-284BDF1FB0B1}.5 = {98C3A7B5-9458-3B37-885F-353FC9E0F548}
		{CB49993C-6E24-3C81-8316-284BDF1FB0B1}.6 = {A7A90722-9ED4-3A67-A953-49D16306E5C6}
		{CB49993C-6E24-3C81-8316-284BDF1FB0B1}.7 = {BB552ED6-3A36-3440-A7C0-F90D69BBD4FD}
		{68655D16-6E75-3B5B-AF25-6674427F83AF}.0 = {C3383A22-6157-38AE-9696-F27D848CC31A}
		{68655D16-6E75-3B5B-AF25-6674427F83AF}.1 = {90B76F26-FFFA-3EDD-B3E2-11FBA04158BA}
		{68655D16-6E75-3B5B-AF25-6674427F83AF}.2 = {56CE6E9B-FCFB-324A-917D-9F84C22641A7}
		{68655D16-6E75-3B5B-AF25-6674427F83AF}.3 = {DC570A07-5CBC-36E9-B168-D0AB6349E085}
		{68655D16-6E75-3B5B-AF25-6674427F83AF}.4 = {98C3A7B5-9458-3B37-885F-353FC9E0F548}
		{68655D16-6E75-3B5B-AF25-6674427F83AF}.5 = {A7A90722-9ED4-3A67-A953-49D16306E5C6}
		{68655D16-6E75-3B5B-AF25-6674427F83AF}.6 = {BB552ED6-3A36-3440-A7C0-F90D69BBD4FD}
	EndGlobalSection
	GlobalSection(ProjectConfiguration) = postSolution
		{B5B522BA-6017-333C-861E-93F97ECBE4EB}.Debug|Win32.ActiveCfg = Debug|Win32
		{B5B522BA-6017-333C-861E-93F97ECBE4EB}.Debug|Win32.Build.0 = Debug|Win32
		{B5B522BA-6017-333C-861E-93F97ECBE4EB}.Release|Win32.ActiveCfg = Release|Win32
		{B5B522BA-6017-333C-861E-93F97ECBE4EB}.Release|Win32.Build.0 = Release|Win32
		{C3383A22-6157-38AE-9696-F27D848CC31A}.Debug|Win32.ActiveCfg = Debug|Win32
		{C3383A22-6157-38AE-9696-F27D848CC31A}.Debug|Win32.Build.0 = Debug|Win32
		{C3383A22-6157-38AE-9696-F27D848CC31A}.Release|Win32.ActiveCfg = Release|Win32
		{C3383A22-6157-38AE-9696-F27D848CC31A}.Release|Win32.Build.0 = Release|Win32
		{19207D19-B178-38D8-A91B-2F1428B18598}.Debug|Win32.ActiveCfg = Debug|Win32
		{19207D19-B178-38D8-A91B-2F1428B18598}.Debug|Win32.Build.0 = Debug|Win32
		{19207D19-B178-38D8-A91B-2F1428B18598}.Release|Win32.ActiveCfg = Release|Win32
		{19207D19-B178-38D8-A91B-2F1428B18598}.Release|Win32.Build.0 = Release|Win32
		{0D5D2DDB-B8DA-3379-9164-39D9F10FFE0C}.Debug|Win32.ActiveCfg = Debug|Win32
		{0D5D2DDB-B8DA-3379-9164-39D9F10FFE0C}.Debug|Win32.Build.0 = Debug|Win32
		{0D5D2DDB-B8DA-3379-9164-39D9F10FFE0C}.Release|Win32.ActiveCfg = Release|Win32
		{0D5D2DDB-B8DA-3379-9164-39D9F10FFE0C}.Release|Win32.Build.0 = Release|Win32
		{4F8ED3FF-EC54-3F35-A000-4BF69C5742CE}.Debug|Win32.ActiveCfg = Debug|Win32
		{4F8ED3FF-EC54-3F35-A000-4BF69C5742CE}.Debug|Win32.Build.0 = Debug|Win32
		{4F8ED3FF-EC54-3F35-A000-4BF69C5742CE}.Release|Win32.ActiveCfg = Release|Win32
		{4F8ED3FF-EC54-3F35-A000-4BF69C5742CE}.Release|Win32.Build.0 = Release|Win32
		{A7A90722-9ED4-3A67-A953-49D16306E5C6}.Debug|Win32.ActiveCfg = Debug|Win32
		{A7A90722-9ED4-3A67-A953-49D16306E5C6}.Debug|Win32.Build.0 = Debug|Win32
		{A7A90722-9ED4-3A67-A953-49D16306E5C6}.Release|Win32.ActiveCfg = Release|Win32
		{A7A90722-9ED4-3A67-A953-49D16306E5C6}.Release|Win32.Build.0 = Release|Win32
		{DC570A07-5CBC-36E9-B168-D0AB6349E085}.Debug|Win32.ActiveCfg = Debug|Win32
		{DC570A07-5CBC-36E9-B168-D0AB6349E085}.Debug|Win32.Build.0 = Debug|Win32
		{DC570A07-5CBC-36E9-B168-D0AB6349E085}.Release|Win32.ActiveCfg = Release|Win32
		{DC570A07-5CBC-36E9-B168-D0AB6349E085}.Release|Win32.Build.0 = Release|Win32
		{8530CF1D-BDCE-3153-AE77-056820E9AA6C}.Debug|Win32.ActiveCfg = Debug|Win32
		{8530CF1D-BDCE-3153-AE77-056820E9AA6C}.Debug|Win32.Build.0 = Debug|Win32
		{8530CF1D-BDCE-3153-AE77-056820E9AA6C}.Release|Win32.ActiveCfg = Release|Win32
		{8530CF1D-BDCE-3153-AE77-056820E9AA6C}.Release|Win32.Build.0 = Release|Win32
		{8EE9CB4E-C171-391E-B759-84AC5788A036}.Debug|Win32.ActiveCfg = Debug|Win32
		{8EE9CB4E-C171-391E-B759-84AC5788A036}.Debug|Win32.Build.0 = Debug|Win32
		{8EE9CB4E-C171-391E-B759-84AC5788A036}.Release|Win32.ActiveCfg = Release|Win32
		{8EE9CB4E-C171-391E-B759-84AC5788A036}.Release|Win32.Build.0 = Release|Win32
		{7956EC0A-D9AC-311D-8829-6B93F84CC7EF}.Debug|Win32.ActiveCfg = Debug|Win32
		{7956EC0A-D9AC-311D-8829-6B93F84CC7EF}.Debug|Win32.Build.0 = Debug|Win32
		{7956EC0A-D9AC-311D-8829-6B93F84CC7EF}.Release|Win32.ActiveCfg = Release|Win32
		{7956EC0A-D9AC-311D-8829-6B93F84CC7EF}.Release|Win32.Build.0 = Release|Win32
		{98C3A7B5-9458-3B37-885F-353FC9E0F548}.Debug|Win32.ActiveCfg = Debug|Win32
		{98C3A7B5-9458-3B37-885F-353FC9E0F548}.Debug|Win32.Build.0 = Debug|Win32
		{98C3A7B5-9458-3B37-885F-353FC9E0F548}.Release|Win32.ActiveCfg = Release|Win32
		{98C3A7B5-9458-3B37-885F-353FC9E0F548}.Release|Win32.Build.0 = Release|Win32
		{2080921E-D04A-3056-B9D6-725A4D8F3857}.Debug|Win32.ActiveCfg = Debug|Win32
		{2080921E-D04A-3056-B9D6-725A4D8F3857}.Debug|Win32.Build.0 = Debug|Win32
		{2080921E-D04A-3056-B9D6-725A4D8F3857}.Release|Win32.ActiveCfg = Release|Win32
		{2080921E-D04A-3056-B9D6-725A4D8F3857}.Release|Win32.Build.0 = Release|Win32
		{8F0FD330-3F87-3B52-98EA-0124B4382F77}.Debug|Win32.ActiveCfg = Debug|Win32
		{8F0FD330-3F87-3B52-98EA-0124B4382F77}.Debug|Win32.Build.0 = Debug|Win32
		{8F0FD330-3F87-3B52-98EA-0124B4382F77}.Release|Win32.ActiveCfg = Release|Win32
		{8F0FD330-3F87-3B52-98EA-0124B4382F77}.Release|Win32.Build.0 = Release|Win32
		{CE290646-7D0E-3859-84C9-B278E8CEDF30}.Debug|Win32.ActiveCfg = Debug|Win32
		{CE290646-7D0E-3859-84C9-B278E8CEDF30}.Debug|Win32.Build.0 = Debug|Win32
		{CE290646-7D0E-3859-84C9-B278E8CEDF30}.Release|Win32.ActiveCfg = Release|Win32
		{CE290646-7D0E-3859-84C9-B278E8CEDF30}.Release|Win32.Build.0 = Release|Win32
		{5F865564-066C-399B-96E3-8024AE55EEAC}.Debug|Win32.ActiveCfg = Debug|Win32
		{5F865564-066C-399B-96E3-8024AE55EEAC}.Debug|Win32.Build.0 = Debug|Win32
		{5F865564-066C-399B-96E3-8024AE55EEAC}.Release|Win32.ActiveCfg = Release|Win32
		{5F865564-066C-399B-96E3-8024AE55EEAC}.Release|Win32.Build.0 = Release|Win32
		{45B93BBD-E700-3E46-A13E-97232B00E639}.Debug|Win32.ActiveCfg = Debug|Win32
		{45B93BBD-E700-3E46-A13E-97232B00E639}.Debug|Win32.Build.0 = Debug|Win32
		{45B93BBD-E700-3E46-A13E-97232B00E639}.Release|Win32.ActiveCfg = Release|Win32
		{45B93BBD-E700-3E46-A13E-97232B00E639}.Release|Win32.Build.0 = Release|Win32
		{56CE6E9B-FCFB-324A-917D-9F84C22641A7}.Debug|Win32.ActiveCfg = Debug|Win32
		{56CE6E9B-FCFB-324A-917D-9F84C22641A7}.Debug|Win32.Build.0 = Debug|Win32
		{56CE6E9B-FCFB-324A-917D-9F84C22641A7}.Release|Win32.ActiveCfg = Release|Win32
		{56CE6E9B-FCFB-324A-917D-9F84C22641A7}.Release|Win32.Build.0 = Release|Win32
		{90B76F26-FFFA-3EDD-B3E2-11FBA04158BA}.Debug|Win32.ActiveCfg = Debug|Win32
		{90B76F26-FFFA-3EDD-B3E2-11FBA04158BA}.Debug|Win32.Build.0 = Debug|Win32
		{90B76F26-FFFA-3EDD-B3E2-11FBA04158BA}.Release|Win32.ActiveCfg = Release|Win32
		{90B76F26-FFFA-3EDD-B3E2-11FBA04158BA}.Release|Win32.Build.0 = Release|Win32
		{A95508E0-8854-3975-A9D8-537016008A51}.Debug|Win32.ActiveCfg = Debug|Win32
		{A95508E0-8854-3975-A9D8-537016008A51}.Debug|Win32.Build.0 = Debug|Win32
		{A95508E0-8854-3975-A9D8-537016008A51}.Release|Win32.ActiveCfg = Release|Win32
		{A95508E0-8854-3975-A9D8-537016008A51}.Release|Win32.Build.0 = Release|Win32
		{C2C37496-D41D-36CC-B43C-F9794FCC468B}.Debug|Win32.ActiveCfg = Debug|Win32
		{C2C37496-D41D-36CC-B43C-F9794FCC468B}.Debug|Win32.Build.0 = Debug|Win32
		{C2C37496-D41D-36CC-B43C-F9794FCC468B}.Release|Win32.ActiveCfg = Release|Win32
		{C2C37496-D41D-36CC-B43C-F9794FCC468B}.Release|Win32.Build.0 = Release|Win32
		{842B5087-FD5D-3FCE-B2CB-60313AE09E5F}.Debug|Win32.ActiveCfg = Debug|Win32
		{842B5087-FD5D-3FCE-B2CB-60313AE09E5F}.Debug|Win32.Build.0 = Debug|Win32
		{842B5087-FD5D-3FCE-B2CB-60313AE09E5F}.Release|Win32.ActiveCfg = Release|Win32
		{842B5087-FD5D-3FCE-B2CB-60313AE09E5F}.Release|Win32.Build.0 = Release|Win32
		{72AEF083-AAB3-3166-B5F1-8EEFA1CB2185}.Debug|Win32.ActiveCfg = Debug|Win32
		{72AEF083-AAB3-3166-B5F1-8EEFA1CB2185}.Debug|Win32.Build.0 = Debug|Win32
		{72AEF083-AAB3-3166-B5F1-8EEFA1CB2185}.Release|Win32.ActiveCfg = Release|Win32
		{72AEF083-AAB3-3166-B5F1-8EEFA1CB2185}.Release|Win32.Build.0 = Release|Win32
		{2E968B6E-0502-39F4-A715-EE57D67FB8AA}.Debug|Win32.ActiveCfg = Debug|Win32
		{2E968B6E-0502-39F4-A715-EE57D67FB8AA}.Debug|Win32.Build.0 = Debug|Win32
		{2E968B6E-0502-39F4-A715-EE57D67FB8AA}.Release|Win32.ActiveCfg = Release|Win32
		{2E968B6E-0502-39F4-A715-EE57D67FB8AA}.Release|Win32.Build.0 = Release|Win32
		{56274729-63DD-3D79-AF0A-5AABC4ABDC03}.Debug|Win32.ActiveCfg = Debug|Win32
		{56274729-63DD-3D79-AF0A-5AABC4ABDC03}.Debug|Win32.Build.0 = Debug|Win32
		{56274729-63DD-3D79-AF0A-5AABC4ABDC03}.Release|Win32.ActiveCfg = Release|Win32
		{56274729-63DD-3D79-AF0A-5AABC4ABDC03}.Release|Win32.Build.0 = Release|Win32
		{C0D0453F-965D-3EA9-A69B-88FE32394F4B}.Debug|Win32.ActiveCfg = Debug|Win32
		{C0D0453F-965D-3EA9-A69B-88FE32394F4B}.Debug|Win32.Build.0 = Debug|Win32
		{C0D0453F-965D-3EA9-A69B-88FE32394F4B}.Release|Win32.ActiveCfg = Release|Win32
		{C0D0453F-965D-3EA9-A69B-88FE32394F4B}.Release|Win32.Build.0 = Release|Win32
		{7982ED80-A42D-3557-A11C-590B796DAA02}.Debug|Win32.ActiveCfg = Debug|Win32
		{7982ED80-A42D-3557-A11C-590B796DAA02}.Debug|Win32.Build.0 = Debug|Win32
		{7982ED80-A42D-3557-A11C-590B796DAA02}.Release|Win32.ActiveCfg = Release|Win32
		{7982ED80-A42D-3557-A11C-590B796DAA02}.Release|Win32.Build.0 = Release|Win32
		{B5814568-D2B5-3538-AD64-718E39C1D57C}.Debug|Win32.ActiveCfg = Debug|Win32
		{B5814568-D2B5-3538-AD64-718E39C1D57C}.Debug|Win32.Build.0 = Debug|Win32
		{B5814568-D2B5-3538-AD64-718E39C1D57C}.Release|Win32.ActiveCfg = Release|Win32
		{B5814568-D2B5-3538-AD64-718E39C1D57C}.Release|Win32.Build.0 = Release|Win32
		{27BE95B1-957F-3117-B5A3-4E65E929AAC1}.Debug|Win32.ActiveCfg = Debug|Win32
		{27BE95B1-957F-3117-B5A3-4E65E929AAC1}.Debug|Win32.Build.0 = Debug|Win32
		{27BE95B1-957F-3117-B5A3-4E65E929AAC1}.Release|Win32.ActiveCfg = Release|Win32
		{27BE95B1-957F-3117-B5A3-4E65E929AAC1}.Release|Win32.Build.0 = Release|Win32
		{E6EA46C0-56B3-392A-BD75-9CE36E6DA485}.Debug|Win32.ActiveCfg = Debug|Win32
		{E6EA46C0-56B3-392A-BD75-9CE36E6DA485}.Debug|Win32.Build.0 = Debug|Win32
		{E6EA46C0-56B3-392A-BD75-9CE36E6DA485}.Release|Win32.ActiveCfg = Release|Win32
		{E6EA46C0-56B3-392A-BD75-9CE36E6DA485}.Release|Win32.Build.0 = Release|Win32
		{CE541D66-A167-3F34-A91C-DB38B7F00ADD}.Debug|Win32.ActiveCfg = Debug|Win32
		{CE541D66-A167-3F34-A91C-DB38B7F00ADD}.Debug|Win32.Build.0 = Debug|Win32
		{CE541D66-A167-3F34-A91C-DB38B7F00ADD}.Release|Win32.ActiveCfg = Release|Win32
		{CE541D66-A167-3F34-A91C-DB38B7F00ADD}.Release|Win32.Build.0 = Release|Win32
		{1C2769AD-6EF4-3A84-A668-904181B58035}.Debug|Win32.ActiveCfg = Debug|Win32
		{1C2769AD-6EF4-3A84-A668-904181B58035}.Debug|Win32.Build.0 = Debug|Win32
		{1C2769AD-6EF4-3A84-A668-904181B58035}.Release|Win32.ActiveCfg = Release|Win32
		{1C2769AD-6EF4-3A84-A668-904181B58035}.Release|Win32.Build.0 = Release|Win32
		{966BB514-4F16-3A4A-9CBC-5839A9058EB0}.Debug|Win32.ActiveCfg = Debug|Win32
		{966BB514-4F16-3A4A-9CBC-5839A9058EB0}.Debug|Win32.Build.0 = Debug|Win32
		{966BB514-4F16-3A4A-9CBC-5839A9058EB0}.Release|Win32.ActiveCfg = Release|Win32
		{966BB514-4F16-3A4A-9CBC-5839A9058EB0}.Release|Win32.Build.0 = Release|Win32
		{9F42FA9A-1122-312D-8597-65AEE9E6552B}.Debug|Win32.ActiveCfg = Debug|Win32
		{9F42FA9A-1122-312D-8597-65AEE9E6552B}.Debug|Win32.Build.0 = Debug|Win32
		{9F42FA9A-1122-312D-8597-65AEE9E6552B}.Release|Win32.ActiveCfg = Release|Win32
		{9F42FA9A-1122-312D-8597-65AEE9E6552B}.Release|Win32.Build.0 = Release|Win32
		{47B95D65-0354-3704-9202-EFEB2A90E3F2}.Debug|Win32.ActiveCfg = Debug|Win32
		{47B95D65-0354-3704-9202-EFEB2A90E3F2}.Debug|Win32.Build.0 = Debug|Win32
		{47B95D65-0354-3704-9202-EFEB2A90E3F2}.Release|Win32.ActiveCfg = Release|Win32
		{47B95D65-0354-3704-9202-EFEB2A90E3F2}.Release|Win32.Build.0 = Release|Win32
		{389B8778-BD98-3481-8C7E-F920475B6A51}.Debug|Win32.ActiveCfg = Debug|Win32
		{389B8778-BD98-3481-8C7E-F920475B6A51}.Debug|Win32.Build.0 = Debug|Win32
		{389B8778-BD98-3481-8C7E-F920475B6A51}.Release|Win32.ActiveCfg = Release|Win32
		{389B8778-BD98-3481-8C7E-F920475B6A51}.Release|Win32.Build.0 = Release|Win32
		{C14EEFCA-EA57-38D3-83CC-E64FC8B58C32}.Debug|Win32.ActiveCfg = Debug|Win32
		{C14EEFCA-EA57-38D3-83CC-E64FC8B58C32}.Debug|Win32.Build.0 = Debug|Win32
		{C14EEFCA-EA57-38D3-83CC-E64FC8B58C32}.Release|Win32.ActiveCfg = Release|Win32
		{C14EEFCA-EA57-38D3-83CC-E64FC8B58C32}.Release|Win32.Build.0 = Release|Win32
		{B819CAEE-8F4D-3992-B99B-E8813E761069}.Debug|Win32.ActiveCfg = Debug|Win32
		{B819CAEE-8F4D-3992-B99B-E8813E761069}.Debug|Win32.Build.0 = Debug|Win32
		{B819CAEE-8F4D-3992-B99B-E8813E761069}.Release|Win32.ActiveCfg = Release|Win32
		{B819CAEE-8F4D-3992-B99B-E8813E761069}.Release|Win32.Build.0 = Release|Win32
		{D791105E-29C6-3CF6-A7B5-253E0E3C6C1A}.Debug|Win32.ActiveCfg = Debug|Win32
		{D791105E-29C6-3CF6-A7B5-253E0E3C6C1A}.Debug|Win32.Build.0 = Debug|Win32
		{D791105E-29C6-3CF6-A7B5-253E0E3C6C1A}.Release|Win32.ActiveCfg = Release|Win32
		{D791105E-29C6-3CF6-A7B5-253E0E3C6C1A}.Release|Win32.Build.0 = Release|Win32
		{46BC4A27-DA30-30EF-9D80-5D4FFD5B8CF5}.Debug|Win32.ActiveCfg = Debug|Win32
		{46BC4A27-DA30-30EF-9D80-5D4FFD5B8CF5}.Debug|Win32.Build.0 = Debug|Win32
		{46BC4A27-DA30-30EF-9D80-5D4FFD5B8CF5}.Release|Win32.ActiveCfg = Release|Win32
		{46BC4A27-DA30-30EF-9D80-5D4FFD5B8CF5}.Release|Win32.Build.0 = Release|Win32
		{6DFA13B3-F9AB-368A-896A-6EA4FACC6B6C}.Debug|Win32.ActiveCfg = Debug|Win32
		{6DFA13B3-F9AB-368A-896A-6EA4FACC6B6C}.Debug|Win32.Build.0 = Debug|Win32
		{6DFA13B3-F9AB-368A-896A-6EA4FACC6B6C}.Release|Win32.ActiveCfg = Release|Win32
		{6DFA13B3-F9AB-368A-896A-6EA4FACC6B6C}.Release|Win32.Build.0 = Release|Win32
		{53A66D3F-D04B-309B-AC05-93ED3DD77A11}.Debug|Win32.ActiveCfg = Debug|Win32
		{53A66D3F-D04B-309B-AC05-93ED3DD77A11}.Debug|Win32.Build.0 = Debug|Win32
		{53A66D3F-D04B-309B-AC05-93ED3DD77A11}.Release|Win32.ActiveCfg = Release|Win32
		{53A66D3F-D04B-309B-AC05-93ED3DD77A11}.Release|Win32.Build.0 = Release|Win32
		{2B99E40C-103E-37AF-ACE4-3E8CB66BBAD9}.Debug|Win32.ActiveCfg = Debug|Win32
		{2B99E40C-103E-37AF-ACE4-3E8CB66BBAD9}.Debug|Win32.Build.0 = Debug|Win32
		{2B99E40C-103E-37AF-ACE4-3E8CB66BBAD9}.Release|Win32.ActiveCfg = Release|Win32
		{2B99E40C-103E-37AF-ACE4-3E8CB66BBAD9}.Release|Win32.Build.0 = Release|Win32
		{520D3BCC-5441-351F-B75A-66BB8BBDE666}.Debug|Win32.ActiveCfg = Debug|Win32
		{520D3BCC-5441-351F-B75A-66BB8BBDE666}.Debug|Win32.Build.0 = Debug|Win32
		{520D3BCC-5441-351F-B75A-66BB8BBDE666}.Release|Win32.ActiveCfg = Release|Win32
		{520D3BCC-5441-351F-B75A-66BB8BBDE666}.Release|Win32.Build.0 = Release|Win32
		{EFB8F976-C93E-3649-9362-07A7223D7308}.Debug|Win32.ActiveCfg = Debug|Win32
		{EFB8F976-C93E-3649-9362-07A7223D7308}.Debug|Win32.Build.0 = Debug|Win32
		{EFB8F976-C93E-3649-9362-07A7223D7308}.Release|Win32.ActiveCfg = Release|Win32
		{EFB8F976-C93E-3649-9362-07A7223D7308}.Release|Win32.Build.0 = Release|Win32
		{2853F6BA-A1E4-3FEC-9E19-5D2EEBDEF0B4}.Debug|Win32.ActiveCfg = Debug|Win32
		{2853F6BA-A1E4-3FEC-9E19-5D2EEBDEF0B4}.Debug|Win32.Build.0 = Debug|Win32
		{2853F6BA-A1E4-3FEC-9E19-5D2EEBDEF0B4}.Release|Win32.ActiveCfg = Release|Win32
		{2853F6BA-A1E4-3FEC-9E19-5D2EEBDEF0B4}.Release|Win32.Build.0 = Release|Win32
		{E959CBD3-6A64-39BC-B3F6-964F5F0DA95A}.Debug|Win32.ActiveCfg = Debug|Win32
		{E959CBD3-6A64-39BC-B3F6-964F5F0DA95A}.Debug|Win32.Build.0 = Debug|Win32
		{E959CBD3-6A64-39BC-B3F6-964F5F0DA95A}.Release|Win32.ActiveCfg = Release|Win32
		{E959CBD3-6A64-39BC-B3F6-964F5F0DA95A}.Release|Win32.Build.0 = Release|Win32
		{C70613A0-8841-34F8-B303-35141C11379B}.Debug|Win32.ActiveCfg = Debug|Win32
		{C70613A0-8841-34F8-B303-35141C11379B}.Debug|Win32.Build.0 = Debug|Win32
		{C70613A0-8841-34F8-B303-35141C11379B}.Release|Win32.ActiveCfg = Release|Win32
		{C70613A0-8841-34F8-B303-35141C11379B}.Release|Win32.Build.0 = Release|Win32
		{5C5BF795-FAC0-3073-A6CF-C4395F7D63E7}.Debug|Win32.ActiveCfg = Debug|Win32
		{5C5BF795-FAC0-3073-A6CF-C4395F7D63E7}.Debug|Win32.Build.0 = Debug|Win32
		{5C5BF795-FAC0-3073-A6CF-C4395F7D63E7}.Release|Win32.ActiveCfg = Release|Win32
		{5C5BF795-FAC0-3073-A6CF-C4395F7D63E7}.Release|Win32.Build.0 = Release|Win32
		{2D7A5D20-270A-3EFE-AFD7-8E152B8F9540}.Debug|Win32.ActiveCfg = Debug|Win32
		{2D7A5D20-270A-3EFE-AFD7-8E152B8F9540}.Debug|Win32.Build.0 = Debug|Win32
		{2D7A5D20-270A-3EFE-AFD7-8E152B8F9540}.Release|Win32.ActiveCfg = Release|Win32
		{2D7A5D20-270A-3EFE-AFD7-8E152B8F9540}.Release|Win32.Build.0 = Release|Win32
		{06E65764-7D43-3E64-B2EF-F468CD28A467}.Debug|Win32.ActiveCfg = Debug|Win32
		{06E65764-7D43-3E64-B2EF-F468CD28A467}.Debug|Win32.Build.0 = Debug|Win32
		{06E65764-7D43-3E64-B2EF-F468CD28A467}.Release|Win32.ActiveCfg = Release|Win32
		{06E65764-7D43-3E64-B2EF-F468CD28A467}.Release|Win32.Build.0 = Release|Win32
		{20028FB1-3D5B-317E-988B-9274109A2AF2}.Debug|Win32.ActiveCfg = Debug|Win32
		{20028FB1-3D5B-317E-988B-9274109A2AF2}.Debug|Win32.Build.0 = Debug|Win32
		{20028FB1-3D5B-317E-988B-9274109A2AF2}.Release|Win32.ActiveCfg = Release|Win32
		{20028FB1-3D5B-317E-988B-9274109A2AF2}.Release|Win32.Build.0 = Release|Win32
		{87FCAE4E-9438-3194-8054-D2106E1408C7}.Debug|Win32.ActiveCfg = Debug|Win32
		{87FCAE4E-9438-3194-8054-D2106E1408C7}.Debug|Win32.Build.0 = Debug|Win32
		{87FCAE4E-9438-3194-8054-D2106E1408C7}.Release|Win32.ActiveCfg = Release|Win32
		{87FCAE4E-9438-3194-8054-D2106E1408C7}.Release|Win32.Build.0 = Release|Win32
		{3ED1C0D2-266C-377A-8FC2-CE7E1561A00F}.Debug|Win32.ActiveCfg = Debug|Win32
		{3ED1C0D2-266C-377A-8FC2-CE7E1561A00F}.Debug|Win32.Build.0 = Debug|Win32
		{3ED1C0D2-266C-377A-8FC2-CE7E1561A00F}.Release|Win32.ActiveCfg = Release|Win32
		{3ED1C0D2-266C-377A-8FC2-CE7E1561A00F}.Release|Win32.Build.0 = Release|Win32
		{7A894DD1-4B7A-3F31-8336-C3CE1FE9C989}.Debug|Win32.ActiveCfg = Debug|Win32
		{7A894DD1-4B7A-3F31-8336-C3CE1FE9C989}.Debug|Win32.Build.0 = Debug|Win32
		{7A894DD1-4B7A-3F31-8336-C3CE1FE9C989}.Release|Win32.ActiveCfg = Release|Win32
		{7A894DD1-4B7A-3F31-8336-C3CE1FE9C989}.Release|Win32.Build.0 = Release|Win32
		{54061AFD-15B5-3ECB-80F5-906898A784B3}.Debug|Win32.ActiveCfg = Debug|Win32
		{54061AFD-15B5-3ECB-80F5-906898A784B3}.Debug|Win32.Build.0 = Debug|Win32
		{54061AFD-15B5-3ECB-80F5-906898A784B3}.Release|Win32.ActiveCfg = Release|Win32
		{54061AFD-15B5-3ECB-80F5-906898A784B3}.Release|Win32.Build.0 = Release|Win32
		{D310B09D-E1B2-3FE9-B4A9-773F41CAB3B5}.Debug|Win32.ActiveCfg = Debug|Win32
		{D310B09D-E1B2-3FE9-B4A9-773F41CAB3B5}.Debug|Win32.Build.0 = Debug|Win32
		{D310B09D-E1B2-3FE9-B4A9-773F41CAB3B5}.Release|Win32.ActiveCfg = Release|Win32
		{D310B09D-E1B2-3FE9-B4A9-773F41CAB3B5}.Release|Win32.Build.0 = Release|Win32
		{FBD33A38-8E33-3087-B71C-84C5BA9C1FC2}.Debug|Win32.ActiveCfg = Debug|Win32
		{FBD33A38-8E33-3087-B71C-84C5BA9C1FC2}.Debug|Win32.Build.0 = Debug|Win32
		{FBD33A38-8E33-3087-B71C-84C5BA9C1FC2}.Release|Win32.ActiveCfg = Release|Win32
		{FBD33A38-8E33-3087-B71C-84C5BA9C1FC2}.Release|Win32.Build.0 = Release|Win32
		{1D2369C6-339D-3C89-9B2C-6C3CE091F6C6}.Debug|Win32.ActiveCfg = Debug|Win32
		{1D2369C6-339D-3C89-9B2C-6C3CE091F6C6}.Debug|Win32.Build.0 = Debug|Win32
		{1D2369C6-339D-3C89-9B2C-6C3CE091F6C6}.Release|Win32.ActiveCfg = Release|Win32
		{1D2369C6-339D-3C89-9B2C-6C3CE091F6C6}.Release|Win32.Build.0 = Release|Win32
		{0E248608-9164-32CD-8E19-0AC508FC20D6}.Debug|Win32.ActiveCfg = Debug|Win32
		{0E248608-9164-32CD-8E19-0AC508FC20D6}.Debug|Win32.Build.0 = Debug|Win32
		{0E248608-9164-32CD-8E19-0AC508FC20D6}.Release|Win32.ActiveCfg = Release|Win32
		{0E248608-9164-32CD-8E19-0AC508FC20D6}.Release|Win32.Build.0 = Release|Win32
		{4809736B-B331-3B67-A752-B1E2D0AEC155}.Debug|Win32.ActiveCfg = Debug|Win32
		{4809736B-B331-3B67-A752-B1E2D0AEC155}.Debug|Win32.Build.0 = Debug|Win32
		{4809736B-B331-3B67-A752-B1E2D0AEC155}.Release|Win32.ActiveCfg = Release|Win32
		{4809736B-B331-3B67-A752-B1E2D0AEC155}.Release|Win32.Build.0 = Release|Win32
		{06CFA24A-32C0-3FC5-B272-2FBBB2EE9855}.Debug|Win32.ActiveCfg = Debug|Win32
		{06CFA24A-32C0-3FC5-B272-2FBBB2EE9855}.Debug|Win32.Build.0 = Debug|Win32
		{06CFA24A-32C0-3FC5-B272-2FBBB2EE9855}.Release|Win32.ActiveCfg = Release|Win32
		{06CFA24A-32C0-3FC5-B272-2FBBB2EE9855}.Release|Win32.Build.0 = Release|Win32
		{4D1C317A-562B-3E98-9461-2DD11DA7F5FB}.Debug|Win32.ActiveCfg = Debug|Win32
		{4D1C317A-562B-3E98-9461-2DD11DA7F5FB}.Debug|Win32.Build.0 = Debug|Win32
		{4D1C317A-562B-3E98-9461-2DD11DA7F5FB}.Release|Win32.ActiveCfg = Release|Win32
		{4D1C317A-562B-3E98-9461-2DD11DA7F5FB}.Release|Win32.Build.0 = Release|Win32
		{2A517E25-1930-3922-91F9-AE4409567151}.Debug|Win32.ActiveCfg = Debug|Win32
		{2A517E25-1930-3922-91F9-AE4409567151}.Debug|Win32.Build.0 = Debug|Win32
		{2A517E25-1930-3922-91F9-AE4409567151}.Release|Win32.ActiveCfg = Release|Win32
		{2A517E25-1930-3922-91F9-AE4409567151}.Release|Win32.Build.0 = Release|Win32
		{F1AB2EF3-0AC6-3F68-80FD-F242ED3B953F}.Debug|Win32.ActiveCfg = Debug|Win32
		{F1AB2EF3-0AC6-3F68-80FD-F242ED3B953F}.Debug|Win32.Build.0 = Debug|Win32
		{F1AB2EF3-0AC6-3F68-80FD-F242ED3B953F}.Release|Win32.ActiveCfg = Release|Win32
		{F1AB2EF3-0AC6-3F68-80FD-F242ED3B953F}.Release|Win32.Build.0 = Release|Win32
		{7DACF4BD-9246-3275-B346-A64BDD8E490E}.Debug|Win32.ActiveCfg = Debug|Win32
		{7DACF4BD-9246-3275-B346-A64BDD8E490E}.Debug|Win32.Build.0 = Debug|Win32
		{7DACF4BD-9246-3275-B346-A64BDD8E490E}.Release|Win32.ActiveCfg = Release|Win32
		{7DACF4BD-9246-3275-B346-A64BDD8E490E}.Release|Win32.Build.0 = Release|Win32
		{1B0AD444-4D67-38FD-B6DB-B8D4B7EE377B}.Debug|Win32.ActiveCfg = Debug|Win32
		{1B0AD444-4D67-38FD-B6DB-B8D4B7EE377B}.Debug|Win32.Build.0 = Debug|Win32
		{1B0AD444-4D67-38FD-B6DB-B8D4B7EE377B}.Release|Win32.ActiveCfg = Release|Win32
		{1B0AD444-4D67-38FD-B6DB-B8D4B7EE377B}.Release|Win32.Build.0 = Release|Win32
		{28DFA32E-BB59-3045-95A3-FC429F88C1AE}.Debug|Win32.ActiveCfg = Debug|Win32
		{28DFA32E-BB59-3045-95A3-FC429F88C1AE}.Debug|Win32.Build.0 = Debug|Win32
		{28DFA32E-BB59-3045-95A3-FC429F88C1AE}.Release|Win32.ActiveCfg = Release|Win32
		{28DFA32E-BB59-3045-95A3-FC429F88C1AE}.Release|Win32.Build.0 = Release|Win32
		{BB552ED6-3A36-3440-A7C0-F90D69BBD4FD}.Debug|Win32.ActiveCfg = Debug|Win32
		{BB552ED6-3A36-3440-A7C0-F90D69BBD4FD}.Debug|Win32.Build.0 = Debug|Win32
		{BB552ED6-3A36-3440-A7C0-F90D69BBD4FD}.Release|Win32.ActiveCfg = Release|Win32
		{BB552ED6-3A36-3440-A7C0-F90D69BBD4FD}.Release|Win32.Build.0 = Release|Win32
		{837B95D6-0385-3E38-A5FE-AC06BCDF4FA7}.Debug|Win32.ActiveCfg = Debug|Win32
		{837B95D6-0385-3E38-A5FE-AC06BCDF4FA7}.Debug|Win32.Build.0 = Debug|Win32
		{837B95D6-0385-3E38-A5FE-AC06BCDF4FA7}.Release|Win32.ActiveCfg = Release|Win32
		{837B95D6-0385-3E38-A5FE-AC06BCDF4FA7}.Release|Win32.Build.0 = Release|Win32
		{B7B0C34D-F56A-31C3-8B75-01EBF5DABCEF}.Debug|Win32.ActiveCfg = Debug|Win32
		{B7B0C34D-F56A-31C3-8B75-01EBF5DABCEF}.Debug|Win32.Build.0 = Debug|Win32
		{B7B0C34D-F56A-31C3-8B75-01EBF5DABCEF}.Release|Win32.ActiveCfg = Release|Win32
		{B7B0C34D-F56A-31C3-8B75-01EBF5DABCEF}.Release|Win32.Build.0 = Release|Win32
		{487B8308-626E-3DB5-8C91-10B60B33D0E6}.Debug|Win32.ActiveCfg = Debug|Win32
		{487B8308-626E-3DB5-8C91-10B60B33D0E6}.Debug|Win32.Build.0 = Debug|Win32
		{487B8308-626E-3DB5-8C91-10B60B33D0E6}.Release|Win32.ActiveCfg = Release|Win32
		{487B8308-626E-3DB5-8C91-10B60B33D0E6}.Release|Win32.Build.0 = Release|Win32
		{CB49993C-6E24-3C81-8316-284BDF1FB0B1}.Debug|Win32.ActiveCfg = Debug|Win32
		{CB49993C-6E24-3C81-8316-284BDF1FB0B1}.Debug|Win32.Build.0 = Debug|Win32
		{CB49993C-6E24-3C81-8316-284BDF1FB0B1}.Release|Win32.ActiveCfg = Release|Win32
		{CB49993C-6E24-3C81-8316-284BDF1FB0B1}.Release|Win32.Build.0 = Release|Win32
		{68655D16-6E75-3B5B-AF25-6674427F83AF}.Debug|Win32.ActiveCfg = Debug|Win32
		{68655D16-6E75-3B5B-AF25-6674427F83AF}.Debug|Win32.Build.0 = Debug|Win32
		{68655D16-6E75-3B5B-AF25-6674427F83AF}.Release|Win32.ActiveCfg = Release|Win32
		{68655D16-6E75-3B5B-AF25-6674427F83AF}.Release|Win32.Build.0 = Release|Win32
	EndGlobalSection
	GlobalSection(ExtensibilityGlobals) = postSolution
	EndGlobalSection
	GlobalSection(ExtensibilityAddIns) = postSolution
	EndGlobalSection
EndGlobal